Microsoft Visual Studio Solution File, Format Version 10.00
# Visual Studio 2008
Project("{8BC9CEB8-8B4A-11D0-8D11-00A0C91BC942}") = "scriptmodule-lua", "E:/soui.taobao/components/ScriptModule-LUA/ScriptModule\scriptmodule-lua.vcproj", "{5E8BCBC7-B946-3938-8AE6-8EE661E4E2B6}"
EndProject
Global
	GlobalSection(SolutionConfigurationPlatforms) = preSolution
		Debug|Win32 = Debug|Win32
		Release|Win32 = Release|Win32
	EndGlobalSection
	GlobalSection(ProjectConfigurationPlatforms) = postSolution
		{5E8BCBC7-B946-3938-8AE6-8EE661E4E2B6}.Debug|Win32.ActiveCfg = Debug|Win32
		{5E8BCBC7-B946-3938-8AE6-8EE661E4E2B6}.Debug|Win32.Build.0 = Debug|Win32
		{5E8BCBC7-B946-3938-8AE6-8EE661E4E2B6}.Release|Win32.ActiveCfg = Release|Win32
		{5E8BCBC7-B946-3938-8AE6-8EE661E4E2B6}.Release|Win32.Build.0 = Release|Win32
	EndGlobalSection
	GlobalSection(ExtensibilityGlobals) = postSolution
	EndGlobalSection
	GlobalSection(ExtensibilityAddIns) = postSolution
	EndGlobalSection
EndGlobal