
Microsoft Visual Studio Solution File, Format Version 10.00
# Visual Studio 2008
Project("{8BC9CEB8-8B4A-11D0-8D11-00A0C91BC942}") = "animate_demo", "ani_demo\ani_demo.vcproj", "{F41B4A33-1948-42D0-BFCF-C58EEE0371CE}"
EndProject
Project("{8BC9CEB8-8B4A-11D0-8D11-00A0C91BC942}") = "iectrl", "iectrl\iectrl.vcproj", "{356AEB51-0DDF-426F-BCF2-380801DC4FB7}"
EndProject
Project("{8BC9CEB8-8B4A-11D0-8D11-00A0C91BC942}") = "mfc.demo", "mfc.demo\mfc.demo.vcproj", "{4DDEC167-A92B-469B-8BFB-02D8B39EB187}"
EndProject
Global
	GlobalSection(SolutionConfigurationPlatforms) = preSolution
		Debug|Win32 = Debug|Win32
		Release|Win32 = Release|Win32
	EndGlobalSection
	GlobalSection(ProjectConfigurationPlatforms) = postSolution
		{F41B4A33-1948-42D0-BFCF-C58EEE0371CE}.Debug|Win32.ActiveCfg = Debug|Win32
		{F41B4A33-1948-42D0-BFCF-C58EEE0371CE}.Debug|Win32.Build.0 = Debug|Win32
		{F41B4A33-1948-42D0-BFCF-C58EEE0371CE}.Release|Win32.ActiveCfg = Release|Win32
		{F41B4A33-1948-42D0-BFCF-C58EEE0371CE}.Release|Win32.Build.0 = Release|Win32
		{356AEB51-0DDF-426F-BCF2-380801DC4FB7}.Debug|Win32.ActiveCfg = Debug|Win32
		{356AEB51-0DDF-426F-BCF2-380801DC4FB7}.Debug|Win32.Build.0 = Debug|Win32
		{356AEB51-0DDF-426F-BCF2-380801DC4FB7}.Release|Win32.ActiveCfg = Release|Win32
		{356AEB51-0DDF-426F-BCF2-380801DC4FB7}.Release|Win32.Build.0 = Release|Win32
		{4DDEC167-A92B-469B-8BFB-02D8B39EB187}.Debug|Win32.ActiveCfg = Debug|Win32
		{4DDEC167-A92B-469B-8BFB-02D8B39EB187}.Debug|Win32.Build.0 = Debug|Win32
		{4DDEC167-A92B-469B-8BFB-02D8B39EB187}.Release|Win32.ActiveCfg = Release|Win32
		{4DDEC167-A92B-469B-8BFB-02D8B39EB187}.Release|Win32.Build.0 = Release|Win32
	EndGlobalSection
	GlobalSection(SolutionProperties) = preSolution
		HideSolutionNode = FALSE
	EndGlobalSection
EndGlobal
