
Microsoft Visual Studio Solution File, Format Version 10.00
# Visual Studio 2008
Project("{8BC9CEB8-8B4A-11D0-8D11-00A0C91BC942}") = "render-test", "render_test\render_test.vcproj", "{1193CFC7-71BB-4A93-BEB9-EDCA07C4C2ED}"
EndProject
Project("{8BC9CEB8-8B4A-11D0-8D11-00A0C91BC942}") = "SkCore", "myskia\vs2008\SkCore\SkCore.vcproj", "{CA37CBA7-D91D-49D4-9DCB-9F2118709260}"
EndProject
Project("{8BC9CEB8-8B4A-11D0-8D11-00A0C91BC942}") = "render-skia", "render-skia\render-skia.vcproj", "{6C5D6C99-15E9-4EA4-94FC-639B680B685D}"
EndProject
Project("{8BC9CEB8-8B4A-11D0-8D11-00A0C91BC942}") = "utilities", "utilities\utilities.vcproj", "{2BCA7FCF-E9EF-46C8-841F-AADB8EED5B81}"
EndProject
Global
	GlobalSection(SolutionConfigurationPlatforms) = preSolution
		Debug|Win32 = Debug|Win32
		Release|Win32 = Release|Win32
	EndGlobalSection
	GlobalSection(ProjectConfigurationPlatforms) = postSolution
		{1193CFC7-71BB-4A93-BEB9-EDCA07C4C2ED}.Debug|Win32.ActiveCfg = Debug|Win32
		{1193CFC7-71BB-4A93-BEB9-EDCA07C4C2ED}.Debug|Win32.Build.0 = Debug|Win32
		{1193CFC7-71BB-4A93-BEB9-EDCA07C4C2ED}.Release|Win32.ActiveCfg = Release|Win32
		{1193CFC7-71BB-4A93-BEB9-EDCA07C4C2ED}.Release|Win32.Build.0 = Release|Win32
		{CA37CBA7-D91D-49D4-9DCB-9F2118709260}.Debug|Win32.ActiveCfg = Debug|Win32
		{CA37CBA7-D91D-49D4-9DCB-9F2118709260}.Debug|Win32.Build.0 = Debug|Win32
		{CA37CBA7-D91D-49D4-9DCB-9F2118709260}.Release|Win32.ActiveCfg = Release|Win32
		{CA37CBA7-D91D-49D4-9DCB-9F2118709260}.Release|Win32.Build.0 = Release|Win32
		{6C5D6C99-15E9-4EA4-94FC-639B680B685D}.Debug|Win32.ActiveCfg = Debug|Win32
		{6C5D6C99-15E9-4EA4-94FC-639B680B685D}.Debug|Win32.Build.0 = Debug|Win32
		{6C5D6C99-15E9-4EA4-94FC-639B680B685D}.Release|Win32.ActiveCfg = Release|Win32
		{6C5D6C99-15E9-4EA4-94FC-639B680B685D}.Release|Win32.Build.0 = Release|Win32
		{2BCA7FCF-E9EF-46C8-841F-AADB8EED5B81}.Debug|Win32.ActiveCfg = Debug|Win32
		{2BCA7FCF-E9EF-46C8-841F-AADB8EED5B81}.Debug|Win32.Build.0 = Debug|Win32
		{2BCA7FCF-E9EF-46C8-841F-AADB8EED5B81}.Release|Win32.ActiveCfg = Release|Win32
		{2BCA7FCF-E9EF-46C8-841F-AADB8EED5B81}.Release|Win32.Build.0 = Release|Win32
	EndGlobalSection
	GlobalSection(SolutionProperties) = preSolution
		HideSolutionNode = FALSE
	EndGlobalSection
EndGlobal
