Microsoft Visual Studio Solution File, Format Version 10.00
# Visual Studio 2008
Project("{8BC9CEB8-8B4A-11D0-8D11-00A0C91BC942}") = "png", "third-part\png\png.vcproj", "{70DF9119-E171-3EAC-90BD-D844577CBF15}"
EndProject
Project("{8BC9CEB8-8B4A-11D0-8D11-00A0C91BC942}") = "skia", "third-part\skia\skia.vcproj", "{6E1C62F2-F997-3CB1-97ED-7AEF37338B5A}"
EndProject
Project("{8BC9CEB8-8B4A-11D0-8D11-00A0C91BC942}") = "zlib", "third-part\zlib\zlib.vcproj", "{BDAC8E30-A77B-3619-936A-46F2259E570F}"
EndProject
Project("{8BC9CEB8-8B4A-11D0-8D11-00A0C91BC942}") = "lua-52", "third-part\lua-52\lua-52.vcproj", "{8452B8A0-3BCA-3B11-AC7D-AD5B331D001B}"
EndProject
Project("{8BC9CEB8-8B4A-11D0-8D11-00A0C91BC942}") = "smiley", "third-part\smiley\smiley.vcproj", "{AF6A7E56-E412-302E-ADA7-066FE61C80CD}"
EndProject
Project("{8BC9CEB8-8B4A-11D0-8D11-00A0C91BC942}") = "mhook", "third-part\mhook\mhook.vcproj", "{6F5C9F98-E527-307D-ABB7-BB1FBF9AF635}"
EndProject
Project("{8BC9CEB8-8B4A-11D0-8D11-00A0C91BC942}") = "utilities", "utilities\utilities.vcproj", "{172B1193-F1E3-39E8-B528-5836268B9267}"
EndProject
Project("{8BC9CEB8-8B4A-11D0-8D11-00A0C91BC942}") = "soui", "SOUI\soui.vcproj", "{34B93B0C-4469-3DFF-935F-234DAE93435C}"
	ProjectSection(ProjectDependencies) = postProject
		{172B1193-F1E3-39E8-B528-5836268B9267} = {172B1193-F1E3-39E8-B528-5836268B9267}
	EndProjectSection
EndProject
Project("{8BC9CEB8-8B4A-11D0-8D11-00A0C91BC942}") = "imgdecoder-wic", "components\imgdecoder-wic\imgdecoder-wic.vcproj", "{12E775B6-06C2-3D22-8CAC-51D9243039EF}"
EndProject
Project("{8BC9CEB8-8B4A-11D0-8D11-00A0C91BC942}") = "render-gdi", "components\render-gdi\render-gdi.vcproj", "{12BDB8EE-E05F-3BBD-A465-6DEE6BDB716D}"
EndProject
Project("{8BC9CEB8-8B4A-11D0-8D11-00A0C91BC942}") = "render-skia", "components\render-skia\render-skia.vcproj", "{5E87A80D-CEEE-35A8-BC0C-0E4D448DCBC4}"
	ProjectSection(ProjectDependencies) = postProject
		{6E1C62F2-F997-3CB1-97ED-7AEF37338B5A} = {6E1C62F2-F997-3CB1-97ED-7AEF37338B5A}
	EndProjectSection
EndProject
Project("{8BC9CEB8-8B4A-11D0-8D11-00A0C91BC942}") = "translator", "components\translator\translator.vcproj", "{E45B58B6-415A-38F1-B908-532ABCA2FEB4}"
	ProjectSection(ProjectDependencies) = postProject
		{172B1193-F1E3-39E8-B528-5836268B9267} = {172B1193-F1E3-39E8-B528-5836268B9267}
	EndProjectSection
EndProject
Project("{8BC9CEB8-8B4A-11D0-8D11-00A0C91BC942}") = "resprovider-zip", "components\resprovider-zip\resprovider-zip.vcproj", "{AC028A78-0630-38F2-8FBB-67F5BF800E85}"
	ProjectSection(ProjectDependencies) = postProject
		{172B1193-F1E3-39E8-B528-5836268B9267} = {172B1193-F1E3-39E8-B528-5836268B9267}
		{172B1193-F1E3-39E8-B528-5836268B9267} = {172B1193-F1E3-39E8-B528-5836268B9267}
	EndProjectSection
EndProject
Project("{8BC9CEB8-8B4A-11D0-8D11-00A0C91BC942}") = "imgdecoder-stb", "components\imgdecoder-stb\imgdecoder-stb.vcproj", "{E988C07E-CA6B-3AF8-AFBB-FF95BCA6B888}"
EndProject
Project("{8BC9CEB8-8B4A-11D0-8D11-00A0C91BC942}") = "imgdecoder-png", "components\imgdecoder-png\imgdecoder-png.vcproj", "{4ED7AC62-6F8F-3FF8-8AD9-94BAF62C9BB8}"
	ProjectSection(ProjectDependencies) = postProject
		{70DF9119-E171-3EAC-90BD-D844577CBF15} = {70DF9119-E171-3EAC-90BD-D844577CBF15}
		{BDAC8E30-A77B-3619-936A-46F2259E570F} = {BDAC8E30-A77B-3619-936A-46F2259E570F}
	EndProjectSection
EndProject
Project("{8BC9CEB8-8B4A-11D0-8D11-00A0C91BC942}") = "imgdecoder-gdip", "components\imgdecoder-gdip\imgdecoder-gdip.vcproj", "{96CADEA7-EF08-3F2D-B308-7EB72534DDA4}"
EndProject
Project("{8BC9CEB8-8B4A-11D0-8D11-00A0C91BC942}") = "scriptmodule-lua", "components\ScriptModule-LUA\scriptmodule-lua.vcproj", "{B1EDB2C3-C0B3-3578-B29E-9EAD9E988B11}"
	ProjectSection(ProjectDependencies) = postProject
		{34B93B0C-4469-3DFF-935F-234DAE93435C} = {34B93B0C-4469-3DFF-935F-234DAE93435C}
		{8452B8A0-3BCA-3B11-AC7D-AD5B331D001B} = {8452B8A0-3BCA-3B11-AC7D-AD5B331D001B}
	EndProjectSection
EndProject
Project("{8BC9CEB8-8B4A-11D0-8D11-00A0C91BC942}") = "log4z", "components\log4z\log4z.vcproj", "{935946E0-83BF-3868-834A-804FAB8FF686}"
EndProject
Project("{8BC9CEB8-8B4A-11D0-8D11-00A0C91BC942}") = "demo", "demos\demo\demo.vcproj", "{50DB50E8-B8E7-380B-9E32-D034EFD29D80}"
	ProjectSection(ProjectDependencies) = postProject
		{34B93B0C-4469-3DFF-935F-234DAE93435C} = {34B93B0C-4469-3DFF-935F-234DAE93435C}
		{AF6A7E56-E412-302E-ADA7-066FE61C80CD} = {AF6A7E56-E412-302E-ADA7-066FE61C80CD}
		{6F5C9F98-E527-307D-ABB7-BB1FBF9AF635} = {6F5C9F98-E527-307D-ABB7-BB1FBF9AF635}
		{6E1C62F2-F997-3CB1-97ED-7AEF37338B5A} = {6E1C62F2-F997-3CB1-97ED-7AEF37338B5A}
	EndProjectSection
EndProject
Project("{8BC9CEB8-8B4A-11D0-8D11-00A0C91BC942}") = "qqlogin", "demos\QQLogin\qqlogin.vcproj", "{F2C6312F-FBC2-326E-9735-46544B83E962}"
	ProjectSection(ProjectDependencies) = postProject
		{34B93B0C-4469-3DFF-935F-234DAE93435C} = {34B93B0C-4469-3DFF-935F-234DAE93435C}
		{6E1C62F2-F997-3CB1-97ED-7AEF37338B5A} = {6E1C62F2-F997-3CB1-97ED-7AEF37338B5A}
	EndProjectSection
EndProject
Project("{8BC9CEB8-8B4A-11D0-8D11-00A0C91BC942}") = "360", "demos\360\360.vcproj", "{94FFAF18-C84E-3766-B718-E36B79E4DE14}"
	ProjectSection(ProjectDependencies) = postProject
		{34B93B0C-4469-3DFF-935F-234DAE93435C} = {34B93B0C-4469-3DFF-935F-234DAE93435C}
		{6E1C62F2-F997-3CB1-97ED-7AEF37338B5A} = {6E1C62F2-F997-3CB1-97ED-7AEF37338B5A}
	EndProjectSection
EndProject
Project("{8BC9CEB8-8B4A-11D0-8D11-00A0C91BC942}") = "360Preview", "demos\360Preview\360Preview.vcproj", "{7A35C5A8-A788-3A83-9A9D-ADFF6CB193E6}"
	ProjectSection(ProjectDependencies) = postProject
		{34B93B0C-4469-3DFF-935F-234DAE93435C} = {34B93B0C-4469-3DFF-935F-234DAE93435C}
		{6E1C62F2-F997-3CB1-97ED-7AEF37338B5A} = {6E1C62F2-F997-3CB1-97ED-7AEF37338B5A}
	EndProjectSection
EndProject
Project("{8BC9CEB8-8B4A-11D0-8D11-00A0C91BC942}") = "souispy", "demos\souispy\souispy.vcproj", "{70BC83F6-CB88-38AA-9172-16D82E27FF08}"
	ProjectSection(ProjectDependencies) = postProject
		{34B93B0C-4469-3DFF-935F-234DAE93435C} = {34B93B0C-4469-3DFF-935F-234DAE93435C}
	EndProjectSection
EndProject
Project("{8BC9CEB8-8B4A-11D0-8D11-00A0C91BC942}") = "PCManager", "demos\PcManager\PCManager.vcproj", "{0D0254E7-BBB8-3440-9B2C-77B705383214}"
	ProjectSection(ProjectDependencies) = postProject
		{34B93B0C-4469-3DFF-935F-234DAE93435C} = {34B93B0C-4469-3DFF-935F-234DAE93435C}
		{6E1C62F2-F997-3CB1-97ED-7AEF37338B5A} = {6E1C62F2-F997-3CB1-97ED-7AEF37338B5A}
	EndProjectSection
EndProject
Project("{8BC9CEB8-8B4A-11D0-8D11-00A0C91BC942}") = "SoTool", "demos\SoTool\SoTool.vcproj", "{4E57CE22-1502-3BE6-9755-EE7058ED2C80}"
	ProjectSection(ProjectDependencies) = postProject
		{34B93B0C-4469-3DFF-935F-234DAE93435C} = {34B93B0C-4469-3DFF-935F-234DAE93435C}
		{6E1C62F2-F997-3CB1-97ED-7AEF37338B5A} = {6E1C62F2-F997-3CB1-97ED-7AEF37338B5A}
	EndProjectSection
EndProject
Project("{8BC9CEB8-8B4A-11D0-8D11-00A0C91BC942}") = "mclistview_demo", "demos\mclistview_demo\mclistview_demo.vcproj", "{D41B4C15-6308-316C-BB9A-082BCD051B0C}"
	ProjectSection(ProjectDependencies) = postProject
		{34B93B0C-4469-3DFF-935F-234DAE93435C} = {34B93B0C-4469-3DFF-935F-234DAE93435C}
		{6E1C62F2-F997-3CB1-97ED-7AEF37338B5A} = {6E1C62F2-F997-3CB1-97ED-7AEF37338B5A}
	EndProjectSection
EndProject
Project("{2150E333-8FDC-42A3-9474-1A3956D46DE8}") = "demos", "demos", "{BF356269-06FC-400F-A653-FA6F9404A5DE}"
EndProject
Project("{2150E333-8FDC-42A3-9474-1A3956D46DE8}") = "components", "components", "{7E3A1493-014C-436A-8A0B-FD579ADA6531}"
EndProject
Project("{2150E333-8FDC-42A3-9474-1A3956D46DE8}") = "third-part", "third-part", "{DAD1DC0E-CD4D-4D50-944F-3345541043CC}"
EndProject
Project("{2150E333-8FDC-42A3-9474-1A3956D46DE8}") = "imgdecoder", "imgdecoder", "{E22EC8FD-71BB-4904-B623-F9C9A7E805BD}"
EndProject
Project("{2150E333-8FDC-42A3-9474-1A3956D46DE8}") = "render", "render", "{F1E33A5E-A347-40F8-A34A-5EB534D84C77}"
EndProject
Project("{8BC9CEB8-8B4A-11D0-8D11-00A0C91BC942}") = "UiEditor", "demos\UiEditor\UiEditor.vcproj", "{5D6B5086-1795-331A-8678-8030180C03B9}"
EndProject
Project("{8BC9CEB8-8B4A-11D0-8D11-00A0C91BC942}") = "gtest", "third-part\gtest\gtest.vcproj", "{010E8BC5-2148-3C0D-B311-539AA64A338D}"
EndProject
Project("{8BC9CEB8-8B4A-11D0-8D11-00A0C91BC942}") = "souitest", "demos\souitest\souitest.vcproj", "{D66FAA3B-3410-3480-BA7E-54BD1FD967AD}"
EndProject
Project("{8BC9CEB8-8B4A-11D0-8D11-00A0C91BC942}") = "7z", "third-part\7z\7z.vcproj", "{32275B3A-4AE9-3106-9693-CB54B5F57979}"
EndProject
Project("{8BC9CEB8-8B4A-11D0-8D11-00A0C91BC942}") = "resprovider-7zip", "components\resprovider-7zip\resprovider-7zip.vcproj", "{BE0E7BC2-BDFB-31E8-B61F-5699DE57C7F8}"
EndProject
Project("{8BC9CEB8-8B4A-11D0-8D11-00A0C91BC942}") = "VUI", "demos\VUI\VUI.vcproj", "{35DFC1B2-C090-32E0-8AB2-EA7BE01803BC}"
	ProjectSection(ProjectDependencies) = postProject
		{34B93B0C-4469-3DFF-935F-234DAE93435C} = {34B93B0C-4469-3DFF-935F-234DAE93435C}
		{2A402B29-6389-322E-9DCF-61CDF3356730} = {2A402B29-6389-322E-9DCF-61CDF3356730}
	EndProjectSection
EndProject
Project("{8BC9CEB8-8B4A-11D0-8D11-00A0C91BC942}") = "BesLyric", "demos\BesLyric\BesLyric.vcproj", "{7D39B015-D77E-3FBF-9985-E403A232207F}"
EndProject
Project("{8BC9CEB8-8B4A-11D0-8D11-00A0C91BC942}") = "QQMain", "demos\QQMain\QQMain.vcproj", "{B4573D6E-D8E6-35B2-9323-15FE207EFB52}"
EndProject
Project("{8BC9CEB8-8B4A-11D0-8D11-00A0C91BC942}") = "FrogPlay", "demos\FrogPlay\FrogPlay.vcproj", "{0153CE51-8668-3232-B926-386C427F7B56}"
EndProject
Project("{8BC9CEB8-8B4A-11D0-8D11-00A0C91BC942}") = "MultiLangs", "demos\MultiLangs\MultiLangs.vcproj", "{08885EB6-57C3-3937-BC8A-9533C9D1C7A0}"
EndProject
Project("{8BC9CEB8-8B4A-11D0-8D11-00A0C91BC942}") = "TXMgr", "demos\TXMgr\TXMgr.vcproj", "{94EADB40-3A1F-33CC-B01E-6320B6594141}"
EndProject
Project("{8BC9CEB8-8B4A-11D0-8D11-00A0C91BC942}") = "SLogViewer", "demos\SLogViewer\SLogViewer.vcproj", "{795564B1-E04C-3353-8C6F-156331311E47}"
	ProjectSection(ProjectDependencies) = postProject
		{34B93B0C-4469-3DFF-935F-234DAE93435C} = {34B93B0C-4469-3DFF-935F-234DAE93435C}
	EndProjectSection
EndProject
Project("{8BC9CEB8-8B4A-11D0-8D11-00A0C91BC942}") = "soui-sys-resource", "soui-sys-resource\soui-sys-resource.vcproj", "{2A402B29-6389-322E-9DCF-61CDF3356730}"
EndProject
Project("{8BC9CEB8-8B4A-11D0-8D11-00A0C91BC942}") = "souieditor", "demos\SouiEditor\souieditor.vcproj", "{8439EECE-582A-3254-94E8-45A0B0F94128}"
	ProjectSection(ProjectDependencies) = postProject
		{34B93B0C-4469-3DFF-935F-234DAE93435C} = {34B93B0C-4469-3DFF-935F-234DAE93435C}
		{8E488E28-CB5B-3132-B76D-EA3B931AF3BE} = {8E488E28-CB5B-3132-B76D-EA3B931AF3BE}
	EndProjectSection
EndProject
Project("{8BC9CEB8-8B4A-11D0-8D11-00A0C91BC942}") = "scintilla", "third-part\Scintilla\scintilla.vcproj", "{8E488E28-CB5B-3132-B76D-EA3B931AF3BE}"
EndProject
Project("{8BC9CEB8-8B4A-11D0-8D11-00A0C91BC942}") = "DropDemo", "demos\DropDemo\DropDemo.vcproj", "{7508F635-BBD8-35FD-B780-1F2F9B4465F2}"
	ProjectSection(ProjectDependencies) = postProject
		{34B93B0C-4469-3DFF-935F-234DAE93435C} = {34B93B0C-4469-3DFF-935F-234DAE93435C}
	EndProjectSection
EndProject
Global
	GlobalSection(SolutionConfigurationPlatforms) = preSolution
		Debug|Win32 = Debug|Win32
		Release|Win32 = Release|Win32
	EndGlobalSection
	GlobalSection(ProjectConfigurationPlatforms) = postSolution
		{70DF9119-E171-3EAC-90BD-D844577CBF15}.Debug|Win32.ActiveCfg = Debug|Win32
		{70DF9119-E171-3EAC-90BD-D844577CBF15}.Debug|Win32.Build.0 = Debug|Win32
		{70DF9119-E171-3EAC-90BD-D844577CBF15}.Release|Win32.ActiveCfg = Release|Win32
		{70DF9119-E171-3EAC-90BD-D844577CBF15}.Release|Win32.Build.0 = Release|Win32
		{6E1C62F2-F997-3CB1-97ED-7AEF37338B5A}.Debug|Win32.ActiveCfg = Debug|Win32
		{6E1C62F2-F997-3CB1-97ED-7AEF37338B5A}.Debug|Win32.Build.0 = Debug|Win32
		{6E1C62F2-F997-3CB1-97ED-7AEF37338B5A}.Release|Win32.ActiveCfg = Release|Win32
		{6E1C62F2-F997-3CB1-97ED-7AEF37338B5A}.Release|Win32.Build.0 = Release|Win32
		{BDAC8E30-A77B-3619-936A-46F2259E570F}.Debug|Win32.ActiveCfg = Debug|Win32
		{BDAC8E30-A77B-3619-936A-46F2259E570F}.Debug|Win32.Build.0 = Debug|Win32
		{BDAC8E30-A77B-3619-936A-46F2259E570F}.Release|Win32.ActiveCfg = Release|Win32
		{BDAC8E30-A77B-3619-936A-46F2259E570F}.Release|Win32.Build.0 = Release|Win32
		{8452B8A0-3BCA-3B11-AC7D-AD5B331D001B}.Debug|Win32.ActiveCfg = Debug|Win32
		{8452B8A0-3BCA-3B11-AC7D-AD5B331D001B}.Debug|Win32.Build.0 = Debug|Win32
		{8452B8A0-3BCA-3B11-AC7D-AD5B331D001B}.Release|Win32.ActiveCfg = Release|Win32
		{8452B8A0-3BCA-3B11-AC7D-AD5B331D001B}.Release|Win32.Build.0 = Release|Win32
		{AF6A7E56-E412-302E-ADA7-066FE61C80CD}.Debug|Win32.ActiveCfg = Debug|Win32
		{AF6A7E56-E412-302E-ADA7-066FE61C80CD}.Debug|Win32.Build.0 = Debug|Win32
		{AF6A7E56-E412-302E-ADA7-066FE61C80CD}.Release|Win32.ActiveCfg = Release|Win32
		{AF6A7E56-E412-302E-ADA7-066FE61C80CD}.Release|Win32.Build.0 = Release|Win32
		{6F5C9F98-E527-307D-ABB7-BB1FBF9AF635}.Debug|Win32.ActiveCfg = Debug|Win32
		{6F5C9F98-E527-307D-ABB7-BB1FBF9AF635}.Debug|Win32.Build.0 = Debug|Win32
		{6F5C9F98-E527-307D-ABB7-BB1FBF9AF635}.Release|Win32.ActiveCfg = Release|Win32
		{6F5C9F98-E527-307D-ABB7-BB1FBF9AF635}.Release|Win32.Build.0 = Release|Win32
		{172B1193-F1E3-39E8-B528-5836268B9267}.Debug|Win32.ActiveCfg = Debug|Win32
		{172B1193-F1E3-39E8-B528-5836268B9267}.Debug|Win32.Build.0 = Debug|Win32
		{172B1193-F1E3-39E8-B528-5836268B9267}.Release|Win32.ActiveCfg = Release|Win32
		{172B1193-F1E3-39E8-B528-5836268B9267}.Release|Win32.Build.0 = Release|Win32
		{34B93B0C-4469-3DFF-935F-234DAE93435C}.Debug|Win32.ActiveCfg = Debug|Win32
		{34B93B0C-4469-3DFF-935F-234DAE93435C}.Debug|Win32.Build.0 = Debug|Win32
		{34B93B0C-4469-3DFF-935F-234DAE93435C}.Release|Win32.ActiveCfg = Release|Win32
		{34B93B0C-4469-3DFF-935F-234DAE93435C}.Release|Win32.Build.0 = Release|Win32
		{12E775B6-06C2-3D22-8CAC-51D9243039EF}.Debug|Win32.ActiveCfg = Debug|Win32
		{12E775B6-06C2-3D22-8CAC-51D9243039EF}.Debug|Win32.Build.0 = Debug|Win32
		{12E775B6-06C2-3D22-8CAC-51D9243039EF}.Release|Win32.ActiveCfg = Release|Win32
		{12E775B6-06C2-3D22-8CAC-51D9243039EF}.Release|Win32.Build.0 = Release|Win32
		{12BDB8EE-E05F-3BBD-A465-6DEE6BDB716D}.Debug|Win32.ActiveCfg = Debug|Win32
		{12BDB8EE-E05F-3BBD-A465-6DEE6BDB716D}.Debug|Win32.Build.0 = Debug|Win32
		{12BDB8EE-E05F-3BBD-A465-6DEE6BDB716D}.Release|Win32.ActiveCfg = Release|Win32
		{12BDB8EE-E05F-3BBD-A465-6DEE6BDB716D}.Release|Win32.Build.0 = Release|Win32
		{5E87A80D-CEEE-35A8-BC0C-0E4D448DCBC4}.Debug|Win32.ActiveCfg = Debug|Win32
		{5E87A80D-CEEE-35A8-BC0C-0E4D448DCBC4}.Debug|Win32.Build.0 = Debug|Win32
		{5E87A80D-CEEE-35A8-BC0C-0E4D448DCBC4}.Release|Win32.ActiveCfg = Release|Win32
		{5E87A80D-CEEE-35A8-BC0C-0E4D448DCBC4}.Release|Win32.Build.0 = Release|Win32
		{E45B58B6-415A-38F1-B908-532ABCA2FEB4}.Debug|Win32.ActiveCfg = Debug|Win32
		{E45B58B6-415A-38F1-B908-532ABCA2FEB4}.Debug|Win32.Build.0 = Debug|Win32
		{E45B58B6-415A-38F1-B908-532ABCA2FEB4}.Release|Win32.ActiveCfg = Release|Win32
		{E45B58B6-415A-38F1-B908-532ABCA2FEB4}.Release|Win32.Build.0 = Release|Win32
		{AC028A78-0630-38F2-8FBB-67F5BF800E85}.Debug|Win32.ActiveCfg = Debug|Win32
		{AC028A78-0630-38F2-8FBB-67F5BF800E85}.Debug|Win32.Build.0 = Debug|Win32
		{AC028A78-0630-38F2-8FBB-67F5BF800E85}.Release|Win32.ActiveCfg = Release|Win32
		{AC028A78-0630-38F2-8FBB-67F5BF800E85}.Release|Win32.Build.0 = Release|Win32
		{E988C07E-CA6B-3AF8-AFBB-FF95BCA6B888}.Debug|Win32.ActiveCfg = Debug|Win32
		{E988C07E-CA6B-3AF8-AFBB-FF95BCA6B888}.Debug|Win32.Build.0 = Debug|Win32
		{E988C07E-CA6B-3AF8-AFBB-FF95BCA6B888}.Release|Win32.ActiveCfg = Release|Win32
		{E988C07E-CA6B-3AF8-AFBB-FF95BCA6B888}.Release|Win32.Build.0 = Release|Win32
		{4ED7AC62-6F8F-3FF8-8AD9-94BAF62C9BB8}.Debug|Win32.ActiveCfg = Debug|Win32
		{4ED7AC62-6F8F-3FF8-8AD9-94BAF62C9BB8}.Debug|Win32.Build.0 = Debug|Win32
		{4ED7AC62-6F8F-3FF8-8AD9-94BAF62C9BB8}.Release|Win32.ActiveCfg = Release|Win32
		{4ED7AC62-6F8F-3FF8-8AD9-94BAF62C9BB8}.Release|Win32.Build.0 = Release|Win32
		{96CADEA7-EF08-3F2D-B308-7EB72534DDA4}.Debug|Win32.ActiveCfg = Debug|Win32
		{96CADEA7-EF08-3F2D-B308-7EB72534DDA4}.Debug|Win32.Build.0 = Debug|Win32
		{96CADEA7-EF08-3F2D-B308-7EB72534DDA4}.Release|Win32.ActiveCfg = Release|Win32
		{96CADEA7-EF08-3F2D-B308-7EB72534DDA4}.Release|Win32.Build.0 = Release|Win32
		{B1EDB2C3-C0B3-3578-B29E-9EAD9E988B11}.Debug|Win32.ActiveCfg = Debug|Win32
		{B1EDB2C3-C0B3-3578-B29E-9EAD9E988B11}.Debug|Win32.Build.0 = Debug|Win32
		{B1EDB2C3-C0B3-3578-B29E-9EAD9E988B11}.Release|Win32.ActiveCfg = Release|Win32
		{B1EDB2C3-C0B3-3578-B29E-9EAD9E988B11}.Release|Win32.Build.0 = Release|Win32
		{935946E0-83BF-3868-834A-804FAB8FF686}.Debug|Win32.ActiveCfg = Debug|Win32
		{935946E0-83BF-3868-834A-804FAB8FF686}.Debug|Win32.Build.0 = Debug|Win32
		{935946E0-83BF-3868-834A-804FAB8FF686}.Release|Win32.ActiveCfg = Release|Win32
		{935946E0-83BF-3868-834A-804FAB8FF686}.Release|Win32.Build.0 = Release|Win32
		{50DB50E8-B8E7-380B-9E32-D034EFD29D80}.Debug|Win32.ActiveCfg = Debug|Win32
		{50DB50E8-B8E7-380B-9E32-D034EFD29D80}.Debug|Win32.Build.0 = Debug|Win32
		{50DB50E8-B8E7-380B-9E32-D034EFD29D80}.Release|Win32.ActiveCfg = Release|Win32
		{50DB50E8-B8E7-380B-9E32-D034EFD29D80}.Release|Win32.Build.0 = Release|Win32
		{F2C6312F-FBC2-326E-9735-46544B83E962}.Debug|Win32.ActiveCfg = Debug|Win32
		{F2C6312F-FBC2-326E-9735-46544B83E962}.Debug|Win32.Build.0 = Debug|Win32
		{F2C6312F-FBC2-326E-9735-46544B83E962}.Release|Win32.ActiveCfg = Release|Win32
		{F2C6312F-FBC2-326E-9735-46544B83E962}.Release|Win32.Build.0 = Release|Win32
		{94FFAF18-C84E-3766-B718-E36B79E4DE14}.Debug|Win32.ActiveCfg = Debug|Win32
		{94FFAF18-C84E-3766-B718-E36B79E4DE14}.Debug|Win32.Build.0 = Debug|Win32
		{94FFAF18-C84E-3766-B718-E36B79E4DE14}.Release|Win32.ActiveCfg = Release|Win32
		{94FFAF18-C84E-3766-B718-E36B79E4DE14}.Release|Win32.Build.0 = Release|Win32
		{7A35C5A8-A788-3A83-9A9D-ADFF6CB193E6}.Debug|Win32.ActiveCfg = Debug|Win32
		{7A35C5A8-A788-3A83-9A9D-ADFF6CB193E6}.Debug|Win32.Build.0 = Debug|Win32
		{7A35C5A8-A788-3A83-9A9D-ADFF6CB193E6}.Release|Win32.ActiveCfg = Release|Win32
		{7A35C5A8-A788-3A83-9A9D-ADFF6CB193E6}.Release|Win32.Build.0 = Release|Win32
		{70BC83F6-CB88-38AA-9172-16D82E27FF08}.Debug|Win32.ActiveCfg = Debug|Win32
		{70BC83F6-CB88-38AA-9172-16D82E27FF08}.Debug|Win32.Build.0 = Debug|Win32
		{70BC83F6-CB88-38AA-9172-16D82E27FF08}.Release|Win32.ActiveCfg = Release|Win32
		{70BC83F6-CB88-38AA-9172-16D82E27FF08}.Release|Win32.Build.0 = Release|Win32
		{0D0254E7-BBB8-3440-9B2C-77B705383214}.Debug|Win32.ActiveCfg = Debug|Win32
		{0D0254E7-BBB8-3440-9B2C-77B705383214}.Debug|Win32.Build.0 = Debug|Win32
		{0D0254E7-BBB8-3440-9B2C-77B705383214}.Release|Win32.ActiveCfg = Release|Win32
		{0D0254E7-BBB8-3440-9B2C-77B705383214}.Release|Win32.Build.0 = Release|Win32
		{4E57CE22-1502-3BE6-9755-EE7058ED2C80}.Debug|Win32.ActiveCfg = Debug|Win32
		{4E57CE22-1502-3BE6-9755-EE7058ED2C80}.Debug|Win32.Build.0 = Debug|Win32
		{4E57CE22-1502-3BE6-9755-EE7058ED2C80}.Release|Win32.ActiveCfg = Release|Win32
		{4E57CE22-1502-3BE6-9755-EE7058ED2C80}.Release|Win32.Build.0 = Release|Win32
		{D41B4C15-6308-316C-BB9A-082BCD051B0C}.Debug|Win32.ActiveCfg = Debug|Win32
		{D41B4C15-6308-316C-BB9A-082BCD051B0C}.Debug|Win32.Build.0 = Debug|Win32
		{D41B4C15-6308-316C-BB9A-082BCD051B0C}.Release|Win32.ActiveCfg = Release|Win32
		{D41B4C15-6308-316C-BB9A-082BCD051B0C}.Release|Win32.Build.0 = Release|Win32
		{5D6B5086-1795-331A-8678-8030180C03B9}.Debug|Win32.ActiveCfg = Debug|Win32
		{5D6B5086-1795-331A-8678-8030180C03B9}.Debug|Win32.Build.0 = Debug|Win32
		{5D6B5086-1795-331A-8678-8030180C03B9}.Release|Win32.ActiveCfg = Release|Win32
		{5D6B5086-1795-331A-8678-8030180C03B9}.Release|Win32.Build.0 = Release|Win32
		{010E8BC5-2148-3C0D-B311-539AA64A338D}.Debug|Win32.ActiveCfg = Debug|Win32
		{010E8BC5-2148-3C0D-B311-539AA64A338D}.Debug|Win32.Build.0 = Debug|Win32
		{010E8BC5-2148-3C0D-B311-539AA64A338D}.Release|Win32.ActiveCfg = Release|Win32
		{010E8BC5-2148-3C0D-B311-539AA64A338D}.Release|Win32.Build.0 = Release|Win32
		{D66FAA3B-3410-3480-BA7E-54BD1FD967AD}.Debug|Win32.ActiveCfg = Debug|Win32
		{D66FAA3B-3410-3480-BA7E-54BD1FD967AD}.Debug|Win32.Build.0 = Debug|Win32
		{D66FAA3B-3410-3480-BA7E-54BD1FD967AD}.Release|Win32.ActiveCfg = Release|Win32
		{D66FAA3B-3410-3480-BA7E-54BD1FD967AD}.Release|Win32.Build.0 = Release|Win32
		{32275B3A-4AE9-3106-9693-CB54B5F57979}.Debug|Win32.ActiveCfg = Debug|Win32
		{32275B3A-4AE9-3106-9693-CB54B5F57979}.Debug|Win32.Build.0 = Debug|Win32
		{32275B3A-4AE9-3106-9693-CB54B5F57979}.Release|Win32.ActiveCfg = Release|Win32
		{32275B3A-4AE9-3106-9693-CB54B5F57979}.Release|Win32.Build.0 = Release|Win32
		{BE0E7BC2-BDFB-31E8-B61F-5699DE57C7F8}.Debug|Win32.ActiveCfg = Debug|Win32
		{BE0E7BC2-BDFB-31E8-B61F-5699DE57C7F8}.Debug|Win32.Build.0 = Debug|Win32
		{BE0E7BC2-BDFB-31E8-B61F-5699DE57C7F8}.Release|Win32.ActiveCfg = Release|Win32
		{BE0E7BC2-BDFB-31E8-B61F-5699DE57C7F8}.Release|Win32.Build.0 = Release|Win32
		{35DFC1B2-C090-32E0-8AB2-EA7BE01803BC}.Debug|Win32.ActiveCfg = Debug|Win32
		{35DFC1B2-C090-32E0-8AB2-EA7BE01803BC}.Debug|Win32.Build.0 = Debug|Win32
		{35DFC1B2-C090-32E0-8AB2-EA7BE01803BC}.Release|Win32.ActiveCfg = Release|Win32
		{35DFC1B2-C090-32E0-8AB2-EA7BE01803BC}.Release|Win32.Build.0 = Release|Win32
		{7D39B015-D77E-3FBF-9985-E403A232207F}.Debug|Win32.ActiveCfg = Debug|Win32
		{7D39B015-D77E-3FBF-9985-E403A232207F}.Debug|Win32.Build.0 = Debug|Win32
		{7D39B015-D77E-3FBF-9985-E403A232207F}.Release|Win32.ActiveCfg = Release|Win32
		{7D39B015-D77E-3FBF-9985-E403A232207F}.Release|Win32.Build.0 = Release|Win32
		{B4573D6E-D8E6-35B2-9323-15FE207EFB52}.Debug|Win32.ActiveCfg = Debug|Win32
		{B4573D6E-D8E6-35B2-9323-15FE207EFB52}.Debug|Win32.Build.0 = Debug|Win32
		{B4573D6E-D8E6-35B2-9323-15FE207EFB52}.Release|Win32.ActiveCfg = Release|Win32
		{B4573D6E-D8E6-35B2-9323-15FE207EFB52}.Release|Win32.Build.0 = Release|Win32
		{0153CE51-8668-3232-B926-386C427F7B56}.Debug|Win32.ActiveCfg = Debug|Win32
		{0153CE51-8668-3232-B926-386C427F7B56}.Debug|Win32.Build.0 = Debug|Win32
		{0153CE51-8668-3232-B926-386C427F7B56}.Release|Win32.ActiveCfg = Release|Win32
		{0153CE51-8668-3232-B926-386C427F7B56}.Release|Win32.Build.0 = Release|Win32
		{08885EB6-57C3-3937-BC8A-9533C9D1C7A0}.Debug|Win32.ActiveCfg = Debug|Win32
		{08885EB6-57C3-3937-BC8A-9533C9D1C7A0}.Debug|Win32.Build.0 = Debug|Win32
		{08885EB6-57C3-3937-BC8A-9533C9D1C7A0}.Release|Win32.ActiveCfg = Release|Win32
		{08885EB6-57C3-3937-BC8A-9533C9D1C7A0}.Release|Win32.Build.0 = Release|Win32
		{94EADB40-3A1F-33CC-B01E-6320B6594141}.Debug|Win32.ActiveCfg = Debug|Win32
		{94EADB40-3A1F-33CC-B01E-6320B6594141}.Debug|Win32.Build.0 = Debug|Win32
		{94EADB40-3A1F-33CC-B01E-6320B6594141}.Release|Win32.ActiveCfg = Release|Win32
		{94EADB40-3A1F-33CC-B01E-6320B6594141}.Release|Win32.Build.0 = Release|Win32
		{795564B1-E04C-3353-8C6F-156331311E47}.Debug|Win32.ActiveCfg = Debug|Win32
		{795564B1-E04C-3353-8C6F-156331311E47}.Debug|Win32.Build.0 = Debug|Win32
		{795564B1-E04C-3353-8C6F-156331311E47}.Release|Win32.ActiveCfg = Release|Win32
		{795564B1-E04C-3353-8C6F-156331311E47}.Release|Win32.Build.0 = Release|Win32
		{2A402B29-6389-322E-9DCF-61CDF3356730}.Debug|Win32.ActiveCfg = Debug|Win32
		{2A402B29-6389-322E-9DCF-61CDF3356730}.Debug|Win32.Build.0 = Debug|Win32
		{2A402B29-6389-322E-9DCF-61CDF3356730}.Release|Win32.ActiveCfg = Release|Win32
		{2A402B29-6389-322E-9DCF-61CDF3356730}.Release|Win32.Build.0 = Release|Win32
		{8439EECE-582A-3254-94E8-45A0B0F94128}.Debug|Win32.ActiveCfg = Debug|Win32
		{8439EECE-582A-3254-94E8-45A0B0F94128}.Debug|Win32.Build.0 = Debug|Win32
		{8439EECE-582A-3254-94E8-45A0B0F94128}.Release|Win32.ActiveCfg = Release|Win32
		{8439EECE-582A-3254-94E8-45A0B0F94128}.Release|Win32.Build.0 = Release|Win32
		{8E488E28-CB5B-3132-B76D-EA3B931AF3BE}.Debug|Win32.ActiveCfg = Debug|Win32
		{8E488E28-CB5B-3132-B76D-EA3B931AF3BE}.Debug|Win32.Build.0 = Debug|Win32
		{8E488E28-CB5B-3132-B76D-EA3B931AF3BE}.Release|Win32.ActiveCfg = Release|Win32
		{8E488E28-CB5B-3132-B76D-EA3B931AF3BE}.Release|Win32.Build.0 = Release|Win32
		{7508F635-BBD8-35FD-B780-1F2F9B4465F2}.Debug|Win32.ActiveCfg = Debug|Win32
		{7508F635-BBD8-35FD-B780-1F2F9B4465F2}.Debug|Win32.Build.0 = Debug|Win32
		{7508F635-BBD8-35FD-B780-1F2F9B4465F2}.Release|Win32.ActiveCfg = Release|Win32
		{7508F635-BBD8-35FD-B780-1F2F9B4465F2}.Release|Win32.Build.0 = Release|Win32
	EndGlobalSection
	GlobalSection(SolutionProperties) = preSolution
		HideSolutionNode = FALSE
	EndGlobalSection
	GlobalSection(NestedProjects) = preSolution
		{6E1C62F2-F997-3CB1-97ED-7AEF37338B5A} = {DAD1DC0E-CD4D-4D50-944F-3345541043CC}
		{BDAC8E30-A77B-3619-936A-46F2259E570F} = {DAD1DC0E-CD4D-4D50-944F-3345541043CC}
		{8452B8A0-3BCA-3B11-AC7D-AD5B331D001B} = {DAD1DC0E-CD4D-4D50-944F-3345541043CC}
		{AF6A7E56-E412-302E-ADA7-066FE61C80CD} = {DAD1DC0E-CD4D-4D50-944F-3345541043CC}
		{6F5C9F98-E527-307D-ABB7-BB1FBF9AF635} = {DAD1DC0E-CD4D-4D50-944F-3345541043CC}
		{70DF9119-E171-3EAC-90BD-D844577CBF15} = {DAD1DC0E-CD4D-4D50-944F-3345541043CC}
		{010E8BC5-2148-3C0D-B311-539AA64A338D} = {DAD1DC0E-CD4D-4D50-944F-3345541043CC}
		{32275B3A-4AE9-3106-9693-CB54B5F57979} = {DAD1DC0E-CD4D-4D50-944F-3345541043CC}
		{8E488E28-CB5B-3132-B76D-EA3B931AF3BE} = {DAD1DC0E-CD4D-4D50-944F-3345541043CC}
		{F1E33A5E-A347-40F8-A34A-5EB534D84C77} = {7E3A1493-014C-436A-8A0B-FD579ADA6531}
		{E45B58B6-415A-38F1-B908-532ABCA2FEB4} = {7E3A1493-014C-436A-8A0B-FD579ADA6531}
		{AC028A78-0630-38F2-8FBB-67F5BF800E85} = {7E3A1493-014C-436A-8A0B-FD579ADA6531}
		{E22EC8FD-71BB-4904-B623-F9C9A7E805BD} = {7E3A1493-014C-436A-8A0B-FD579ADA6531}
		{B1EDB2C3-C0B3-3578-B29E-9EAD9E988B11} = {7E3A1493-014C-436A-8A0B-FD579ADA6531}
		{935946E0-83BF-3868-834A-804FAB8FF686} = {7E3A1493-014C-436A-8A0B-FD579ADA6531}
		{BE0E7BC2-BDFB-31E8-B61F-5699DE57C7F8} = {7E3A1493-014C-436A-8A0B-FD579ADA6531}
		{5E87A80D-CEEE-35A8-BC0C-0E4D448DCBC4} = {F1E33A5E-A347-40F8-A34A-5EB534D84C77}
		{12BDB8EE-E05F-3BBD-A465-6DEE6BDB716D} = {F1E33A5E-A347-40F8-A34A-5EB534D84C77}
		{4ED7AC62-6F8F-3FF8-8AD9-94BAF62C9BB8} = {E22EC8FD-71BB-4904-B623-F9C9A7E805BD}
		{96CADEA7-EF08-3F2D-B308-7EB72534DDA4} = {E22EC8FD-71BB-4904-B623-F9C9A7E805BD}
		{12E775B6-06C2-3D22-8CAC-51D9243039EF} = {E22EC8FD-71BB-4904-B623-F9C9A7E805BD}
		{E988C07E-CA6B-3AF8-AFBB-FF95BCA6B888} = {E22EC8FD-71BB-4904-B623-F9C9A7E805BD}
		{F2C6312F-FBC2-326E-9735-46544B83E962} = {BF356269-06FC-400F-A653-FA6F9404A5DE}
		{94FFAF18-C84E-3766-B718-E36B79E4DE14} = {BF356269-06FC-400F-A653-FA6F9404A5DE}
		{7A35C5A8-A788-3A83-9A9D-ADFF6CB193E6} = {BF356269-06FC-400F-A653-FA6F9404A5DE}
		{70BC83F6-CB88-38AA-9172-16D82E27FF08} = {BF356269-06FC-400F-A653-FA6F9404A5DE}
		{0D0254E7-BBB8-3440-9B2C-77B705383214} = {BF356269-06FC-400F-A653-FA6F9404A5DE}
		{4E57CE22-1502-3BE6-9755-EE7058ED2C80} = {BF356269-06FC-400F-A653-FA6F9404A5DE}
		{D41B4C15-6308-316C-BB9A-082BCD051B0C} = {BF356269-06FC-400F-A653-FA6F9404A5DE}
		{50DB50E8-B8E7-380B-9E32-D034EFD29D80} = {BF356269-06FC-400F-A653-FA6F9404A5DE}
		{5D6B5086-1795-331A-8678-8030180C03B9} = {BF356269-06FC-400F-A653-FA6F9404A5DE}
		{D66FAA3B-3410-3480-BA7E-54BD1FD967AD} = {BF356269-06FC-400F-A653-FA6F9404A5DE}
		{35DFC1B2-C090-32E0-8AB2-EA7BE01803BC} = {BF356269-06FC-400F-A653-FA6F9404A5DE}
		{7D39B015-D77E-3FBF-9985-E403A232207F} = {BF356269-06FC-400F-A653-FA6F9404A5DE}
		{B4573D6E-D8E6-35B2-9323-15FE207EFB52} = {BF356269-06FC-400F-A653-FA6F9404A5DE}
		{0153CE51-8668-3232-B926-386C427F7B56} = {BF356269-06FC-400F-A653-FA6F9404A5DE}
		{08885EB6-57C3-3937-BC8A-9533C9D1C7A0} = {BF356269-06FC-400F-A653-FA6F9404A5DE}
		{94EADB40-3A1F-33CC-B01E-6320B6594141} = {BF356269-06FC-400F-A653-FA6F9404A5DE}
		{795564B1-E04C-3353-8C6F-156331311E47} = {BF356269-06FC-400F-A653-FA6F9404A5DE}
		{8439EECE-582A-3254-94E8-45A0B0F94128} = {BF356269-06FC-400F-A653-FA6F9404A5DE}
		{7508F635-BBD8-35FD-B780-1F2F9B4465F2} = {BF356269-06FC-400F-A653-FA6F9404A5DE}
	EndGlobalSection
EndGlobal
