Microsoft Visual Studio Solution File, Format Version 12.00
# Visual Studio 14
VisualStudioVersion = 14.0.25420.1
MinimumVisualStudioVersion = 10.0.40219.1
Project("{8BC9CEB8-8B4A-11D0-8D11-00A0C91BC942}") = "gtest", "third-part\gtest\gtest.vcxproj", "{FEE46B2E-FBEE-30C5-BCBA-3B9F51522C0D}"
EndProject
Project("{8BC9CEB8-8B4A-11D0-8D11-00A0C91BC942}") = "png", "third-part\png\png.vcxproj", "{EA491DAB-513F-3D87-B392-D57EFA512A1C}"
EndProject
Project("{8BC9CEB8-8B4A-11D0-8D11-00A0C91BC942}") = "skia", "third-part\skia\skia.vcxproj", "{560BC55B-1A8A-38EC-A45B-5F6944B620F4}"
EndProject
Project("{8BC9CEB8-8B4A-11D0-8D11-00A0C91BC942}") = "zlib", "third-part\zlib\zlib.vcxproj", "{239FE156-3BF1-369C-8AB4-D532D87F23DF}"
EndProject
Project("{8BC9CEB8-8B4A-11D0-8D11-00A0C91BC942}") = "lua-52", "third-part\lua-52\lua-52.vcxproj", "{DEFC558C-F44A-34BD-A472-F239A021EC59}"
EndProject
Project("{8BC9CEB8-8B4A-11D0-8D11-00A0C91BC942}") = "smiley", "third-part\smiley\smiley.vcxproj", "{06B91491-DE6A-3F8A-AF8A-40A30FBF1B9F}"
EndProject
Project("{8BC9CEB8-8B4A-11D0-8D11-00A0C91BC942}") = "mhook", "third-part\mhook\mhook.vcxproj", "{F5E62D50-2BC3-3E42-86A4-ADD8AA723AD2}"
EndProject
Project("{8BC9CEB8-8B4A-11D0-8D11-00A0C91BC942}") = "7z", "third-part\7z\7z.vcxproj", "{61EC9EF9-4124-3776-95DC-E0CB9AD8B79F}"
EndProject
Project("{8BC9CEB8-8B4A-11D0-8D11-00A0C91BC942}") = "scintilla", "third-part\scintilla\scintilla.vcxproj", "{87F6FB58-0B5A-3FC1-A2F6-BE33F31C51DE}"
EndProject
Project("{8BC9CEB8-8B4A-11D0-8D11-00A0C91BC942}") = "sqlite3", "third-part\sqlite3\sqlite3.vcxproj", "{E08CD24C-0A5E-3B09-B8E6-CD939CE92445}"
EndProject
Project("{8BC9CEB8-8B4A-11D0-8D11-00A0C91BC942}") = "utilities", "utilities\utilities.vcxproj", "{687D8A4C-9F5B-38DA-8BD3-CEA97291E83B}"
EndProject
Project("{8BC9CEB8-8B4A-11D0-8D11-00A0C91BC942}") = "soui-sys-resource", "soui-sys-resource\soui-sys-resource.vcxproj", "{813DC76D-F667-34B0-91D1-C414C535C2A6}"
EndProject
Project("{8BC9CEB8-8B4A-11D0-8D11-00A0C91BC942}") = "soui", "SOUI\soui.vcxproj", "{A7C0C874-0ED3-37CC-9038-FD3365709AD5}"
	ProjectSection(ProjectDependencies) = postProject
		{687D8A4C-9F5B-38DA-8BD3-CEA97291E83B} = {687D8A4C-9F5B-38DA-8BD3-CEA97291E83B}
		{813DC76D-F667-34B0-91D1-C414C535C2A6} = {813DC76D-F667-34B0-91D1-C414C535C2A6}
	EndProjectSection
EndProject
Project("{8BC9CEB8-8B4A-11D0-8D11-00A0C91BC942}") = "imgdecoder-wic", "components\imgdecoder-wic\imgdecoder-wic.vcxproj", "{DCDFDA79-29E8-38B3-8FC4-CB2A7C8FD6BF}"
EndProject
Project("{8BC9CEB8-8B4A-11D0-8D11-00A0C91BC942}") = "render-gdi", "components\render-gdi\render-gdi.vcxproj", "{1917AED0-0212-308A-809C-1B9CAD505DEC}"
	ProjectSection(ProjectDependencies) = postProject
		{687D8A4C-9F5B-38DA-8BD3-CEA97291E83B} = {687D8A4C-9F5B-38DA-8BD3-CEA97291E83B}
	EndProjectSection
EndProject
Project("{8BC9CEB8-8B4A-11D0-8D11-00A0C91BC942}") = "render-skia", "components\render-skia\render-skia.vcxproj", "{953A197E-40C4-3779-A8AF-AD41E5C8B8C7}"
	ProjectSection(ProjectDependencies) = postProject
		{560BC55B-1A8A-38EC-A45B-5F6944B620F4} = {560BC55B-1A8A-38EC-A45B-5F6944B620F4}
		{687D8A4C-9F5B-38DA-8BD3-CEA97291E83B} = {687D8A4C-9F5B-38DA-8BD3-CEA97291E83B}
	EndProjectSection
EndProject
Project("{8BC9CEB8-8B4A-11D0-8D11-00A0C91BC942}") = "translator", "components\translator\translator.vcxproj", "{433044F9-A8C7-3BE5-A391-0EB5791184DF}"
	ProjectSection(ProjectDependencies) = postProject
		{687D8A4C-9F5B-38DA-8BD3-CEA97291E83B} = {687D8A4C-9F5B-38DA-8BD3-CEA97291E83B}
	EndProjectSection
EndProject
Project("{8BC9CEB8-8B4A-11D0-8D11-00A0C91BC942}") = "resprovider-zip", "components\resprovider-zip\resprovider-zip.vcxproj", "{447C989A-82C2-3787-90CB-3DD9F1C7115A}"
	ProjectSection(ProjectDependencies) = postProject
		{239FE156-3BF1-369C-8AB4-D532D87F23DF} = {239FE156-3BF1-369C-8AB4-D532D87F23DF}
		{687D8A4C-9F5B-38DA-8BD3-CEA97291E83B} = {687D8A4C-9F5B-38DA-8BD3-CEA97291E83B}
	EndProjectSection
EndProject
Project("{8BC9CEB8-8B4A-11D0-8D11-00A0C91BC942}") = "imgdecoder-stb", "components\imgdecoder-stb\imgdecoder-stb.vcxproj", "{282935E5-9455-3043-A601-8AFC5D91CCF2}"
EndProject
Project("{8BC9CEB8-8B4A-11D0-8D11-00A0C91BC942}") = "imgdecoder-png", "components\imgdecoder-png\imgdecoder-png.vcxproj", "{68A7E277-632C-339A-AA5D-E47072C63517}"
	ProjectSection(ProjectDependencies) = postProject
		{239FE156-3BF1-369C-8AB4-D532D87F23DF} = {239FE156-3BF1-369C-8AB4-D532D87F23DF}
		{EA491DAB-513F-3D87-B392-D57EFA512A1C} = {EA491DAB-513F-3D87-B392-D57EFA512A1C}
	EndProjectSection
EndProject
Project("{8BC9CEB8-8B4A-11D0-8D11-00A0C91BC942}") = "imgdecoder-gdip", "components\imgdecoder-gdip\imgdecoder-gdip.vcxproj", "{D59E0254-3DD8-394B-9676-3679A7E7ABF1}"
EndProject
Project("{8BC9CEB8-8B4A-11D0-8D11-00A0C91BC942}") = "scriptmodule-lua", "components\ScriptModule-LUA\scriptmodule-lua.vcxproj", "{F9108E8E-6DFD-311C-B1D0-1E1CEA031EB0}"
	ProjectSection(ProjectDependencies) = postProject
		{A7C0C874-0ED3-37CC-9038-FD3365709AD5} = {A7C0C874-0ED3-37CC-9038-FD3365709AD5}
		{DEFC558C-F44A-34BD-A472-F239A021EC59} = {DEFC558C-F44A-34BD-A472-F239A021EC59}
		{687D8A4C-9F5B-38DA-8BD3-CEA97291E83B} = {687D8A4C-9F5B-38DA-8BD3-CEA97291E83B}
	EndProjectSection
EndProject
Project("{8BC9CEB8-8B4A-11D0-8D11-00A0C91BC942}") = "log4z", "components\log4z\log4z.vcxproj", "{A1A7B1A1-F34D-397D-B49C-CFC22110BC3E}"
EndProject
Project("{8BC9CEB8-8B4A-11D0-8D11-00A0C91BC942}") = "resprovider-7zip", "components\resprovider-7zip\resprovider-7zip.vcxproj", "{972E7C35-2D56-3B92-85AE-09858CC34DC4}"
	ProjectSection(ProjectDependencies) = postProject
		{61EC9EF9-4124-3776-95DC-E0CB9AD8B79F} = {61EC9EF9-4124-3776-95DC-E0CB9AD8B79F}
		{687D8A4C-9F5B-38DA-8BD3-CEA97291E83B} = {687D8A4C-9F5B-38DA-8BD3-CEA97291E83B}
	EndProjectSection
EndProject
Project("{8BC9CEB8-8B4A-11D0-8D11-00A0C91BC942}") = "UiEditor", "demos\UiEditor\UiEditor.vcxproj", "{F6375414-4F28-3B34-8C1A-73BE686D1523}"
	ProjectSection(ProjectDependencies) = postProject
		{A7C0C874-0ED3-37CC-9038-FD3365709AD5} = {A7C0C874-0ED3-37CC-9038-FD3365709AD5}
		{560BC55B-1A8A-38EC-A45B-5F6944B620F4} = {560BC55B-1A8A-38EC-A45B-5F6944B620F4}
		{87F6FB58-0B5A-3FC1-A2F6-BE33F31C51DE} = {87F6FB58-0B5A-3FC1-A2F6-BE33F31C51DE}
		{687D8A4C-9F5B-38DA-8BD3-CEA97291E83B} = {687D8A4C-9F5B-38DA-8BD3-CEA97291E83B}
	EndProjectSection
EndProject
Project("{8BC9CEB8-8B4A-11D0-8D11-00A0C91BC942}") = "demo", "demos\demo\demo.vcxproj", "{305CF841-642C-3BFC-A767-D7FF1CEFA01B}"
	ProjectSection(ProjectDependencies) = postProject
		{A7C0C874-0ED3-37CC-9038-FD3365709AD5} = {A7C0C874-0ED3-37CC-9038-FD3365709AD5}
		{F5E62D50-2BC3-3E42-86A4-ADD8AA723AD2} = {F5E62D50-2BC3-3E42-86A4-ADD8AA723AD2}
		{06B91491-DE6A-3F8A-AF8A-40A30FBF1B9F} = {06B91491-DE6A-3F8A-AF8A-40A30FBF1B9F}
		{560BC55B-1A8A-38EC-A45B-5F6944B620F4} = {560BC55B-1A8A-38EC-A45B-5F6944B620F4}
		{687D8A4C-9F5B-38DA-8BD3-CEA97291E83B} = {687D8A4C-9F5B-38DA-8BD3-CEA97291E83B}
	EndProjectSection
EndProject
Project("{8BC9CEB8-8B4A-11D0-8D11-00A0C91BC942}") = "qqlogin", "demos\QQLogin\qqlogin.vcxproj", "{E193A59B-E69F-3D1A-A85C-28B035EC4B0A}"
	ProjectSection(ProjectDependencies) = postProject
		{A7C0C874-0ED3-37CC-9038-FD3365709AD5} = {A7C0C874-0ED3-37CC-9038-FD3365709AD5}
		{560BC55B-1A8A-38EC-A45B-5F6944B620F4} = {560BC55B-1A8A-38EC-A45B-5F6944B620F4}
		{687D8A4C-9F5B-38DA-8BD3-CEA97291E83B} = {687D8A4C-9F5B-38DA-8BD3-CEA97291E83B}
	EndProjectSection
EndProject
Project("{8BC9CEB8-8B4A-11D0-8D11-00A0C91BC942}") = "360", "demos\360\360.vcxproj", "{BE228E6C-89BB-31FB-A4AD-B8CA1AF677E5}"
	ProjectSection(ProjectDependencies) = postProject
		{A7C0C874-0ED3-37CC-9038-FD3365709AD5} = {A7C0C874-0ED3-37CC-9038-FD3365709AD5}
		{560BC55B-1A8A-38EC-A45B-5F6944B620F4} = {560BC55B-1A8A-38EC-A45B-5F6944B620F4}
		{687D8A4C-9F5B-38DA-8BD3-CEA97291E83B} = {687D8A4C-9F5B-38DA-8BD3-CEA97291E83B}
	EndProjectSection
EndProject
Project("{8BC9CEB8-8B4A-11D0-8D11-00A0C91BC942}") = "360Preview", "demos\360Preview\360Preview.vcxproj", "{E1915654-4330-3F62-8D59-62DA0D11D4DF}"
	ProjectSection(ProjectDependencies) = postProject
		{A7C0C874-0ED3-37CC-9038-FD3365709AD5} = {A7C0C874-0ED3-37CC-9038-FD3365709AD5}
		{560BC55B-1A8A-38EC-A45B-5F6944B620F4} = {560BC55B-1A8A-38EC-A45B-5F6944B620F4}
		{687D8A4C-9F5B-38DA-8BD3-CEA97291E83B} = {687D8A4C-9F5B-38DA-8BD3-CEA97291E83B}
	EndProjectSection
EndProject
Project("{8BC9CEB8-8B4A-11D0-8D11-00A0C91BC942}") = "souispy", "demos\souispy\souispy.vcxproj", "{5547FB15-7310-3449-8C01-2BECC4911A81}"
	ProjectSection(ProjectDependencies) = postProject
		{A7C0C874-0ED3-37CC-9038-FD3365709AD5} = {A7C0C874-0ED3-37CC-9038-FD3365709AD5}
		{560BC55B-1A8A-38EC-A45B-5F6944B620F4} = {560BC55B-1A8A-38EC-A45B-5F6944B620F4}
		{687D8A4C-9F5B-38DA-8BD3-CEA97291E83B} = {687D8A4C-9F5B-38DA-8BD3-CEA97291E83B}
	EndProjectSection
EndProject
Project("{8BC9CEB8-8B4A-11D0-8D11-00A0C91BC942}") = "PCManager", "demos\PcManager\PCManager.vcxproj", "{B61710EA-F866-37F8-AFDD-8FAC9A69187E}"
	ProjectSection(ProjectDependencies) = postProject
		{A7C0C874-0ED3-37CC-9038-FD3365709AD5} = {A7C0C874-0ED3-37CC-9038-FD3365709AD5}
		{560BC55B-1A8A-38EC-A45B-5F6944B620F4} = {560BC55B-1A8A-38EC-A45B-5F6944B620F4}
		{687D8A4C-9F5B-38DA-8BD3-CEA97291E83B} = {687D8A4C-9F5B-38DA-8BD3-CEA97291E83B}
	EndProjectSection
EndProject
Project("{8BC9CEB8-8B4A-11D0-8D11-00A0C91BC942}") = "SoTool", "demos\SoTool\SoTool.vcxproj", "{2BCBB298-F1FA-3F95-94F4-0C901CAFE950}"
	ProjectSection(ProjectDependencies) = postProject
		{A7C0C874-0ED3-37CC-9038-FD3365709AD5} = {A7C0C874-0ED3-37CC-9038-FD3365709AD5}
		{560BC55B-1A8A-38EC-A45B-5F6944B620F4} = {560BC55B-1A8A-38EC-A45B-5F6944B620F4}
		{687D8A4C-9F5B-38DA-8BD3-CEA97291E83B} = {687D8A4C-9F5B-38DA-8BD3-CEA97291E83B}
	EndProjectSection
EndProject
Project("{8BC9CEB8-8B4A-11D0-8D11-00A0C91BC942}") = "mclistview_demo", "demos\mclistview_demo\mclistview_demo.vcxproj", "{AD8484FA-6605-3DDB-86EE-4595194B3A57}"
	ProjectSection(ProjectDependencies) = postProject
		{A7C0C874-0ED3-37CC-9038-FD3365709AD5} = {A7C0C874-0ED3-37CC-9038-FD3365709AD5}
		{560BC55B-1A8A-38EC-A45B-5F6944B620F4} = {560BC55B-1A8A-38EC-A45B-5F6944B620F4}
		{687D8A4C-9F5B-38DA-8BD3-CEA97291E83B} = {687D8A4C-9F5B-38DA-8BD3-CEA97291E83B}
	EndProjectSection
EndProject
Project("{8BC9CEB8-8B4A-11D0-8D11-00A0C91BC942}") = "souitest", "demos\souitest\souitest.vcxproj", "{589C6728-F1C6-37DE-8677-95D0BBBA663A}"
	ProjectSection(ProjectDependencies) = postProject
		{A7C0C874-0ED3-37CC-9038-FD3365709AD5} = {A7C0C874-0ED3-37CC-9038-FD3365709AD5}
		{687D8A4C-9F5B-38DA-8BD3-CEA97291E83B} = {687D8A4C-9F5B-38DA-8BD3-CEA97291E83B}
		{FEE46B2E-FBEE-30C5-BCBA-3B9F51522C0D} = {FEE46B2E-FBEE-30C5-BCBA-3B9F51522C0D}
	EndProjectSection
EndProject
Project("{8BC9CEB8-8B4A-11D0-8D11-00A0C91BC942}") = "VUI", "demos\VUI\VUI.vcxproj", "{69416655-6682-39F3-8EC3-D8512B60E0B7}"
	ProjectSection(ProjectDependencies) = postProject
		{A7C0C874-0ED3-37CC-9038-FD3365709AD5} = {A7C0C874-0ED3-37CC-9038-FD3365709AD5}
		{560BC55B-1A8A-38EC-A45B-5F6944B620F4} = {560BC55B-1A8A-38EC-A45B-5F6944B620F4}
		{687D8A4C-9F5B-38DA-8BD3-CEA97291E83B} = {687D8A4C-9F5B-38DA-8BD3-CEA97291E83B}
	EndProjectSection
EndProject
Project("{8BC9CEB8-8B4A-11D0-8D11-00A0C91BC942}") = "BesLyric", "demos\BesLyric\BesLyric.vcxproj", "{A3C9DC37-2580-3DDF-AE89-06B02623B419}"
	ProjectSection(ProjectDependencies) = postProject
		{A7C0C874-0ED3-37CC-9038-FD3365709AD5} = {A7C0C874-0ED3-37CC-9038-FD3365709AD5}
		{560BC55B-1A8A-38EC-A45B-5F6944B620F4} = {560BC55B-1A8A-38EC-A45B-5F6944B620F4}
		{687D8A4C-9F5B-38DA-8BD3-CEA97291E83B} = {687D8A4C-9F5B-38DA-8BD3-CEA97291E83B}
	EndProjectSection
EndProject
Project("{8BC9CEB8-8B4A-11D0-8D11-00A0C91BC942}") = "QQMain", "demos\QQMain\QQMain.vcxproj", "{9A9DD8D6-9DA2-3416-8C69-5A4707D43F83}"
	ProjectSection(ProjectDependencies) = postProject
		{A7C0C874-0ED3-37CC-9038-FD3365709AD5} = {A7C0C874-0ED3-37CC-9038-FD3365709AD5}
		{560BC55B-1A8A-38EC-A45B-5F6944B620F4} = {560BC55B-1A8A-38EC-A45B-5F6944B620F4}
		{687D8A4C-9F5B-38DA-8BD3-CEA97291E83B} = {687D8A4C-9F5B-38DA-8BD3-CEA97291E83B}
	EndProjectSection
EndProject
Project("{8BC9CEB8-8B4A-11D0-8D11-00A0C91BC942}") = "FrogPlay", "demos\FrogPlay\FrogPlay.vcxproj", "{4E5CC1DA-00D6-3B54-A338-2FA4FDA1ADBA}"
	ProjectSection(ProjectDependencies) = postProject
		{687D8A4C-9F5B-38DA-8BD3-CEA97291E83B} = {687D8A4C-9F5B-38DA-8BD3-CEA97291E83B}
		{A7C0C874-0ED3-37CC-9038-FD3365709AD5} = {A7C0C874-0ED3-37CC-9038-FD3365709AD5}
	EndProjectSection
EndProject
Project("{8BC9CEB8-8B4A-11D0-8D11-00A0C91BC942}") = "MultiLangs", "demos\MultiLangs\MultiLangs.vcxproj", "{FC84C09D-5BD3-3AB0-B8AF-67FB28FB276F}"
	ProjectSection(ProjectDependencies) = postProject
		{A7C0C874-0ED3-37CC-9038-FD3365709AD5} = {A7C0C874-0ED3-37CC-9038-FD3365709AD5}
		{687D8A4C-9F5B-38DA-8BD3-CEA97291E83B} = {687D8A4C-9F5B-38DA-8BD3-CEA97291E83B}
	EndProjectSection
EndProject
Project("{8BC9CEB8-8B4A-11D0-8D11-00A0C91BC942}") = "TXMgr", "demos\TXMgr\TXMgr.vcxproj", "{A1FB4DB0-2300-382B-AA1B-5FE38CB3D7DB}"
	ProjectSection(ProjectDependencies) = postProject
		{A7C0C874-0ED3-37CC-9038-FD3365709AD5} = {A7C0C874-0ED3-37CC-9038-FD3365709AD5}
		{687D8A4C-9F5B-38DA-8BD3-CEA97291E83B} = {687D8A4C-9F5B-38DA-8BD3-CEA97291E83B}
	EndProjectSection
EndProject
Project("{8BC9CEB8-8B4A-11D0-8D11-00A0C91BC942}") = "SLogViewer", "demos\SLogViewer\SLogViewer.vcxproj", "{04CFF81B-50BE-3022-8335-37CC05A42715}"
	ProjectSection(ProjectDependencies) = postProject
		{A7C0C874-0ED3-37CC-9038-FD3365709AD5} = {A7C0C874-0ED3-37CC-9038-FD3365709AD5}
		{87F6FB58-0B5A-3FC1-A2F6-BE33F31C51DE} = {87F6FB58-0B5A-3FC1-A2F6-BE33F31C51DE}
		{687D8A4C-9F5B-38DA-8BD3-CEA97291E83B} = {687D8A4C-9F5B-38DA-8BD3-CEA97291E83B}
	EndProjectSection
EndProject
Project("{8BC9CEB8-8B4A-11D0-8D11-00A0C91BC942}") = "souieditor", "demos\souieditor\souieditor.vcxproj", "{67DCE438-FECE-3B61-B482-BE59539701DD}"
	ProjectSection(ProjectDependencies) = postProject
		{A7C0C874-0ED3-37CC-9038-FD3365709AD5} = {A7C0C874-0ED3-37CC-9038-FD3365709AD5}
		{87F6FB58-0B5A-3FC1-A2F6-BE33F31C51DE} = {87F6FB58-0B5A-3FC1-A2F6-BE33F31C51DE}
		{687D8A4C-9F5B-38DA-8BD3-CEA97291E83B} = {687D8A4C-9F5B-38DA-8BD3-CEA97291E83B}
	EndProjectSection
EndProject
Project("{8BC9CEB8-8B4A-11D0-8D11-00A0C91BC942}") = "DropDemo", "demos\DropDemo\DropDemo.vcxproj", "{CA7187FF-7A91-30DA-AD44-78EE2537A0BC}"
	ProjectSection(ProjectDependencies) = postProject
		{A7C0C874-0ED3-37CC-9038-FD3365709AD5} = {A7C0C874-0ED3-37CC-9038-FD3365709AD5}
		{687D8A4C-9F5B-38DA-8BD3-CEA97291E83B} = {687D8A4C-9F5B-38DA-8BD3-CEA97291E83B}
	EndProjectSection
EndProject
Project("{8BC9CEB8-8B4A-11D0-8D11-00A0C91BC942}") = "ThreeClearGame", "demos\ThreeClearGame\ThreeClearGame.vcxproj", "{6D31828A-A045-324D-81FC-70191FD8F89F}"
	ProjectSection(ProjectDependencies) = postProject
		{A7C0C874-0ED3-37CC-9038-FD3365709AD5} = {A7C0C874-0ED3-37CC-9038-FD3365709AD5}
		{687D8A4C-9F5B-38DA-8BD3-CEA97291E83B} = {687D8A4C-9F5B-38DA-8BD3-CEA97291E83B}
	EndProjectSection
EndProject
Project("{8BC9CEB8-8B4A-11D0-8D11-00A0C91BC942}") = "baiduwb", "demos\baiduwp\baiduwb.vcxproj", "{4FBAF852-2EF1-3C89-820D-349A60EC5329}"
	ProjectSection(ProjectDependencies) = postProject
		{687D8A4C-9F5B-38DA-8BD3-CEA97291E83B} = {687D8A4C-9F5B-38DA-8BD3-CEA97291E83B}
		{A7C0C874-0ED3-37CC-9038-FD3365709AD5} = {A7C0C874-0ED3-37CC-9038-FD3365709AD5}
	EndProjectSection
EndProject
Project("{8BC9CEB8-8B4A-11D0-8D11-00A0C91BC942}") = "TIMDemo", "demos\TIMDemo\TIMDemo.vcxproj", "{4F6FA597-E2D1-38CF-849C-95A310056DD8}"
	ProjectSection(ProjectDependencies) = postProject
		{A7C0C874-0ED3-37CC-9038-FD3365709AD5} = {A7C0C874-0ED3-37CC-9038-FD3365709AD5}
		{687D8A4C-9F5B-38DA-8BD3-CEA97291E83B} = {687D8A4C-9F5B-38DA-8BD3-CEA97291E83B}
		{E08CD24C-0A5E-3B09-B8E6-CD939CE92445} = {E08CD24C-0A5E-3B09-B8E6-CD939CE92445}
	EndProjectSection
EndProject
Project("{2150E333-8FDC-42A3-9474-1A3956D46DE8}") = "components", "components", "{7F97E82E-D82B-4CCE-9388-724CFB351FA3}"
EndProject
Project("{2150E333-8FDC-42A3-9474-1A3956D46DE8}") = "imgdecoder", "imgdecoder", "{14A8C147-6063-498C-9BD0-0C387D06466E}"
EndProject
Project("{2150E333-8FDC-42A3-9474-1A3956D46DE8}") = "render", "render", "{4345DAFB-62FA-4FE3-ACC5-9B94F4479D3C}"
EndProject
Project("{2150E333-8FDC-42A3-9474-1A3956D46DE8}") = "demos", "demos", "{7B63DD8F-36D6-4D84-8D63-F03270F8C592}"
EndProject
Project("{2150E333-8FDC-42A3-9474-1A3956D46DE8}") = "third-part", "third-part", "{E7B8977E-009A-46FE-AAF1-DB0CA285B49A}"
EndProject
Global
	GlobalSection(SolutionConfigurationPlatforms) = preSolution
		Debug|Win32 = Debug|Win32
		Release|Win32 = Release|Win32
	EndGlobalSection
	GlobalSection(ProjectConfigurationPlatforms) = postSolution
		{FEE46B2E-FBEE-30C5-BCBA-3B9F51522C0D}.Debug|Win32.ActiveCfg = Debug|Win32
		{FEE46B2E-FBEE-30C5-BCBA-3B9F51522C0D}.Debug|Win32.Build.0 = Debug|Win32
		{FEE46B2E-FBEE-30C5-BCBA-3B9F51522C0D}.Release|Win32.ActiveCfg = Release|Win32
		{FEE46B2E-FBEE-30C5-BCBA-3B9F51522C0D}.Release|Win32.Build.0 = Release|Win32
		{EA491DAB-513F-3D87-B392-D57EFA512A1C}.Debug|Win32.ActiveCfg = Debug|Win32
		{EA491DAB-513F-3D87-B392-D57EFA512A1C}.Debug|Win32.Build.0 = Debug|Win32
		{EA491DAB-513F-3D87-B392-D57EFA512A1C}.Release|Win32.ActiveCfg = Release|Win32
		{EA491DAB-513F-3D87-B392-D57EFA512A1C}.Release|Win32.Build.0 = Release|Win32
		{560BC55B-1A8A-38EC-A45B-5F6944B620F4}.Debug|Win32.ActiveCfg = Debug|Win32
		{560BC55B-1A8A-38EC-A45B-5F6944B620F4}.Debug|Win32.Build.0 = Debug|Win32
		{560BC55B-1A8A-38EC-A45B-5F6944B620F4}.Release|Win32.ActiveCfg = Release|Win32
		{560BC55B-1A8A-38EC-A45B-5F6944B620F4}.Release|Win32.Build.0 = Release|Win32
		{239FE156-3BF1-369C-8AB4-D532D87F23DF}.Debug|Win32.ActiveCfg = Debug|Win32
		{239FE156-3BF1-369C-8AB4-D532D87F23DF}.Debug|Win32.Build.0 = Debug|Win32
		{239FE156-3BF1-369C-8AB4-D532D87F23DF}.Release|Win32.ActiveCfg = Release|Win32
		{239FE156-3BF1-369C-8AB4-D532D87F23DF}.Release|Win32.Build.0 = Release|Win32
		{DEFC558C-F44A-34BD-A472-F239A021EC59}.Debug|Win32.ActiveCfg = Debug|Win32
		{DEFC558C-F44A-34BD-A472-F239A021EC59}.Debug|Win32.Build.0 = Debug|Win32
		{DEFC558C-F44A-34BD-A472-F239A021EC59}.Release|Win32.ActiveCfg = Release|Win32
		{DEFC558C-F44A-34BD-A472-F239A021EC59}.Release|Win32.Build.0 = Release|Win32
		{06B91491-DE6A-3F8A-AF8A-40A30FBF1B9F}.Debug|Win32.ActiveCfg = Debug|Win32
		{06B91491-DE6A-3F8A-AF8A-40A30FBF1B9F}.Debug|Win32.Build.0 = Debug|Win32
		{06B91491-DE6A-3F8A-AF8A-40A30FBF1B9F}.Release|Win32.ActiveCfg = Release|Win32
		{06B91491-DE6A-3F8A-AF8A-40A30FBF1B9F}.Release|Win32.Build.0 = Release|Win32
		{F5E62D50-2BC3-3E42-86A4-ADD8AA723AD2}.Debug|Win32.ActiveCfg = Debug|Win32
		{F5E62D50-2BC3-3E42-86A4-ADD8AA723AD2}.Debug|Win32.Build.0 = Debug|Win32
		{F5E62D50-2BC3-3E42-86A4-ADD8AA723AD2}.Release|Win32.ActiveCfg = Release|Win32
		{F5E62D50-2BC3-3E42-86A4-ADD8AA723AD2}.Release|Win32.Build.0 = Release|Win32
		{61EC9EF9-4124-3776-95DC-E0CB9AD8B79F}.Debug|Win32.ActiveCfg = Debug|Win32
		{61EC9EF9-4124-3776-95DC-E0CB9AD8B79F}.Debug|Win32.Build.0 = Debug|Win32
		{61EC9EF9-4124-3776-95DC-E0CB9AD8B79F}.Release|Win32.ActiveCfg = Release|Win32
		{61EC9EF9-4124-3776-95DC-E0CB9AD8B79F}.Release|Win32.Build.0 = Release|Win32
		{87F6FB58-0B5A-3FC1-A2F6-BE33F31C51DE}.Debug|Win32.ActiveCfg = Debug|Win32
		{87F6FB58-0B5A-3FC1-A2F6-BE33F31C51DE}.Debug|Win32.Build.0 = Debug|Win32
		{87F6FB58-0B5A-3FC1-A2F6-BE33F31C51DE}.Release|Win32.ActiveCfg = Release|Win32
		{87F6FB58-0B5A-3FC1-A2F6-BE33F31C51DE}.Release|Win32.Build.0 = Release|Win32
		{E08CD24C-0A5E-3B09-B8E6-CD939CE92445}.Debug|Win32.ActiveCfg = Debug|Win32
		{E08CD24C-0A5E-3B09-B8E6-CD939CE92445}.Debug|Win32.Build.0 = Debug|Win32
		{E08CD24C-0A5E-3B09-B8E6-CD939CE92445}.Release|Win32.ActiveCfg = Release|Win32
		{E08CD24C-0A5E-3B09-B8E6-CD939CE92445}.Release|Win32.Build.0 = Release|Win32
		{687D8A4C-9F5B-38DA-8BD3-CEA97291E83B}.Debug|Win32.ActiveCfg = Debug|Win32
		{687D8A4C-9F5B-38DA-8BD3-CEA97291E83B}.Debug|Win32.Build.0 = Debug|Win32
		{687D8A4C-9F5B-38DA-8BD3-CEA97291E83B}.Release|Win32.ActiveCfg = Release|Win32
		{687D8A4C-9F5B-38DA-8BD3-CEA97291E83B}.Release|Win32.Build.0 = Release|Win32
		{813DC76D-F667-34B0-91D1-C414C535C2A6}.Debug|Win32.ActiveCfg = Debug|Win32
		{813DC76D-F667-34B0-91D1-C414C535C2A6}.Debug|Win32.Build.0 = Debug|Win32
		{813DC76D-F667-34B0-91D1-C414C535C2A6}.Release|Win32.ActiveCfg = Release|Win32
		{813DC76D-F667-34B0-91D1-C414C535C2A6}.Release|Win32.Build.0 = Release|Win32
		{A7C0C874-0ED3-37CC-9038-FD3365709AD5}.Debug|Win32.ActiveCfg = Debug|Win32
		{A7C0C874-0ED3-37CC-9038-FD3365709AD5}.Debug|Win32.Build.0 = Debug|Win32
		{A7C0C874-0ED3-37CC-9038-FD3365709AD5}.Release|Win32.ActiveCfg = Release|Win32
		{A7C0C874-0ED3-37CC-9038-FD3365709AD5}.Release|Win32.Build.0 = Release|Win32
		{DCDFDA79-29E8-38B3-8FC4-CB2A7C8FD6BF}.Debug|Win32.ActiveCfg = Debug|Win32
		{DCDFDA79-29E8-38B3-8FC4-CB2A7C8FD6BF}.Debug|Win32.Build.0 = Debug|Win32
		{DCDFDA79-29E8-38B3-8FC4-CB2A7C8FD6BF}.Release|Win32.ActiveCfg = Release|Win32
		{DCDFDA79-29E8-38B3-8FC4-CB2A7C8FD6BF}.Release|Win32.Build.0 = Release|Win32
		{1917AED0-0212-308A-809C-1B9CAD505DEC}.Debug|Win32.ActiveCfg = Debug|Win32
		{1917AED0-0212-308A-809C-1B9CAD505DEC}.Debug|Win32.Build.0 = Debug|Win32
		{1917AED0-0212-308A-809C-1B9CAD505DEC}.Release|Win32.ActiveCfg = Release|Win32
		{1917AED0-0212-308A-809C-1B9CAD505DEC}.Release|Win32.Build.0 = Release|Win32
		{953A197E-40C4-3779-A8AF-AD41E5C8B8C7}.Debug|Win32.ActiveCfg = Debug|Win32
		{953A197E-40C4-3779-A8AF-AD41E5C8B8C7}.Debug|Win32.Build.0 = Debug|Win32
		{953A197E-40C4-3779-A8AF-AD41E5C8B8C7}.Release|Win32.ActiveCfg = Release|Win32
		{953A197E-40C4-3779-A8AF-AD41E5C8B8C7}.Release|Win32.Build.0 = Release|Win32
		{433044F9-A8C7-3BE5-A391-0EB5791184DF}.Debug|Win32.ActiveCfg = Debug|Win32
		{433044F9-A8C7-3BE5-A391-0EB5791184DF}.Debug|Win32.Build.0 = Debug|Win32
		{433044F9-A8C7-3BE5-A391-0EB5791184DF}.Release|Win32.ActiveCfg = Release|Win32
		{433044F9-A8C7-3BE5-A391-0EB5791184DF}.Release|Win32.Build.0 = Release|Win32
		{447C989A-82C2-3787-90CB-3DD9F1C7115A}.Debug|Win32.ActiveCfg = Debug|Win32
		{447C989A-82C2-3787-90CB-3DD9F1C7115A}.Debug|Win32.Build.0 = Debug|Win32
		{447C989A-82C2-3787-90CB-3DD9F1C7115A}.Release|Win32.ActiveCfg = Release|Win32
		{447C989A-82C2-3787-90CB-3DD9F1C7115A}.Release|Win32.Build.0 = Release|Win32
		{282935E5-9455-3043-A601-8AFC5D91CCF2}.Debug|Win32.ActiveCfg = Debug|Win32
		{282935E5-9455-3043-A601-8AFC5D91CCF2}.Debug|Win32.Build.0 = Debug|Win32
		{282935E5-9455-3043-A601-8AFC5D91CCF2}.Release|Win32.ActiveCfg = Release|Win32
		{282935E5-9455-3043-A601-8AFC5D91CCF2}.Release|Win32.Build.0 = Release|Win32
		{68A7E277-632C-339A-AA5D-E47072C63517}.Debug|Win32.ActiveCfg = Debug|Win32
		{68A7E277-632C-339A-AA5D-E47072C63517}.Debug|Win32.Build.0 = Debug|Win32
		{68A7E277-632C-339A-AA5D-E47072C63517}.Release|Win32.ActiveCfg = Release|Win32
		{68A7E277-632C-339A-AA5D-E47072C63517}.Release|Win32.Build.0 = Release|Win32
		{D59E0254-3DD8-394B-9676-3679A7E7ABF1}.Debug|Win32.ActiveCfg = Debug|Win32
		{D59E0254-3DD8-394B-9676-3679A7E7ABF1}.Debug|Win32.Build.0 = Debug|Win32
		{D59E0254-3DD8-394B-9676-3679A7E7ABF1}.Release|Win32.ActiveCfg = Release|Win32
		{D59E0254-3DD8-394B-9676-3679A7E7ABF1}.Release|Win32.Build.0 = Release|Win32
		{F9108E8E-6DFD-311C-B1D0-1E1CEA031EB0}.Debug|Win32.ActiveCfg = Debug|Win32
		{F9108E8E-6DFD-311C-B1D0-1E1CEA031EB0}.Debug|Win32.Build.0 = Debug|Win32
		{F9108E8E-6DFD-311C-B1D0-1E1CEA031EB0}.Release|Win32.ActiveCfg = Release|Win32
		{F9108E8E-6DFD-311C-B1D0-1E1CEA031EB0}.Release|Win32.Build.0 = Release|Win32
		{A1A7B1A1-F34D-397D-B49C-CFC22110BC3E}.Debug|Win32.ActiveCfg = Debug|Win32
		{A1A7B1A1-F34D-397D-B49C-CFC22110BC3E}.Debug|Win32.Build.0 = Debug|Win32
		{A1A7B1A1-F34D-397D-B49C-CFC22110BC3E}.Release|Win32.ActiveCfg = Release|Win32
		{A1A7B1A1-F34D-397D-B49C-CFC22110BC3E}.Release|Win32.Build.0 = Release|Win32
		{972E7C35-2D56-3B92-85AE-09858CC34DC4}.Debug|Win32.ActiveCfg = Debug|Win32
		{972E7C35-2D56-3B92-85AE-09858CC34DC4}.Debug|Win32.Build.0 = Debug|Win32
		{972E7C35-2D56-3B92-85AE-09858CC34DC4}.Release|Win32.ActiveCfg = Release|Win32
		{972E7C35-2D56-3B92-85AE-09858CC34DC4}.Release|Win32.Build.0 = Release|Win32
		{F6375414-4F28-3B34-8C1A-73BE686D1523}.Debug|Win32.ActiveCfg = Debug|Win32
		{F6375414-4F28-3B34-8C1A-73BE686D1523}.Debug|Win32.Build.0 = Debug|Win32
		{F6375414-4F28-3B34-8C1A-73BE686D1523}.Release|Win32.ActiveCfg = Release|Win32
		{F6375414-4F28-3B34-8C1A-73BE686D1523}.Release|Win32.Build.0 = Release|Win32
		{305CF841-642C-3BFC-A767-D7FF1CEFA01B}.Debug|Win32.ActiveCfg = Debug|Win32
		{305CF841-642C-3BFC-A767-D7FF1CEFA01B}.Debug|Win32.Build.0 = Debug|Win32
		{305CF841-642C-3BFC-A767-D7FF1CEFA01B}.Release|Win32.ActiveCfg = Release|Win32
		{305CF841-642C-3BFC-A767-D7FF1CEFA01B}.Release|Win32.Build.0 = Release|Win32
		{E193A59B-E69F-3D1A-A85C-28B035EC4B0A}.Debug|Win32.ActiveCfg = Debug|Win32
		{E193A59B-E69F-3D1A-A85C-28B035EC4B0A}.Debug|Win32.Build.0 = Debug|Win32
		{E193A59B-E69F-3D1A-A85C-28B035EC4B0A}.Release|Win32.ActiveCfg = Release|Win32
		{E193A59B-E69F-3D1A-A85C-28B035EC4B0A}.Release|Win32.Build.0 = Release|Win32
		{BE228E6C-89BB-31FB-A4AD-B8CA1AF677E5}.Debug|Win32.ActiveCfg = Debug|Win32
		{BE228E6C-89BB-31FB-A4AD-B8CA1AF677E5}.Debug|Win32.Build.0 = Debug|Win32
		{BE228E6C-89BB-31FB-A4AD-B8CA1AF677E5}.Release|Win32.ActiveCfg = Release|Win32
		{BE228E6C-89BB-31FB-A4AD-B8CA1AF677E5}.Release|Win32.Build.0 = Release|Win32
		{E1915654-4330-3F62-8D59-62DA0D11D4DF}.Debug|Win32.ActiveCfg = Debug|Win32
		{E1915654-4330-3F62-8D59-62DA0D11D4DF}.Debug|Win32.Build.0 = Debug|Win32
		{E1915654-4330-3F62-8D59-62DA0D11D4DF}.Release|Win32.ActiveCfg = Release|Win32
		{E1915654-4330-3F62-8D59-62DA0D11D4DF}.Release|Win32.Build.0 = Release|Win32
		{5547FB15-7310-3449-8C01-2BECC4911A81}.Debug|Win32.ActiveCfg = Debug|Win32
		{5547FB15-7310-3449-8C01-2BECC4911A81}.Debug|Win32.Build.0 = Debug|Win32
		{5547FB15-7310-3449-8C01-2BECC4911A81}.Release|Win32.ActiveCfg = Release|Win32
		{5547FB15-7310-3449-8C01-2BECC4911A81}.Release|Win32.Build.0 = Release|Win32
		{B61710EA-F866-37F8-AFDD-8FAC9A69187E}.Debug|Win32.ActiveCfg = Debug|Win32
		{B61710EA-F866-37F8-AFDD-8FAC9A69187E}.Debug|Win32.Build.0 = Debug|Win32
		{B61710EA-F866-37F8-AFDD-8FAC9A69187E}.Release|Win32.ActiveCfg = Release|Win32
		{B61710EA-F866-37F8-AFDD-8FAC9A69187E}.Release|Win32.Build.0 = Release|Win32
		{2BCBB298-F1FA-3F95-94F4-0C901CAFE950}.Debug|Win32.ActiveCfg = Debug|Win32
		{2BCBB298-F1FA-3F95-94F4-0C901CAFE950}.Debug|Win32.Build.0 = Debug|Win32
		{2BCBB298-F1FA-3F95-94F4-0C901CAFE950}.Release|Win32.ActiveCfg = Release|Win32
		{2BCBB298-F1FA-3F95-94F4-0C901CAFE950}.Release|Win32.Build.0 = Release|Win32
		{AD8484FA-6605-3DDB-86EE-4595194B3A57}.Debug|Win32.ActiveCfg = Debug|Win32
		{AD8484FA-6605-3DDB-86EE-4595194B3A57}.Debug|Win32.Build.0 = Debug|Win32
		{AD8484FA-6605-3DDB-86EE-4595194B3A57}.Release|Win32.ActiveCfg = Release|Win32
		{AD8484FA-6605-3DDB-86EE-4595194B3A57}.Release|Win32.Build.0 = Release|Win32
		{589C6728-F1C6-37DE-8677-95D0BBBA663A}.Debug|Win32.ActiveCfg = Debug|Win32
		{589C6728-F1C6-37DE-8677-95D0BBBA663A}.Debug|Win32.Build.0 = Debug|Win32
		{589C6728-F1C6-37DE-8677-95D0BBBA663A}.Release|Win32.ActiveCfg = Release|Win32
		{589C6728-F1C6-37DE-8677-95D0BBBA663A}.Release|Win32.Build.0 = Release|Win32
		{69416655-6682-39F3-8EC3-D8512B60E0B7}.Debug|Win32.ActiveCfg = Debug|Win32
		{69416655-6682-39F3-8EC3-D8512B60E0B7}.Debug|Win32.Build.0 = Debug|Win32
		{69416655-6682-39F3-8EC3-D8512B60E0B7}.Release|Win32.ActiveCfg = Release|Win32
		{69416655-6682-39F3-8EC3-D8512B60E0B7}.Release|Win32.Build.0 = Release|Win32
		{A3C9DC37-2580-3DDF-AE89-06B02623B419}.Debug|Win32.ActiveCfg = Debug|Win32
		{A3C9DC37-2580-3DDF-AE89-06B02623B419}.Debug|Win32.Build.0 = Debug|Win32
		{A3C9DC37-2580-3DDF-AE89-06B02623B419}.Release|Win32.ActiveCfg = Release|Win32
		{A3C9DC37-2580-3DDF-AE89-06B02623B419}.Release|Win32.Build.0 = Release|Win32
		{9A9DD8D6-9DA2-3416-8C69-5A4707D43F83}.Debug|Win32.ActiveCfg = Debug|Win32
		{9A9DD8D6-9DA2-3416-8C69-5A4707D43F83}.Debug|Win32.Build.0 = Debug|Win32
		{9A9DD8D6-9DA2-3416-8C69-5A4707D43F83}.Release|Win32.ActiveCfg = Release|Win32
		{9A9DD8D6-9DA2-3416-8C69-5A4707D43F83}.Release|Win32.Build.0 = Release|Win32
		{4E5CC1DA-00D6-3B54-A338-2FA4FDA1ADBA}.Debug|Win32.ActiveCfg = Debug|Win32
		{4E5CC1DA-00D6-3B54-A338-2FA4FDA1ADBA}.Debug|Win32.Build.0 = Debug|Win32
		{4E5CC1DA-00D6-3B54-A338-2FA4FDA1ADBA}.Release|Win32.ActiveCfg = Release|Win32
		{4E5CC1DA-00D6-3B54-A338-2FA4FDA1ADBA}.Release|Win32.Build.0 = Release|Win32
		{FC84C09D-5BD3-3AB0-B8AF-67FB28FB276F}.Debug|Win32.ActiveCfg = Debug|Win32
		{FC84C09D-5BD3-3AB0-B8AF-67FB28FB276F}.Debug|Win32.Build.0 = Debug|Win32
		{FC84C09D-5BD3-3AB0-B8AF-67FB28FB276F}.Release|Win32.ActiveCfg = Release|Win32
		{FC84C09D-5BD3-3AB0-B8AF-67FB28FB276F}.Release|Win32.Build.0 = Release|Win32
		{A1FB4DB0-2300-382B-AA1B-5FE38CB3D7DB}.Debug|Win32.ActiveCfg = Debug|Win32
		{A1FB4DB0-2300-382B-AA1B-5FE38CB3D7DB}.Debug|Win32.Build.0 = Debug|Win32
		{A1FB4DB0-2300-382B-AA1B-5FE38CB3D7DB}.Release|Win32.ActiveCfg = Release|Win32
		{A1FB4DB0-2300-382B-AA1B-5FE38CB3D7DB}.Release|Win32.Build.0 = Release|Win32
		{04CFF81B-50BE-3022-8335-37CC05A42715}.Debug|Win32.ActiveCfg = Debug|Win32
		{04CFF81B-50BE-3022-8335-37CC05A42715}.Debug|Win32.Build.0 = Debug|Win32
		{04CFF81B-50BE-3022-8335-37CC05A42715}.Release|Win32.ActiveCfg = Release|Win32
		{04CFF81B-50BE-3022-8335-37CC05A42715}.Release|Win32.Build.0 = Release|Win32
		{67DCE438-FECE-3B61-B482-BE59539701DD}.Debug|Win32.ActiveCfg = Debug|Win32
		{67DCE438-FECE-3B61-B482-BE59539701DD}.Debug|Win32.Build.0 = Debug|Win32
		{67DCE438-FECE-3B61-B482-BE59539701DD}.Release|Win32.ActiveCfg = Release|Win32
		{67DCE438-FECE-3B61-B482-BE59539701DD}.Release|Win32.Build.0 = Release|Win32
		{CA7187FF-7A91-30DA-AD44-78EE2537A0BC}.Debug|Win32.ActiveCfg = Debug|Win32
		{CA7187FF-7A91-30DA-AD44-78EE2537A0BC}.Debug|Win32.Build.0 = Debug|Win32
		{CA7187FF-7A91-30DA-AD44-78EE2537A0BC}.Release|Win32.ActiveCfg = Release|Win32
		{CA7187FF-7A91-30DA-AD44-78EE2537A0BC}.Release|Win32.Build.0 = Release|Win32
		{6D31828A-A045-324D-81FC-70191FD8F89F}.Debug|Win32.ActiveCfg = Debug|Win32
		{6D31828A-A045-324D-81FC-70191FD8F89F}.Debug|Win32.Build.0 = Debug|Win32
		{6D31828A-A045-324D-81FC-70191FD8F89F}.Release|Win32.ActiveCfg = Release|Win32
		{6D31828A-A045-324D-81FC-70191FD8F89F}.Release|Win32.Build.0 = Release|Win32
		{4FBAF852-2EF1-3C89-820D-349A60EC5329}.Debug|Win32.ActiveCfg = Debug|Win32
		{4FBAF852-2EF1-3C89-820D-349A60EC5329}.Debug|Win32.Build.0 = Debug|Win32
		{4FBAF852-2EF1-3C89-820D-349A60EC5329}.Release|Win32.ActiveCfg = Release|Win32
		{4FBAF852-2EF1-3C89-820D-349A60EC5329}.Release|Win32.Build.0 = Release|Win32
		{4F6FA597-E2D1-38CF-849C-95A310056DD8}.Debug|Win32.ActiveCfg = Debug|Win32
		{4F6FA597-E2D1-38CF-849C-95A310056DD8}.Debug|Win32.Build.0 = Debug|Win32
		{4F6FA597-E2D1-38CF-849C-95A310056DD8}.Release|Win32.ActiveCfg = Release|Win32
		{4F6FA597-E2D1-38CF-849C-95A310056DD8}.Release|Win32.Build.0 = Release|Win32
	EndGlobalSection
	GlobalSection(SolutionProperties) = preSolution
		HideSolutionNode = FALSE
	EndGlobalSection
	GlobalSection(NestedProjects) = preSolution
		{FEE46B2E-FBEE-30C5-BCBA-3B9F51522C0D} = {E7B8977E-009A-46FE-AAF1-DB0CA285B49A}
		{EA491DAB-513F-3D87-B392-D57EFA512A1C} = {E7B8977E-009A-46FE-AAF1-DB0CA285B49A}
		{560BC55B-1A8A-38EC-A45B-5F6944B620F4} = {E7B8977E-009A-46FE-AAF1-DB0CA285B49A}
		{239FE156-3BF1-369C-8AB4-D532D87F23DF} = {E7B8977E-009A-46FE-AAF1-DB0CA285B49A}
		{DEFC558C-F44A-34BD-A472-F239A021EC59} = {E7B8977E-009A-46FE-AAF1-DB0CA285B49A}
		{06B91491-DE6A-3F8A-AF8A-40A30FBF1B9F} = {E7B8977E-009A-46FE-AAF1-DB0CA285B49A}
		{F5E62D50-2BC3-3E42-86A4-ADD8AA723AD2} = {E7B8977E-009A-46FE-AAF1-DB0CA285B49A}
		{61EC9EF9-4124-3776-95DC-E0CB9AD8B79F} = {E7B8977E-009A-46FE-AAF1-DB0CA285B49A}
		{87F6FB58-0B5A-3FC1-A2F6-BE33F31C51DE} = {E7B8977E-009A-46FE-AAF1-DB0CA285B49A}
		{E08CD24C-0A5E-3B09-B8E6-CD939CE92445} = {E7B8977E-009A-46FE-AAF1-DB0CA285B49A}
		{DCDFDA79-29E8-38B3-8FC4-CB2A7C8FD6BF} = {14A8C147-6063-498C-9BD0-0C387D06466E}
		{1917AED0-0212-308A-809C-1B9CAD505DEC} = {4345DAFB-62FA-4FE3-ACC5-9B94F4479D3C}
		{953A197E-40C4-3779-A8AF-AD41E5C8B8C7} = {4345DAFB-62FA-4FE3-ACC5-9B94F4479D3C}
		{433044F9-A8C7-3BE5-A391-0EB5791184DF} = {7F97E82E-D82B-4CCE-9388-724CFB351FA3}
		{447C989A-82C2-3787-90CB-3DD9F1C7115A} = {7F97E82E-D82B-4CCE-9388-724CFB351FA3}
		{282935E5-9455-3043-A601-8AFC5D91CCF2} = {14A8C147-6063-498C-9BD0-0C387D06466E}
		{68A7E277-632C-339A-AA5D-E47072C63517} = {14A8C147-6063-498C-9BD0-0C387D06466E}
		{D59E0254-3DD8-394B-9676-3679A7E7ABF1} = {14A8C147-6063-498C-9BD0-0C387D06466E}
		{F9108E8E-6DFD-311C-B1D0-1E1CEA031EB0} = {7F97E82E-D82B-4CCE-9388-724CFB351FA3}
		{A1A7B1A1-F34D-397D-B49C-CFC22110BC3E} = {7F97E82E-D82B-4CCE-9388-724CFB351FA3}
		{972E7C35-2D56-3B92-85AE-09858CC34DC4} = {7F97E82E-D82B-4CCE-9388-724CFB351FA3}
		{F6375414-4F28-3B34-8C1A-73BE686D1523} = {7B63DD8F-36D6-4D84-8D63-F03270F8C592}
		{305CF841-642C-3BFC-A767-D7FF1CEFA01B} = {7B63DD8F-36D6-4D84-8D63-F03270F8C592}
		{E193A59B-E69F-3D1A-A85C-28B035EC4B0A} = {7B63DD8F-36D6-4D84-8D63-F03270F8C592}
		{BE228E6C-89BB-31FB-A4AD-B8CA1AF677E5} = {7B63DD8F-36D6-4D84-8D63-F03270F8C592}
		{E1915654-4330-3F62-8D59-62DA0D11D4DF} = {7B63DD8F-36D6-4D84-8D63-F03270F8C592}
		{5547FB15-7310-3449-8C01-2BECC4911A81} = {7B63DD8F-36D6-4D84-8D63-F03270F8C592}
		{B61710EA-F866-37F8-AFDD-8FAC9A69187E} = {7B63DD8F-36D6-4D84-8D63-F03270F8C592}
		{2BCBB298-F1FA-3F95-94F4-0C901CAFE950} = {7B63DD8F-36D6-4D84-8D63-F03270F8C592}
		{AD8484FA-6605-3DDB-86EE-4595194B3A57} = {7B63DD8F-36D6-4D84-8D63-F03270F8C592}
		{589C6728-F1C6-37DE-8677-95D0BBBA663A} = {7B63DD8F-36D6-4D84-8D63-F03270F8C592}
		{69416655-6682-39F3-8EC3-D8512B60E0B7} = {7B63DD8F-36D6-4D84-8D63-F03270F8C592}
		{A3C9DC37-2580-3DDF-AE89-06B02623B419} = {7B63DD8F-36D6-4D84-8D63-F03270F8C592}
		{9A9DD8D6-9DA2-3416-8C69-5A4707D43F83} = {7B63DD8F-36D6-4D84-8D63-F03270F8C592}
		{4E5CC1DA-00D6-3B54-A338-2FA4FDA1ADBA} = {7B63DD8F-36D6-4D84-8D63-F03270F8C592}
		{FC84C09D-5BD3-3AB0-B8AF-67FB28FB276F} = {7B63DD8F-36D6-4D84-8D63-F03270F8C592}
		{A1FB4DB0-2300-382B-AA1B-5FE38CB3D7DB} = {7B63DD8F-36D6-4D84-8D63-F03270F8C592}
		{04CFF81B-50BE-3022-8335-37CC05A42715} = {7B63DD8F-36D6-4D84-8D63-F03270F8C592}
		{67DCE438-FECE-3B61-B482-BE59539701DD} = {7B63DD8F-36D6-4D84-8D63-F03270F8C592}
		{CA7187FF-7A91-30DA-AD44-78EE2537A0BC} = {7B63DD8F-36D6-4D84-8D63-F03270F8C592}
		{6D31828A-A045-324D-81FC-70191FD8F89F} = {7B63DD8F-36D6-4D84-8D63-F03270F8C592}
		{4FBAF852-2EF1-3C89-820D-349A60EC5329} = {7B63DD8F-36D6-4D84-8D63-F03270F8C592}
		{4F6FA597-E2D1-38CF-849C-95A310056DD8} = {7B63DD8F-36D6-4D84-8D63-F03270F8C592}
		{14A8C147-6063-498C-9BD0-0C387D06466E} = {7F97E82E-D82B-4CCE-9388-724CFB351FA3}
		{4345DAFB-62FA-4FE3-ACC5-9B94F4479D3C} = {7F97E82E-D82B-4CCE-9388-724CFB351FA3}
	EndGlobalSection
EndGlobal
