Microsoft Visual Studio Solution File, Format Version 10.00
# Visual Studio 2008
Project("{8BC9CEB8-8B4A-11D0-8D11-00A0C91BC942}") = "png", "third-part\png\png.vcproj", "{4F26114C-D4CC-3918-BD96-595369AF029D}"
EndProject
Project("{8BC9CEB8-8B4A-11D0-8D11-00A0C91BC942}") = "skia", "third-part\skia\skia.vcproj", "{FD0B837B-0C5D-3A8F-9E96-5726231B7211}"
EndProject
Project("{8BC9CEB8-8B4A-11D0-8D11-00A0C91BC942}") = "zlib", "third-part\zlib\zlib.vcproj", "{C0C618DD-D790-3D3F-A06A-2E5CBA2B2F2E}"
EndProject
Project("{8BC9CEB8-8B4A-11D0-8D11-00A0C91BC942}") = "lua-52", "third-part\lua-52\lua-52.vcproj", "{C61FBE81-669D-36D2-B56D-AE6D8752DC39}"
EndProject
Project("{8BC9CEB8-8B4A-11D0-8D11-00A0C91BC942}") = "smiley", "third-part\smiley\smiley.vcproj", "{0D29E610-E30E-310D-AB71-6CFDD664643B}"
EndProject
Project("{8BC9CEB8-8B4A-11D0-8D11-00A0C91BC942}") = "mhook", "third-part\mhook\mhook.vcproj", "{96954A2E-CEE8-38BB-A476-71E1E8897FC6}"
EndProject
Project("{8BC9CEB8-8B4A-11D0-8D11-00A0C91BC942}") = "utilities", "utilities\utilities.vcproj", "{1422B414-7C9C-3BFC-8659-0318FBB06CFA}"
EndProject
Project("{8BC9CEB8-8B4A-11D0-8D11-00A0C91BC942}") = "soui", "SOUI\soui.vcproj", "{0F2008C7-3A4E-339A-A1E9-AB14E9EB2D94}"
	ProjectSection(ProjectDependencies) = postProject
		{1422B414-7C9C-3BFC-8659-0318FBB06CFA} = {1422B414-7C9C-3BFC-8659-0318FBB06CFA}
	EndProjectSection
EndProject
Project("{8BC9CEB8-8B4A-11D0-8D11-00A0C91BC942}") = "imgdecoder-wic", "components\imgdecoder-wic\imgdecoder-wic.vcproj", "{246A9B17-C110-3FC0-9617-289A9D1B1937}"
EndProject
Project("{8BC9CEB8-8B4A-11D0-8D11-00A0C91BC942}") = "render-gdi", "components\render-gdi\render-gdi.vcproj", "{0A95D2F5-81CF-36FD-9653-9356D4D8974A}"
EndProject
Project("{8BC9CEB8-8B4A-11D0-8D11-00A0C91BC942}") = "render-skia", "components\render-skia\render-skia.vcproj", "{48746C6E-B8A6-39BC-9149-79FF3E32B718}"
	ProjectSection(ProjectDependencies) = postProject
		{FD0B837B-0C5D-3A8F-9E96-5726231B7211} = {FD0B837B-0C5D-3A8F-9E96-5726231B7211}
	EndProjectSection
EndProject
Project("{8BC9CEB8-8B4A-11D0-8D11-00A0C91BC942}") = "translator", "components\translator\translator.vcproj", "{9F31D665-4008-388B-B513-458599117EE4}"
	ProjectSection(ProjectDependencies) = postProject
		{1422B414-7C9C-3BFC-8659-0318FBB06CFA} = {1422B414-7C9C-3BFC-8659-0318FBB06CFA}
	EndProjectSection
EndProject
Project("{8BC9CEB8-8B4A-11D0-8D11-00A0C91BC942}") = "resprovider-zip", "components\resprovider-zip\resprovider-zip.vcproj", "{F9070D9A-8209-3C94-83D7-FDC38EC69495}"
	ProjectSection(ProjectDependencies) = postProject
		{1422B414-7C9C-3BFC-8659-0318FBB06CFA} = {1422B414-7C9C-3BFC-8659-0318FBB06CFA}
		{1422B414-7C9C-3BFC-8659-0318FBB06CFA} = {1422B414-7C9C-3BFC-8659-0318FBB06CFA}
	EndProjectSection
EndProject
Project("{8BC9CEB8-8B4A-11D0-8D11-00A0C91BC942}") = "imgdecoder-stb", "components\imgdecoder-stb\imgdecoder-stb.vcproj", "{9124605F-BA70-39A5-B328-D3E0AB8394B9}"
EndProject
Project("{8BC9CEB8-8B4A-11D0-8D11-00A0C91BC942}") = "imgdecoder-png", "components\imgdecoder-png\imgdecoder-png.vcproj", "{23906275-83F9-334F-8C01-223457796F71}"
	ProjectSection(ProjectDependencies) = postProject
		{4F26114C-D4CC-3918-BD96-595369AF029D} = {4F26114C-D4CC-3918-BD96-595369AF029D}
		{C0C618DD-D790-3D3F-A06A-2E5CBA2B2F2E} = {C0C618DD-D790-3D3F-A06A-2E5CBA2B2F2E}
	EndProjectSection
EndProject
Project("{8BC9CEB8-8B4A-11D0-8D11-00A0C91BC942}") = "imgdecoder-gdip", "components\imgdecoder-gdip\imgdecoder-gdip.vcproj", "{D961AEEF-FB0D-3127-9958-AD12584FEE40}"
EndProject
Project("{8BC9CEB8-8B4A-11D0-8D11-00A0C91BC942}") = "scriptmodule-lua", "components\ScriptModule-LUA\scriptmodule-lua.vcproj", "{2C066C58-C598-3598-B42E-5930C429294D}"
	ProjectSection(ProjectDependencies) = postProject
		{C61FBE81-669D-36D2-B56D-AE6D8752DC39} = {C61FBE81-669D-36D2-B56D-AE6D8752DC39}
		{0F2008C7-3A4E-339A-A1E9-AB14E9EB2D94} = {0F2008C7-3A4E-339A-A1E9-AB14E9EB2D94}
	EndProjectSection
EndProject
Project("{8BC9CEB8-8B4A-11D0-8D11-00A0C91BC942}") = "log4z", "components\log4z\log4z.vcproj", "{11764333-7133-361D-A4D1-713B0A0B8842}"
EndProject
Project("{8BC9CEB8-8B4A-11D0-8D11-00A0C91BC942}") = "demo", "demos\demo\demo.vcproj", "{50DB50E8-B8E7-380B-9E32-D034EFD29D80}"
	ProjectSection(ProjectDependencies) = postProject
		{0D29E610-E30E-310D-AB71-6CFDD664643B} = {0D29E610-E30E-310D-AB71-6CFDD664643B}
		{96954A2E-CEE8-38BB-A476-71E1E8897FC6} = {96954A2E-CEE8-38BB-A476-71E1E8897FC6}
		{FD0B837B-0C5D-3A8F-9E96-5726231B7211} = {FD0B837B-0C5D-3A8F-9E96-5726231B7211}
		{0F2008C7-3A4E-339A-A1E9-AB14E9EB2D94} = {0F2008C7-3A4E-339A-A1E9-AB14E9EB2D94}
	EndProjectSection
EndProject
Project("{8BC9CEB8-8B4A-11D0-8D11-00A0C91BC942}") = "qqlogin", "demos\QQLogin\qqlogin.vcproj", "{F2C6312F-FBC2-326E-9735-46544B83E962}"
	ProjectSection(ProjectDependencies) = postProject
		{FD0B837B-0C5D-3A8F-9E96-5726231B7211} = {FD0B837B-0C5D-3A8F-9E96-5726231B7211}
		{0F2008C7-3A4E-339A-A1E9-AB14E9EB2D94} = {0F2008C7-3A4E-339A-A1E9-AB14E9EB2D94}
	EndProjectSection
EndProject
Project("{8BC9CEB8-8B4A-11D0-8D11-00A0C91BC942}") = "360", "demos\360\360.vcproj", "{94FFAF18-C84E-3766-B718-E36B79E4DE14}"
	ProjectSection(ProjectDependencies) = postProject
		{FD0B837B-0C5D-3A8F-9E96-5726231B7211} = {FD0B837B-0C5D-3A8F-9E96-5726231B7211}
		{0F2008C7-3A4E-339A-A1E9-AB14E9EB2D94} = {0F2008C7-3A4E-339A-A1E9-AB14E9EB2D94}
	EndProjectSection
EndProject
Project("{8BC9CEB8-8B4A-11D0-8D11-00A0C91BC942}") = "360Preview", "demos\360Preview\360Preview.vcproj", "{7A35C5A8-A788-3A83-9A9D-ADFF6CB193E6}"
	ProjectSection(ProjectDependencies) = postProject
		{FD0B837B-0C5D-3A8F-9E96-5726231B7211} = {FD0B837B-0C5D-3A8F-9E96-5726231B7211}
		{0F2008C7-3A4E-339A-A1E9-AB14E9EB2D94} = {0F2008C7-3A4E-339A-A1E9-AB14E9EB2D94}
	EndProjectSection
EndProject
Project("{8BC9CEB8-8B4A-11D0-8D11-00A0C91BC942}") = "souispy", "demos\souispy\souispy.vcproj", "{70BC83F6-CB88-38AA-9172-16D82E27FF08}"
	ProjectSection(ProjectDependencies) = postProject
		{0F2008C7-3A4E-339A-A1E9-AB14E9EB2D94} = {0F2008C7-3A4E-339A-A1E9-AB14E9EB2D94}
	EndProjectSection
EndProject
Project("{8BC9CEB8-8B4A-11D0-8D11-00A0C91BC942}") = "PCManager", "demos\PcManager\PCManager.vcproj", "{0D0254E7-BBB8-3440-9B2C-77B705383214}"
	ProjectSection(ProjectDependencies) = postProject
		{FD0B837B-0C5D-3A8F-9E96-5726231B7211} = {FD0B837B-0C5D-3A8F-9E96-5726231B7211}
		{0F2008C7-3A4E-339A-A1E9-AB14E9EB2D94} = {0F2008C7-3A4E-339A-A1E9-AB14E9EB2D94}
	EndProjectSection
EndProject
Project("{8BC9CEB8-8B4A-11D0-8D11-00A0C91BC942}") = "SoTool", "demos\SoTool\SoTool.vcproj", "{E10736A0-5E55-37E1-81D5-990BBD673B98}"
	ProjectSection(ProjectDependencies) = postProject
		{FD0B837B-0C5D-3A8F-9E96-5726231B7211} = {FD0B837B-0C5D-3A8F-9E96-5726231B7211}
		{0F2008C7-3A4E-339A-A1E9-AB14E9EB2D94} = {0F2008C7-3A4E-339A-A1E9-AB14E9EB2D94}
	EndProjectSection
EndProject
Project("{8BC9CEB8-8B4A-11D0-8D11-00A0C91BC942}") = "mclistview_demo", "demos\mclistview_demo\mclistview_demo.vcproj", "{D41B4C15-6308-316C-BB9A-082BCD051B0C}"
	ProjectSection(ProjectDependencies) = postProject
		{FD0B837B-0C5D-3A8F-9E96-5726231B7211} = {FD0B837B-0C5D-3A8F-9E96-5726231B7211}
		{0F2008C7-3A4E-339A-A1E9-AB14E9EB2D94} = {0F2008C7-3A4E-339A-A1E9-AB14E9EB2D94}
	EndProjectSection
EndProject
Project("{2150E333-8FDC-42A3-9474-1A3956D46DE8}") = "demos", "demos", "{BF356269-06FC-400F-A653-FA6F9404A5DE}"
EndProject
Project("{2150E333-8FDC-42A3-9474-1A3956D46DE8}") = "components", "components", "{7E3A1493-014C-436A-8A0B-FD579ADA6531}"
EndProject
Project("{2150E333-8FDC-42A3-9474-1A3956D46DE8}") = "third-part", "third-part", "{DAD1DC0E-CD4D-4D50-944F-3345541043CC}"
EndProject
Project("{2150E333-8FDC-42A3-9474-1A3956D46DE8}") = "imgdecoder", "imgdecoder", "{E22EC8FD-71BB-4904-B623-F9C9A7E805BD}"
EndProject
Project("{2150E333-8FDC-42A3-9474-1A3956D46DE8}") = "render", "render", "{F1E33A5E-A347-40F8-A34A-5EB534D84C77}"
EndProject
Project("{8BC9CEB8-8B4A-11D0-8D11-00A0C91BC942}") = "UiEditor", "demos\UiEditor\UiEditor.vcproj", "{5D6B5086-1795-331A-8678-8030180C03B9}"
EndProject
Project("{8BC9CEB8-8B4A-11D0-8D11-00A0C91BC942}") = "gtest", "third-part\gtest\gtest.vcproj", "{604242E0-34FB-3F34-A5CF-0236582184C1}"
EndProject
Project("{8BC9CEB8-8B4A-11D0-8D11-00A0C91BC942}") = "souitest", "demos\souitest\souitest.vcproj", "{D66FAA3B-3410-3480-BA7E-54BD1FD967AD}"
EndProject
Project("{8BC9CEB8-8B4A-11D0-8D11-00A0C91BC942}") = "7z", "third-part\7z\7z.vcproj", "{26F48E3D-FD30-30BA-B450-C448DE4FBC9E}"
EndProject
Project("{8BC9CEB8-8B4A-11D0-8D11-00A0C91BC942}") = "resprovider-7zip", "components\resprovider-7zip\resprovider-7zip.vcproj", "{A7B2F3C9-B7A2-3C5F-9C8E-190F816D089F}"
EndProject
Project("{8BC9CEB8-8B4A-11D0-8D11-00A0C91BC942}") = "VUI", "demos\VUI\VUI.vcproj", "{35DFC1B2-C090-32E0-8AB2-EA7BE01803BC}"
	ProjectSection(ProjectDependencies) = postProject
		{C783A0BF-9380-3AA3-BF8A-8C25B4F75EC8} = {C783A0BF-9380-3AA3-BF8A-8C25B4F75EC8}
		{0F2008C7-3A4E-339A-A1E9-AB14E9EB2D94} = {0F2008C7-3A4E-339A-A1E9-AB14E9EB2D94}
	EndProjectSection
EndProject
Project("{8BC9CEB8-8B4A-11D0-8D11-00A0C91BC942}") = "BesLyric", "demos\BesLyric\BesLyric.vcproj", "{7D39B015-D77E-3FBF-9985-E403A232207F}"
EndProject
Project("{8BC9CEB8-8B4A-11D0-8D11-00A0C91BC942}") = "QQMain", "demos\QQMain\QQMain.vcproj", "{B4573D6E-D8E6-35B2-9323-15FE207EFB52}"
EndProject
Project("{8BC9CEB8-8B4A-11D0-8D11-00A0C91BC942}") = "FrogPlay", "demos\FrogPlay\FrogPlay.vcproj", "{0153CE51-8668-3232-B926-386C427F7B56}"
EndProject
Project("{8BC9CEB8-8B4A-11D0-8D11-00A0C91BC942}") = "MultiLangs", "demos\MultiLangs\MultiLangs.vcproj", "{08885EB6-57C3-3937-BC8A-9533C9D1C7A0}"
EndProject
Project("{8BC9CEB8-8B4A-11D0-8D11-00A0C91BC942}") = "TXMgr", "demos\TXMgr\TXMgr.vcproj", "{94EADB40-3A1F-33CC-B01E-6320B6594141}"
EndProject
Project("{8BC9CEB8-8B4A-11D0-8D11-00A0C91BC942}") = "SLogViewer", "demos\SLogViewer\SLogViewer.vcproj", "{795564B1-E04C-3353-8C6F-156331311E47}"
	ProjectSection(ProjectDependencies) = postProject
		{0F2008C7-3A4E-339A-A1E9-AB14E9EB2D94} = {0F2008C7-3A4E-339A-A1E9-AB14E9EB2D94}
	EndProjectSection
EndProject
Project("{8BC9CEB8-8B4A-11D0-8D11-00A0C91BC942}") = "soui-sys-resource", "soui-sys-resource\soui-sys-resource.vcproj", "{C783A0BF-9380-3AA3-BF8A-8C25B4F75EC8}"
EndProject
Project("{8BC9CEB8-8B4A-11D0-8D11-00A0C91BC942}") = "souieditor", "demos\SouiEditor\souieditor.vcproj", "{8439EECE-582A-3254-94E8-45A0B0F94128}"
	ProjectSection(ProjectDependencies) = postProject
		{0F2008C7-3A4E-339A-A1E9-AB14E9EB2D94} = {0F2008C7-3A4E-339A-A1E9-AB14E9EB2D94}
	EndProjectSection
EndProject
Project("{8BC9CEB8-8B4A-11D0-8D11-00A0C91BC942}") = "scintilla", "third-part\Scintilla\scintilla.vcproj", "{8E488E28-CB5B-3132-B76D-EA3B931AF3BE}"
EndProject
Global
	GlobalSection(SolutionConfigurationPlatforms) = preSolution
		Debug|Win32 = Debug|Win32
		Release|Win32 = Release|Win32
	EndGlobalSection
	GlobalSection(ProjectConfigurationPlatforms) = postSolution
		{4F26114C-D4CC-3918-BD96-595369AF029D}.Debug|Win32.ActiveCfg = Debug|Win32
		{4F26114C-D4CC-3918-BD96-595369AF029D}.Debug|Win32.Build.0 = Debug|Win32
		{4F26114C-D4CC-3918-BD96-595369AF029D}.Release|Win32.ActiveCfg = Release|Win32
		{4F26114C-D4CC-3918-BD96-595369AF029D}.Release|Win32.Build.0 = Release|Win32
		{FD0B837B-0C5D-3A8F-9E96-5726231B7211}.Debug|Win32.ActiveCfg = Debug|Win32
		{FD0B837B-0C5D-3A8F-9E96-5726231B7211}.Debug|Win32.Build.0 = Debug|Win32
		{FD0B837B-0C5D-3A8F-9E96-5726231B7211}.Release|Win32.ActiveCfg = Release|Win32
		{FD0B837B-0C5D-3A8F-9E96-5726231B7211}.Release|Win32.Build.0 = Release|Win32
		{C0C618DD-D790-3D3F-A06A-2E5CBA2B2F2E}.Debug|Win32.ActiveCfg = Debug|Win32
		{C0C618DD-D790-3D3F-A06A-2E5CBA2B2F2E}.Debug|Win32.Build.0 = Debug|Win32
		{C0C618DD-D790-3D3F-A06A-2E5CBA2B2F2E}.Release|Win32.ActiveCfg = Release|Win32
		{C0C618DD-D790-3D3F-A06A-2E5CBA2B2F2E}.Release|Win32.Build.0 = Release|Win32
		{C61FBE81-669D-36D2-B56D-AE6D8752DC39}.Debug|Win32.ActiveCfg = Debug|Win32
		{C61FBE81-669D-36D2-B56D-AE6D8752DC39}.Debug|Win32.Build.0 = Debug|Win32
		{C61FBE81-669D-36D2-B56D-AE6D8752DC39}.Release|Win32.ActiveCfg = Release|Win32
		{C61FBE81-669D-36D2-B56D-AE6D8752DC39}.Release|Win32.Build.0 = Release|Win32
		{0D29E610-E30E-310D-AB71-6CFDD664643B}.Debug|Win32.ActiveCfg = Debug|Win32
		{0D29E610-E30E-310D-AB71-6CFDD664643B}.Debug|Win32.Build.0 = Debug|Win32
		{0D29E610-E30E-310D-AB71-6CFDD664643B}.Release|Win32.ActiveCfg = Release|Win32
		{0D29E610-E30E-310D-AB71-6CFDD664643B}.Release|Win32.Build.0 = Release|Win32
		{96954A2E-CEE8-38BB-A476-71E1E8897FC6}.Debug|Win32.ActiveCfg = Debug|Win32
		{96954A2E-CEE8-38BB-A476-71E1E8897FC6}.Debug|Win32.Build.0 = Debug|Win32
		{96954A2E-CEE8-38BB-A476-71E1E8897FC6}.Release|Win32.ActiveCfg = Release|Win32
		{96954A2E-CEE8-38BB-A476-71E1E8897FC6}.Release|Win32.Build.0 = Release|Win32
		{1422B414-7C9C-3BFC-8659-0318FBB06CFA}.Debug|Win32.ActiveCfg = Debug|Win32
		{1422B414-7C9C-3BFC-8659-0318FBB06CFA}.Debug|Win32.Build.0 = Debug|Win32
		{1422B414-7C9C-3BFC-8659-0318FBB06CFA}.Release|Win32.ActiveCfg = Release|Win32
		{1422B414-7C9C-3BFC-8659-0318FBB06CFA}.Release|Win32.Build.0 = Release|Win32
		{0F2008C7-3A4E-339A-A1E9-AB14E9EB2D94}.Debug|Win32.ActiveCfg = Debug|Win32
		{0F2008C7-3A4E-339A-A1E9-AB14E9EB2D94}.Debug|Win32.Build.0 = Debug|Win32
		{0F2008C7-3A4E-339A-A1E9-AB14E9EB2D94}.Release|Win32.ActiveCfg = Release|Win32
		{0F2008C7-3A4E-339A-A1E9-AB14E9EB2D94}.Release|Win32.Build.0 = Release|Win32
		{246A9B17-C110-3FC0-9617-289A9D1B1937}.Debug|Win32.ActiveCfg = Debug|Win32
		{246A9B17-C110-3FC0-9617-289A9D1B1937}.Debug|Win32.Build.0 = Debug|Win32
		{246A9B17-C110-3FC0-9617-289A9D1B1937}.Release|Win32.ActiveCfg = Release|Win32
		{246A9B17-C110-3FC0-9617-289A9D1B1937}.Release|Win32.Build.0 = Release|Win32
		{0A95D2F5-81CF-36FD-9653-9356D4D8974A}.Debug|Win32.ActiveCfg = Debug|Win32
		{0A95D2F5-81CF-36FD-9653-9356D4D8974A}.Debug|Win32.Build.0 = Debug|Win32
		{0A95D2F5-81CF-36FD-9653-9356D4D8974A}.Release|Win32.ActiveCfg = Release|Win32
		{0A95D2F5-81CF-36FD-9653-9356D4D8974A}.Release|Win32.Build.0 = Release|Win32
		{48746C6E-B8A6-39BC-9149-79FF3E32B718}.Debug|Win32.ActiveCfg = Debug|Win32
		{48746C6E-B8A6-39BC-9149-79FF3E32B718}.Debug|Win32.Build.0 = Debug|Win32
		{48746C6E-B8A6-39BC-9149-79FF3E32B718}.Release|Win32.ActiveCfg = Release|Win32
		{48746C6E-B8A6-39BC-9149-79FF3E32B718}.Release|Win32.Build.0 = Release|Win32
		{9F31D665-4008-388B-B513-458599117EE4}.Debug|Win32.ActiveCfg = Debug|Win32
		{9F31D665-4008-388B-B513-458599117EE4}.Debug|Win32.Build.0 = Debug|Win32
		{9F31D665-4008-388B-B513-458599117EE4}.Release|Win32.ActiveCfg = Release|Win32
		{9F31D665-4008-388B-B513-458599117EE4}.Release|Win32.Build.0 = Release|Win32
		{F9070D9A-8209-3C94-83D7-FDC38EC69495}.Debug|Win32.ActiveCfg = Debug|Win32
		{F9070D9A-8209-3C94-83D7-FDC38EC69495}.Debug|Win32.Build.0 = Debug|Win32
		{F9070D9A-8209-3C94-83D7-FDC38EC69495}.Release|Win32.ActiveCfg = Release|Win32
		{F9070D9A-8209-3C94-83D7-FDC38EC69495}.Release|Win32.Build.0 = Release|Win32
		{9124605F-BA70-39A5-B328-D3E0AB8394B9}.Debug|Win32.ActiveCfg = Debug|Win32
		{9124605F-BA70-39A5-B328-D3E0AB8394B9}.Debug|Win32.Build.0 = Debug|Win32
		{9124605F-BA70-39A5-B328-D3E0AB8394B9}.Release|Win32.ActiveCfg = Release|Win32
		{9124605F-BA70-39A5-B328-D3E0AB8394B9}.Release|Win32.Build.0 = Release|Win32
		{23906275-83F9-334F-8C01-223457796F71}.Debug|Win32.ActiveCfg = Debug|Win32
		{23906275-83F9-334F-8C01-223457796F71}.Debug|Win32.Build.0 = Debug|Win32
		{23906275-83F9-334F-8C01-223457796F71}.Release|Win32.ActiveCfg = Release|Win32
		{23906275-83F9-334F-8C01-223457796F71}.Release|Win32.Build.0 = Release|Win32
		{D961AEEF-FB0D-3127-9958-AD12584FEE40}.Debug|Win32.ActiveCfg = Debug|Win32
		{D961AEEF-FB0D-3127-9958-AD12584FEE40}.Debug|Win32.Build.0 = Debug|Win32
		{D961AEEF-FB0D-3127-9958-AD12584FEE40}.Release|Win32.ActiveCfg = Release|Win32
		{D961AEEF-FB0D-3127-9958-AD12584FEE40}.Release|Win32.Build.0 = Release|Win32
		{2C066C58-C598-3598-B42E-5930C429294D}.Debug|Win32.ActiveCfg = Debug|Win32
		{2C066C58-C598-3598-B42E-5930C429294D}.Debug|Win32.Build.0 = Debug|Win32
		{2C066C58-C598-3598-B42E-5930C429294D}.Release|Win32.ActiveCfg = Release|Win32
		{2C066C58-C598-3598-B42E-5930C429294D}.Release|Win32.Build.0 = Release|Win32
		{11764333-7133-361D-A4D1-713B0A0B8842}.Debug|Win32.ActiveCfg = Debug|Win32
		{11764333-7133-361D-A4D1-713B0A0B8842}.Debug|Win32.Build.0 = Debug|Win32
		{11764333-7133-361D-A4D1-713B0A0B8842}.Release|Win32.ActiveCfg = Release|Win32
		{11764333-7133-361D-A4D1-713B0A0B8842}.Release|Win32.Build.0 = Release|Win32
		{50DB50E8-B8E7-380B-9E32-D034EFD29D80}.Debug|Win32.ActiveCfg = Debug|Win32
		{50DB50E8-B8E7-380B-9E32-D034EFD29D80}.Debug|Win32.Build.0 = Debug|Win32
		{50DB50E8-B8E7-380B-9E32-D034EFD29D80}.Release|Win32.ActiveCfg = Release|Win32
		{50DB50E8-B8E7-380B-9E32-D034EFD29D80}.Release|Win32.Build.0 = Release|Win32
		{F2C6312F-FBC2-326E-9735-46544B83E962}.Debug|Win32.ActiveCfg = Debug|Win32
		{F2C6312F-FBC2-326E-9735-46544B83E962}.Debug|Win32.Build.0 = Debug|Win32
		{F2C6312F-FBC2-326E-9735-46544B83E962}.Release|Win32.ActiveCfg = Release|Win32
		{F2C6312F-FBC2-326E-9735-46544B83E962}.Release|Win32.Build.0 = Release|Win32
		{94FFAF18-C84E-3766-B718-E36B79E4DE14}.Debug|Win32.ActiveCfg = Debug|Win32
		{94FFAF18-C84E-3766-B718-E36B79E4DE14}.Debug|Win32.Build.0 = Debug|Win32
		{94FFAF18-C84E-3766-B718-E36B79E4DE14}.Release|Win32.ActiveCfg = Release|Win32
		{94FFAF18-C84E-3766-B718-E36B79E4DE14}.Release|Win32.Build.0 = Release|Win32
		{7A35C5A8-A788-3A83-9A9D-ADFF6CB193E6}.Debug|Win32.ActiveCfg = Debug|Win32
		{7A35C5A8-A788-3A83-9A9D-ADFF6CB193E6}.Debug|Win32.Build.0 = Debug|Win32
		{7A35C5A8-A788-3A83-9A9D-ADFF6CB193E6}.Release|Win32.ActiveCfg = Release|Win32
		{7A35C5A8-A788-3A83-9A9D-ADFF6CB193E6}.Release|Win32.Build.0 = Release|Win32
		{70BC83F6-CB88-38AA-9172-16D82E27FF08}.Debug|Win32.ActiveCfg = Debug|Win32
		{70BC83F6-CB88-38AA-9172-16D82E27FF08}.Debug|Win32.Build.0 = Debug|Win32
		{70BC83F6-CB88-38AA-9172-16D82E27FF08}.Release|Win32.ActiveCfg = Release|Win32
		{70BC83F6-CB88-38AA-9172-16D82E27FF08}.Release|Win32.Build.0 = Release|Win32
		{0D0254E7-BBB8-3440-9B2C-77B705383214}.Debug|Win32.ActiveCfg = Debug|Win32
		{0D0254E7-BBB8-3440-9B2C-77B705383214}.Debug|Win32.Build.0 = Debug|Win32
		{0D0254E7-BBB8-3440-9B2C-77B705383214}.Release|Win32.ActiveCfg = Release|Win32
		{0D0254E7-BBB8-3440-9B2C-77B705383214}.Release|Win32.Build.0 = Release|Win32
		{E10736A0-5E55-37E1-81D5-990BBD673B98}.Debug|Win32.ActiveCfg = Debug|Win32
		{E10736A0-5E55-37E1-81D5-990BBD673B98}.Debug|Win32.Build.0 = Debug|Win32
		{E10736A0-5E55-37E1-81D5-990BBD673B98}.Release|Win32.ActiveCfg = Release|Win32
		{E10736A0-5E55-37E1-81D5-990BBD673B98}.Release|Win32.Build.0 = Release|Win32
		{D41B4C15-6308-316C-BB9A-082BCD051B0C}.Debug|Win32.ActiveCfg = Debug|Win32
		{D41B4C15-6308-316C-BB9A-082BCD051B0C}.Debug|Win32.Build.0 = Debug|Win32
		{D41B4C15-6308-316C-BB9A-082BCD051B0C}.Release|Win32.ActiveCfg = Release|Win32
		{D41B4C15-6308-316C-BB9A-082BCD051B0C}.Release|Win32.Build.0 = Release|Win32
		{5D6B5086-1795-331A-8678-8030180C03B9}.Debug|Win32.ActiveCfg = Debug|Win32
		{5D6B5086-1795-331A-8678-8030180C03B9}.Debug|Win32.Build.0 = Debug|Win32
		{5D6B5086-1795-331A-8678-8030180C03B9}.Release|Win32.ActiveCfg = Release|Win32
		{5D6B5086-1795-331A-8678-8030180C03B9}.Release|Win32.Build.0 = Release|Win32
		{604242E0-34FB-3F34-A5CF-0236582184C1}.Debug|Win32.ActiveCfg = Debug|Win32
		{604242E0-34FB-3F34-A5CF-0236582184C1}.Debug|Win32.Build.0 = Debug|Win32
		{604242E0-34FB-3F34-A5CF-0236582184C1}.Release|Win32.ActiveCfg = Release|Win32
		{604242E0-34FB-3F34-A5CF-0236582184C1}.Release|Win32.Build.0 = Release|Win32
		{D66FAA3B-3410-3480-BA7E-54BD1FD967AD}.Debug|Win32.ActiveCfg = Debug|Win32
		{D66FAA3B-3410-3480-BA7E-54BD1FD967AD}.Debug|Win32.Build.0 = Debug|Win32
		{D66FAA3B-3410-3480-BA7E-54BD1FD967AD}.Release|Win32.ActiveCfg = Release|Win32
		{D66FAA3B-3410-3480-BA7E-54BD1FD967AD}.Release|Win32.Build.0 = Release|Win32
		{26F48E3D-FD30-30BA-B450-C448DE4FBC9E}.Debug|Win32.ActiveCfg = Debug|Win32
		{26F48E3D-FD30-30BA-B450-C448DE4FBC9E}.Debug|Win32.Build.0 = Debug|Win32
		{26F48E3D-FD30-30BA-B450-C448DE4FBC9E}.Release|Win32.ActiveCfg = Release|Win32
		{26F48E3D-FD30-30BA-B450-C448DE4FBC9E}.Release|Win32.Build.0 = Release|Win32
		{A7B2F3C9-B7A2-3C5F-9C8E-190F816D089F}.Debug|Win32.ActiveCfg = Debug|Win32
		{A7B2F3C9-B7A2-3C5F-9C8E-190F816D089F}.Debug|Win32.Build.0 = Debug|Win32
		{A7B2F3C9-B7A2-3C5F-9C8E-190F816D089F}.Release|Win32.ActiveCfg = Release|Win32
		{A7B2F3C9-B7A2-3C5F-9C8E-190F816D089F}.Release|Win32.Build.0 = Release|Win32
		{35DFC1B2-C090-32E0-8AB2-EA7BE01803BC}.Debug|Win32.ActiveCfg = Debug|Win32
		{35DFC1B2-C090-32E0-8AB2-EA7BE01803BC}.Debug|Win32.Build.0 = Debug|Win32
		{35DFC1B2-C090-32E0-8AB2-EA7BE01803BC}.Release|Win32.ActiveCfg = Release|Win32
		{35DFC1B2-C090-32E0-8AB2-EA7BE01803BC}.Release|Win32.Build.0 = Release|Win32
		{7D39B015-D77E-3FBF-9985-E403A232207F}.Debug|Win32.ActiveCfg = Debug|Win32
		{7D39B015-D77E-3FBF-9985-E403A232207F}.Debug|Win32.Build.0 = Debug|Win32
		{7D39B015-D77E-3FBF-9985-E403A232207F}.Release|Win32.ActiveCfg = Release|Win32
		{7D39B015-D77E-3FBF-9985-E403A232207F}.Release|Win32.Build.0 = Release|Win32
		{B4573D6E-D8E6-35B2-9323-15FE207EFB52}.Debug|Win32.ActiveCfg = Debug|Win32
		{B4573D6E-D8E6-35B2-9323-15FE207EFB52}.Debug|Win32.Build.0 = Debug|Win32
		{B4573D6E-D8E6-35B2-9323-15FE207EFB52}.Release|Win32.ActiveCfg = Release|Win32
		{B4573D6E-D8E6-35B2-9323-15FE207EFB52}.Release|Win32.Build.0 = Release|Win32
		{0153CE51-8668-3232-B926-386C427F7B56}.Debug|Win32.ActiveCfg = Debug|Win32
		{0153CE51-8668-3232-B926-386C427F7B56}.Debug|Win32.Build.0 = Debug|Win32
		{0153CE51-8668-3232-B926-386C427F7B56}.Release|Win32.ActiveCfg = Release|Win32
		{0153CE51-8668-3232-B926-386C427F7B56}.Release|Win32.Build.0 = Release|Win32
		{08885EB6-57C3-3937-BC8A-9533C9D1C7A0}.Debug|Win32.ActiveCfg = Debug|Win32
		{08885EB6-57C3-3937-BC8A-9533C9D1C7A0}.Debug|Win32.Build.0 = Debug|Win32
		{08885EB6-57C3-3937-BC8A-9533C9D1C7A0}.Release|Win32.ActiveCfg = Release|Win32
		{08885EB6-57C3-3937-BC8A-9533C9D1C7A0}.Release|Win32.Build.0 = Release|Win32
		{94EADB40-3A1F-33CC-B01E-6320B6594141}.Debug|Win32.ActiveCfg = Debug|Win32
		{94EADB40-3A1F-33CC-B01E-6320B6594141}.Debug|Win32.Build.0 = Debug|Win32
		{94EADB40-3A1F-33CC-B01E-6320B6594141}.Release|Win32.ActiveCfg = Release|Win32
		{94EADB40-3A1F-33CC-B01E-6320B6594141}.Release|Win32.Build.0 = Release|Win32
		{795564B1-E04C-3353-8C6F-156331311E47}.Debug|Win32.ActiveCfg = Debug|Win32
		{795564B1-E04C-3353-8C6F-156331311E47}.Debug|Win32.Build.0 = Debug|Win32
		{795564B1-E04C-3353-8C6F-156331311E47}.Release|Win32.ActiveCfg = Release|Win32
		{795564B1-E04C-3353-8C6F-156331311E47}.Release|Win32.Build.0 = Release|Win32
		{C783A0BF-9380-3AA3-BF8A-8C25B4F75EC8}.Debug|Win32.ActiveCfg = Debug|Win32
		{C783A0BF-9380-3AA3-BF8A-8C25B4F75EC8}.Debug|Win32.Build.0 = Debug|Win32
		{C783A0BF-9380-3AA3-BF8A-8C25B4F75EC8}.Release|Win32.ActiveCfg = Release|Win32
		{C783A0BF-9380-3AA3-BF8A-8C25B4F75EC8}.Release|Win32.Build.0 = Release|Win32
		{8439EECE-582A-3254-94E8-45A0B0F94128}.Debug|Win32.ActiveCfg = Debug|Win32
		{8439EECE-582A-3254-94E8-45A0B0F94128}.Debug|Win32.Build.0 = Debug|Win32
		{8439EECE-582A-3254-94E8-45A0B0F94128}.Release|Win32.ActiveCfg = Release|Win32
		{8439EECE-582A-3254-94E8-45A0B0F94128}.Release|Win32.Build.0 = Release|Win32
		{8E488E28-CB5B-3132-B76D-EA3B931AF3BE}.Debug|Win32.ActiveCfg = Debug|Win32
		{8E488E28-CB5B-3132-B76D-EA3B931AF3BE}.Debug|Win32.Build.0 = Debug|Win32
		{8E488E28-CB5B-3132-B76D-EA3B931AF3BE}.Release|Win32.ActiveCfg = Release|Win32
		{8E488E28-CB5B-3132-B76D-EA3B931AF3BE}.Release|Win32.Build.0 = Release|Win32
	EndGlobalSection
	GlobalSection(SolutionProperties) = preSolution
		HideSolutionNode = FALSE
	EndGlobalSection
	GlobalSection(NestedProjects) = preSolution
		{FD0B837B-0C5D-3A8F-9E96-5726231B7211} = {DAD1DC0E-CD4D-4D50-944F-3345541043CC}
		{C0C618DD-D790-3D3F-A06A-2E5CBA2B2F2E} = {DAD1DC0E-CD4D-4D50-944F-3345541043CC}
		{C61FBE81-669D-36D2-B56D-AE6D8752DC39} = {DAD1DC0E-CD4D-4D50-944F-3345541043CC}
		{0D29E610-E30E-310D-AB71-6CFDD664643B} = {DAD1DC0E-CD4D-4D50-944F-3345541043CC}
		{96954A2E-CEE8-38BB-A476-71E1E8897FC6} = {DAD1DC0E-CD4D-4D50-944F-3345541043CC}
		{4F26114C-D4CC-3918-BD96-595369AF029D} = {DAD1DC0E-CD4D-4D50-944F-3345541043CC}
		{604242E0-34FB-3F34-A5CF-0236582184C1} = {DAD1DC0E-CD4D-4D50-944F-3345541043CC}
		{26F48E3D-FD30-30BA-B450-C448DE4FBC9E} = {DAD1DC0E-CD4D-4D50-944F-3345541043CC}
		{8E488E28-CB5B-3132-B76D-EA3B931AF3BE} = {DAD1DC0E-CD4D-4D50-944F-3345541043CC}
		{F1E33A5E-A347-40F8-A34A-5EB534D84C77} = {7E3A1493-014C-436A-8A0B-FD579ADA6531}
		{9F31D665-4008-388B-B513-458599117EE4} = {7E3A1493-014C-436A-8A0B-FD579ADA6531}
		{F9070D9A-8209-3C94-83D7-FDC38EC69495} = {7E3A1493-014C-436A-8A0B-FD579ADA6531}
		{E22EC8FD-71BB-4904-B623-F9C9A7E805BD} = {7E3A1493-014C-436A-8A0B-FD579ADA6531}
		{2C066C58-C598-3598-B42E-5930C429294D} = {7E3A1493-014C-436A-8A0B-FD579ADA6531}
		{11764333-7133-361D-A4D1-713B0A0B8842} = {7E3A1493-014C-436A-8A0B-FD579ADA6531}
		{A7B2F3C9-B7A2-3C5F-9C8E-190F816D089F} = {7E3A1493-014C-436A-8A0B-FD579ADA6531}
		{48746C6E-B8A6-39BC-9149-79FF3E32B718} = {F1E33A5E-A347-40F8-A34A-5EB534D84C77}
		{0A95D2F5-81CF-36FD-9653-9356D4D8974A} = {F1E33A5E-A347-40F8-A34A-5EB534D84C77}
		{23906275-83F9-334F-8C01-223457796F71} = {E22EC8FD-71BB-4904-B623-F9C9A7E805BD}
		{D961AEEF-FB0D-3127-9958-AD12584FEE40} = {E22EC8FD-71BB-4904-B623-F9C9A7E805BD}
		{246A9B17-C110-3FC0-9617-289A9D1B1937} = {E22EC8FD-71BB-4904-B623-F9C9A7E805BD}
		{9124605F-BA70-39A5-B328-D3E0AB8394B9} = {E22EC8FD-71BB-4904-B623-F9C9A7E805BD}
		{F2C6312F-FBC2-326E-9735-46544B83E962} = {BF356269-06FC-400F-A653-FA6F9404A5DE}
		{94FFAF18-C84E-3766-B718-E36B79E4DE14} = {BF356269-06FC-400F-A653-FA6F9404A5DE}
		{7A35C5A8-A788-3A83-9A9D-ADFF6CB193E6} = {BF356269-06FC-400F-A653-FA6F9404A5DE}
		{70BC83F6-CB88-38AA-9172-16D82E27FF08} = {BF356269-06FC-400F-A653-FA6F9404A5DE}
		{0D0254E7-BBB8-3440-9B2C-77B705383214} = {BF356269-06FC-400F-A653-FA6F9404A5DE}
		{E10736A0-5E55-37E1-81D5-990BBD673B98} = {BF356269-06FC-400F-A653-FA6F9404A5DE}
		{D41B4C15-6308-316C-BB9A-082BCD051B0C} = {BF356269-06FC-400F-A653-FA6F9404A5DE}
		{50DB50E8-B8E7-380B-9E32-D034EFD29D80} = {BF356269-06FC-400F-A653-FA6F9404A5DE}
		{5D6B5086-1795-331A-8678-8030180C03B9} = {BF356269-06FC-400F-A653-FA6F9404A5DE}
		{D66FAA3B-3410-3480-BA7E-54BD1FD967AD} = {BF356269-06FC-400F-A653-FA6F9404A5DE}
		{35DFC1B2-C090-32E0-8AB2-EA7BE01803BC} = {BF356269-06FC-400F-A653-FA6F9404A5DE}
		{7D39B015-D77E-3FBF-9985-E403A232207F} = {BF356269-06FC-400F-A653-FA6F9404A5DE}
		{B4573D6E-D8E6-35B2-9323-15FE207EFB52} = {BF356269-06FC-400F-A653-FA6F9404A5DE}
		{0153CE51-8668-3232-B926-386C427F7B56} = {BF356269-06FC-400F-A653-FA6F9404A5DE}
		{08885EB6-57C3-3937-BC8A-9533C9D1C7A0} = {BF356269-06FC-400F-A653-FA6F9404A5DE}
		{94EADB40-3A1F-33CC-B01E-6320B6594141} = {BF356269-06FC-400F-A653-FA6F9404A5DE}
		{795564B1-E04C-3353-8C6F-156331311E47} = {BF356269-06FC-400F-A653-FA6F9404A5DE}
		{8439EECE-582A-3254-94E8-45A0B0F94128} = {BF356269-06FC-400F-A653-FA6F9404A5DE}
	EndGlobalSection
EndGlobal
