Microsoft Visual Studio Solution File, Format Version 10.00
# Visual Studio 2008
Project("{8BC9CEB8-8B4A-11D0-8D11-00A0C91BC942}") = "png", "third-part\png\png.vcproj", "{B38F718B-BECB-385F-AAA0-8BF980854BAF}"
EndProject
Project("{8BC9CEB8-8B4A-11D0-8D11-00A0C91BC942}") = "skia", "third-part\skia\skia.vcproj", "{778695C0-BEB2-3650-98C9-14CF32A4E6E5}"
EndProject
Project("{8BC9CEB8-8B4A-11D0-8D11-00A0C91BC942}") = "zlib", "third-part\zlib\zlib.vcproj", "{7D563888-E973-324B-AACD-07FC11CDB721}"
EndProject
Project("{8BC9CEB8-8B4A-11D0-8D11-00A0C91BC942}") = "lua-52", "third-part\lua-52\lua-52.vcproj", "{04CB848A-E162-3ED8-9188-4B5E4641436F}"
EndProject
Project("{8BC9CEB8-8B4A-11D0-8D11-00A0C91BC942}") = "smiley", "third-part\smiley\smiley.vcproj", "{C909FA07-E88E-3027-B4B5-19B92AC06FC0}"
EndProject
Project("{8BC9CEB8-8B4A-11D0-8D11-00A0C91BC942}") = "mhook", "third-part\mhook\mhook.vcproj", "{E3A2EE5D-E06B-3D46-8086-0BB5CDFD2A8A}"
EndProject
Project("{8BC9CEB8-8B4A-11D0-8D11-00A0C91BC942}") = "utilities", "utilities\utilities.vcproj", "{711FD1E7-C06C-3BA5-83D3-35F9A8C4025D}"
EndProject
Project("{8BC9CEB8-8B4A-11D0-8D11-00A0C91BC942}") = "soui", "SOUI\soui.vcproj", "{59B6B2B3-1296-3F6B-9D70-7D1B78A01F91}"
	ProjectSection(ProjectDependencies) = postProject
		{711FD1E7-C06C-3BA5-83D3-35F9A8C4025D} = {711FD1E7-C06C-3BA5-83D3-35F9A8C4025D}
	EndProjectSection
EndProject
Project("{8BC9CEB8-8B4A-11D0-8D11-00A0C91BC942}") = "imgdecoder-wic", "components\imgdecoder-wic\imgdecoder-wic.vcproj", "{69E784C1-71AD-3057-AD4E-32CCA22F70C2}"
EndProject
Project("{8BC9CEB8-8B4A-11D0-8D11-00A0C91BC942}") = "render-gdi", "components\render-gdi\render-gdi.vcproj", "{08872D45-F84E-3F43-B514-ADD78D396F8F}"
EndProject
Project("{8BC9CEB8-8B4A-11D0-8D11-00A0C91BC942}") = "render-skia", "components\render-skia\render-skia.vcproj", "{7AFA022A-669D-3ADB-A4CD-588C06A1440B}"
	ProjectSection(ProjectDependencies) = postProject
		{778695C0-BEB2-3650-98C9-14CF32A4E6E5} = {778695C0-BEB2-3650-98C9-14CF32A4E6E5}
	EndProjectSection
EndProject
Project("{8BC9CEB8-8B4A-11D0-8D11-00A0C91BC942}") = "translator", "components\translator\translator.vcproj", "{8D98F1FC-95A9-3DD3-AA14-F0D703BA4185}"
	ProjectSection(ProjectDependencies) = postProject
		{711FD1E7-C06C-3BA5-83D3-35F9A8C4025D} = {711FD1E7-C06C-3BA5-83D3-35F9A8C4025D}
	EndProjectSection
EndProject
Project("{8BC9CEB8-8B4A-11D0-8D11-00A0C91BC942}") = "resprovider-zip", "components\resprovider-zip\resprovider-zip.vcproj", "{3534C527-3DB0-34F3-A170-DD82A4357E00}"
	ProjectSection(ProjectDependencies) = postProject
		{711FD1E7-C06C-3BA5-83D3-35F9A8C4025D} = {711FD1E7-C06C-3BA5-83D3-35F9A8C4025D}
		{711FD1E7-C06C-3BA5-83D3-35F9A8C4025D} = {711FD1E7-C06C-3BA5-83D3-35F9A8C4025D}
	EndProjectSection
EndProject
Project("{8BC9CEB8-8B4A-11D0-8D11-00A0C91BC942}") = "imgdecoder-stb", "components\imgdecoder-stb\imgdecoder-stb.vcproj", "{B51727CF-B84B-324A-B0E1-FEB1931BC908}"
EndProject
Project("{8BC9CEB8-8B4A-11D0-8D11-00A0C91BC942}") = "imgdecoder-png", "components\imgdecoder-png\imgdecoder-png.vcproj", "{251C8A98-9D68-3345-822B-FECEC009A9A1}"
	ProjectSection(ProjectDependencies) = postProject
		{7D563888-E973-324B-AACD-07FC11CDB721} = {7D563888-E973-324B-AACD-07FC11CDB721}
		{B38F718B-BECB-385F-AAA0-8BF980854BAF} = {B38F718B-BECB-385F-AAA0-8BF980854BAF}
	EndProjectSection
EndProject
Project("{8BC9CEB8-8B4A-11D0-8D11-00A0C91BC942}") = "imgdecoder-gdip", "components\imgdecoder-gdip\imgdecoder-gdip.vcproj", "{C3F187BC-3A8F-3A15-9374-94170F023FF6}"
EndProject
Project("{8BC9CEB8-8B4A-11D0-8D11-00A0C91BC942}") = "scriptmodule-lua", "components\ScriptModule-LUA\scriptmodule-lua.vcproj", "{2647CA3A-89A5-308E-9BAD-338B3A14BE74}"
	ProjectSection(ProjectDependencies) = postProject
		{59B6B2B3-1296-3F6B-9D70-7D1B78A01F91} = {59B6B2B3-1296-3F6B-9D70-7D1B78A01F91}
		{04CB848A-E162-3ED8-9188-4B5E4641436F} = {04CB848A-E162-3ED8-9188-4B5E4641436F}
	EndProjectSection
EndProject
Project("{8BC9CEB8-8B4A-11D0-8D11-00A0C91BC942}") = "log4z", "components\log4z\log4z.vcproj", "{05B8D6E2-33B8-3C14-8649-66F974514B31}"
EndProject
Project("{8BC9CEB8-8B4A-11D0-8D11-00A0C91BC942}") = "demo", "demos\demo\demo.vcproj", "{891D5E55-3DD0-3BC9-BFB3-EC04F6562339}"
	ProjectSection(ProjectDependencies) = postProject
		{59B6B2B3-1296-3F6B-9D70-7D1B78A01F91} = {59B6B2B3-1296-3F6B-9D70-7D1B78A01F91}
		{778695C0-BEB2-3650-98C9-14CF32A4E6E5} = {778695C0-BEB2-3650-98C9-14CF32A4E6E5}
		{C909FA07-E88E-3027-B4B5-19B92AC06FC0} = {C909FA07-E88E-3027-B4B5-19B92AC06FC0}
		{E3A2EE5D-E06B-3D46-8086-0BB5CDFD2A8A} = {E3A2EE5D-E06B-3D46-8086-0BB5CDFD2A8A}
	EndProjectSection
EndProject
Project("{8BC9CEB8-8B4A-11D0-8D11-00A0C91BC942}") = "qqlogin", "demos\QQLogin\qqlogin.vcproj", "{B6960BDB-502C-3D3E-8AEC-3839EF8505D4}"
	ProjectSection(ProjectDependencies) = postProject
		{59B6B2B3-1296-3F6B-9D70-7D1B78A01F91} = {59B6B2B3-1296-3F6B-9D70-7D1B78A01F91}
		{778695C0-BEB2-3650-98C9-14CF32A4E6E5} = {778695C0-BEB2-3650-98C9-14CF32A4E6E5}
	EndProjectSection
EndProject
Project("{8BC9CEB8-8B4A-11D0-8D11-00A0C91BC942}") = "360", "demos\360\360.vcproj", "{B0B670F6-34EC-3589-AA5D-F9B3E1237BA3}"
	ProjectSection(ProjectDependencies) = postProject
		{59B6B2B3-1296-3F6B-9D70-7D1B78A01F91} = {59B6B2B3-1296-3F6B-9D70-7D1B78A01F91}
		{778695C0-BEB2-3650-98C9-14CF32A4E6E5} = {778695C0-BEB2-3650-98C9-14CF32A4E6E5}
	EndProjectSection
EndProject
Project("{8BC9CEB8-8B4A-11D0-8D11-00A0C91BC942}") = "360Preview", "demos\360Preview\360Preview.vcproj", "{2E1207AE-53BB-3D8D-909C-3EB0DB884EE3}"
	ProjectSection(ProjectDependencies) = postProject
		{59B6B2B3-1296-3F6B-9D70-7D1B78A01F91} = {59B6B2B3-1296-3F6B-9D70-7D1B78A01F91}
		{778695C0-BEB2-3650-98C9-14CF32A4E6E5} = {778695C0-BEB2-3650-98C9-14CF32A4E6E5}
	EndProjectSection
EndProject
Project("{8BC9CEB8-8B4A-11D0-8D11-00A0C91BC942}") = "souispy", "demos\souispy\souispy.vcproj", "{CA54E8E0-E777-3BAD-AAD0-7C190C6E6696}"
	ProjectSection(ProjectDependencies) = postProject
		{59B6B2B3-1296-3F6B-9D70-7D1B78A01F91} = {59B6B2B3-1296-3F6B-9D70-7D1B78A01F91}
	EndProjectSection
EndProject
Project("{8BC9CEB8-8B4A-11D0-8D11-00A0C91BC942}") = "PCManager", "demos\PcManager\PCManager.vcproj", "{FD413F87-9F19-3DD2-9244-19F88EE01465}"
	ProjectSection(ProjectDependencies) = postProject
		{59B6B2B3-1296-3F6B-9D70-7D1B78A01F91} = {59B6B2B3-1296-3F6B-9D70-7D1B78A01F91}
		{778695C0-BEB2-3650-98C9-14CF32A4E6E5} = {778695C0-BEB2-3650-98C9-14CF32A4E6E5}
	EndProjectSection
EndProject
Project("{8BC9CEB8-8B4A-11D0-8D11-00A0C91BC942}") = "SoTool", "demos\SoTool\SoTool.vcproj", "{4E57CE22-1502-3BE6-9755-EE7058ED2C80}"
	ProjectSection(ProjectDependencies) = postProject
		{59B6B2B3-1296-3F6B-9D70-7D1B78A01F91} = {59B6B2B3-1296-3F6B-9D70-7D1B78A01F91}
		{778695C0-BEB2-3650-98C9-14CF32A4E6E5} = {778695C0-BEB2-3650-98C9-14CF32A4E6E5}
	EndProjectSection
EndProject
Project("{8BC9CEB8-8B4A-11D0-8D11-00A0C91BC942}") = "mclistview_demo", "demos\mclistview_demo\mclistview_demo.vcproj", "{168C50A6-910C-3A8E-BCD9-54073FEA70A4}"
	ProjectSection(ProjectDependencies) = postProject
		{59B6B2B3-1296-3F6B-9D70-7D1B78A01F91} = {59B6B2B3-1296-3F6B-9D70-7D1B78A01F91}
		{778695C0-BEB2-3650-98C9-14CF32A4E6E5} = {778695C0-BEB2-3650-98C9-14CF32A4E6E5}
	EndProjectSection
EndProject
Project("{2150E333-8FDC-42A3-9474-1A3956D46DE8}") = "demos", "demos", "{BF356269-06FC-400F-A653-FA6F9404A5DE}"
EndProject
Project("{2150E333-8FDC-42A3-9474-1A3956D46DE8}") = "components", "components", "{7E3A1493-014C-436A-8A0B-FD579ADA6531}"
EndProject
Project("{2150E333-8FDC-42A3-9474-1A3956D46DE8}") = "third-part", "third-part", "{DAD1DC0E-CD4D-4D50-944F-3345541043CC}"
EndProject
Project("{2150E333-8FDC-42A3-9474-1A3956D46DE8}") = "imgdecoder", "imgdecoder", "{E22EC8FD-71BB-4904-B623-F9C9A7E805BD}"
EndProject
Project("{2150E333-8FDC-42A3-9474-1A3956D46DE8}") = "render", "render", "{F1E33A5E-A347-40F8-A34A-5EB534D84C77}"
EndProject
Project("{8BC9CEB8-8B4A-11D0-8D11-00A0C91BC942}") = "UiEditor", "demos\UiEditor\UiEditor.vcproj", "{AE1B8103-4673-3D67-8549-45C2328FE821}"
EndProject
Project("{8BC9CEB8-8B4A-11D0-8D11-00A0C91BC942}") = "gtest", "third-part\gtest\gtest.vcproj", "{11993F7E-287C-3E59-92FB-D7304A5EA4AA}"
EndProject
Project("{8BC9CEB8-8B4A-11D0-8D11-00A0C91BC942}") = "souitest", "demos\souitest\souitest.vcproj", "{61F2E78D-8744-3781-AD14-5B88E72A9956}"
EndProject
Project("{8BC9CEB8-8B4A-11D0-8D11-00A0C91BC942}") = "7z", "third-part\7z\7z.vcproj", "{C98B4161-565D-3439-802F-DF6B5AC868B2}"
EndProject
Project("{8BC9CEB8-8B4A-11D0-8D11-00A0C91BC942}") = "resprovider-7zip", "components\resprovider-7zip\resprovider-7zip.vcproj", "{068E3200-B704-3304-A426-E71CCF6E6756}"
EndProject
Project("{8BC9CEB8-8B4A-11D0-8D11-00A0C91BC942}") = "VUI", "demos\VUI\VUI.vcproj", "{34A9EE1F-7598-3C3A-9241-E9D782FFDDFF}"
	ProjectSection(ProjectDependencies) = postProject
		{59B6B2B3-1296-3F6B-9D70-7D1B78A01F91} = {59B6B2B3-1296-3F6B-9D70-7D1B78A01F91}
		{C783A0BF-9380-3AA3-BF8A-8C25B4F75EC8} = {C783A0BF-9380-3AA3-BF8A-8C25B4F75EC8}
	EndProjectSection
EndProject
Project("{8BC9CEB8-8B4A-11D0-8D11-00A0C91BC942}") = "BesLyric", "demos\BesLyric\BesLyric.vcproj", "{FE55EA7E-A04B-3ED1-AC46-5098ED6D510F}"
EndProject
Project("{8BC9CEB8-8B4A-11D0-8D11-00A0C91BC942}") = "QQMain", "demos\QQMain\QQMain.vcproj", "{CF444BB7-B0C2-324E-B788-D57F3BE9C7E9}"
EndProject
Project("{8BC9CEB8-8B4A-11D0-8D11-00A0C91BC942}") = "FrogPlay", "demos\FrogPlay\FrogPlay.vcproj", "{24D27E3D-341B-37B7-A573-4A60C7DDD7D1}"
EndProject
Project("{8BC9CEB8-8B4A-11D0-8D11-00A0C91BC942}") = "MultiLangs", "demos\MultiLangs\MultiLangs.vcproj", "{06476DB9-6088-3483-8438-4E6CEAE84E21}"
EndProject
Project("{8BC9CEB8-8B4A-11D0-8D11-00A0C91BC942}") = "TXMgr", "demos\TXMgr\TXMgr.vcproj", "{775C6A82-B3A1-3B9F-A891-D30974D0A891}"
EndProject
Project("{8BC9CEB8-8B4A-11D0-8D11-00A0C91BC942}") = "SLogViewer", "demos\SLogViewer\SLogViewer.vcproj", "{795564B1-E04C-3353-8C6F-156331311E47}"
EndProject
Project("{8BC9CEB8-8B4A-11D0-8D11-00A0C91BC942}") = "soui-sys-resource", "soui-sys-resource\soui-sys-resource.vcproj", "{C783A0BF-9380-3AA3-BF8A-8C25B4F75EC8}"
EndProject
Global
	GlobalSection(SolutionConfigurationPlatforms) = preSolution
		Debug|Win32 = Debug|Win32
		Release|Win32 = Release|Win32
	EndGlobalSection
	GlobalSection(ProjectConfigurationPlatforms) = postSolution
		{B38F718B-BECB-385F-AAA0-8BF980854BAF}.Debug|Win32.ActiveCfg = Debug|Win32
		{B38F718B-BECB-385F-AAA0-8BF980854BAF}.Debug|Win32.Build.0 = Debug|Win32
		{B38F718B-BECB-385F-AAA0-8BF980854BAF}.Release|Win32.ActiveCfg = Release|Win32
		{B38F718B-BECB-385F-AAA0-8BF980854BAF}.Release|Win32.Build.0 = Release|Win32
		{778695C0-BEB2-3650-98C9-14CF32A4E6E5}.Debug|Win32.ActiveCfg = Debug|Win32
		{778695C0-BEB2-3650-98C9-14CF32A4E6E5}.Debug|Win32.Build.0 = Debug|Win32
		{778695C0-BEB2-3650-98C9-14CF32A4E6E5}.Release|Win32.ActiveCfg = Release|Win32
		{778695C0-BEB2-3650-98C9-14CF32A4E6E5}.Release|Win32.Build.0 = Release|Win32
		{7D563888-E973-324B-AACD-07FC11CDB721}.Debug|Win32.ActiveCfg = Debug|Win32
		{7D563888-E973-324B-AACD-07FC11CDB721}.Debug|Win32.Build.0 = Debug|Win32
		{7D563888-E973-324B-AACD-07FC11CDB721}.Release|Win32.ActiveCfg = Release|Win32
		{7D563888-E973-324B-AACD-07FC11CDB721}.Release|Win32.Build.0 = Release|Win32
		{04CB848A-E162-3ED8-9188-4B5E4641436F}.Debug|Win32.ActiveCfg = Debug|Win32
		{04CB848A-E162-3ED8-9188-4B5E4641436F}.Debug|Win32.Build.0 = Debug|Win32
		{04CB848A-E162-3ED8-9188-4B5E4641436F}.Release|Win32.ActiveCfg = Release|Win32
		{04CB848A-E162-3ED8-9188-4B5E4641436F}.Release|Win32.Build.0 = Release|Win32
		{C909FA07-E88E-3027-B4B5-19B92AC06FC0}.Debug|Win32.ActiveCfg = Debug|Win32
		{C909FA07-E88E-3027-B4B5-19B92AC06FC0}.Debug|Win32.Build.0 = Debug|Win32
		{C909FA07-E88E-3027-B4B5-19B92AC06FC0}.Release|Win32.ActiveCfg = Release|Win32
		{C909FA07-E88E-3027-B4B5-19B92AC06FC0}.Release|Win32.Build.0 = Release|Win32
		{E3A2EE5D-E06B-3D46-8086-0BB5CDFD2A8A}.Debug|Win32.ActiveCfg = Debug|Win32
		{E3A2EE5D-E06B-3D46-8086-0BB5CDFD2A8A}.Debug|Win32.Build.0 = Debug|Win32
		{E3A2EE5D-E06B-3D46-8086-0BB5CDFD2A8A}.Release|Win32.ActiveCfg = Release|Win32
		{E3A2EE5D-E06B-3D46-8086-0BB5CDFD2A8A}.Release|Win32.Build.0 = Release|Win32
		{711FD1E7-C06C-3BA5-83D3-35F9A8C4025D}.Debug|Win32.ActiveCfg = Debug|Win32
		{711FD1E7-C06C-3BA5-83D3-35F9A8C4025D}.Debug|Win32.Build.0 = Debug|Win32
		{711FD1E7-C06C-3BA5-83D3-35F9A8C4025D}.Release|Win32.ActiveCfg = Release|Win32
		{711FD1E7-C06C-3BA5-83D3-35F9A8C4025D}.Release|Win32.Build.0 = Release|Win32
		{59B6B2B3-1296-3F6B-9D70-7D1B78A01F91}.Debug|Win32.ActiveCfg = Debug|Win32
		{59B6B2B3-1296-3F6B-9D70-7D1B78A01F91}.Debug|Win32.Build.0 = Debug|Win32
		{59B6B2B3-1296-3F6B-9D70-7D1B78A01F91}.Release|Win32.ActiveCfg = Release|Win32
		{59B6B2B3-1296-3F6B-9D70-7D1B78A01F91}.Release|Win32.Build.0 = Release|Win32
		{69E784C1-71AD-3057-AD4E-32CCA22F70C2}.Debug|Win32.ActiveCfg = Debug|Win32
		{69E784C1-71AD-3057-AD4E-32CCA22F70C2}.Debug|Win32.Build.0 = Debug|Win32
		{69E784C1-71AD-3057-AD4E-32CCA22F70C2}.Release|Win32.ActiveCfg = Release|Win32
		{69E784C1-71AD-3057-AD4E-32CCA22F70C2}.Release|Win32.Build.0 = Release|Win32
		{08872D45-F84E-3F43-B514-ADD78D396F8F}.Debug|Win32.ActiveCfg = Debug|Win32
		{08872D45-F84E-3F43-B514-ADD78D396F8F}.Debug|Win32.Build.0 = Debug|Win32
		{08872D45-F84E-3F43-B514-ADD78D396F8F}.Release|Win32.ActiveCfg = Release|Win32
		{08872D45-F84E-3F43-B514-ADD78D396F8F}.Release|Win32.Build.0 = Release|Win32
		{7AFA022A-669D-3ADB-A4CD-588C06A1440B}.Debug|Win32.ActiveCfg = Debug|Win32
		{7AFA022A-669D-3ADB-A4CD-588C06A1440B}.Debug|Win32.Build.0 = Debug|Win32
		{7AFA022A-669D-3ADB-A4CD-588C06A1440B}.Release|Win32.ActiveCfg = Release|Win32
		{7AFA022A-669D-3ADB-A4CD-588C06A1440B}.Release|Win32.Build.0 = Release|Win32
		{8D98F1FC-95A9-3DD3-AA14-F0D703BA4185}.Debug|Win32.ActiveCfg = Debug|Win32
		{8D98F1FC-95A9-3DD3-AA14-F0D703BA4185}.Debug|Win32.Build.0 = Debug|Win32
		{8D98F1FC-95A9-3DD3-AA14-F0D703BA4185}.Release|Win32.ActiveCfg = Release|Win32
		{8D98F1FC-95A9-3DD3-AA14-F0D703BA4185}.Release|Win32.Build.0 = Release|Win32
		{3534C527-3DB0-34F3-A170-DD82A4357E00}.Debug|Win32.ActiveCfg = Debug|Win32
		{3534C527-3DB0-34F3-A170-DD82A4357E00}.Debug|Win32.Build.0 = Debug|Win32
		{3534C527-3DB0-34F3-A170-DD82A4357E00}.Release|Win32.ActiveCfg = Release|Win32
		{3534C527-3DB0-34F3-A170-DD82A4357E00}.Release|Win32.Build.0 = Release|Win32
		{B51727CF-B84B-324A-B0E1-FEB1931BC908}.Debug|Win32.ActiveCfg = Debug|Win32
		{B51727CF-B84B-324A-B0E1-FEB1931BC908}.Debug|Win32.Build.0 = Debug|Win32
		{B51727CF-B84B-324A-B0E1-FEB1931BC908}.Release|Win32.ActiveCfg = Release|Win32
		{B51727CF-B84B-324A-B0E1-FEB1931BC908}.Release|Win32.Build.0 = Release|Win32
		{251C8A98-9D68-3345-822B-FECEC009A9A1}.Debug|Win32.ActiveCfg = Debug|Win32
		{251C8A98-9D68-3345-822B-FECEC009A9A1}.Debug|Win32.Build.0 = Debug|Win32
		{251C8A98-9D68-3345-822B-FECEC009A9A1}.Release|Win32.ActiveCfg = Release|Win32
		{251C8A98-9D68-3345-822B-FECEC009A9A1}.Release|Win32.Build.0 = Release|Win32
		{C3F187BC-3A8F-3A15-9374-94170F023FF6}.Debug|Win32.ActiveCfg = Debug|Win32
		{C3F187BC-3A8F-3A15-9374-94170F023FF6}.Debug|Win32.Build.0 = Debug|Win32
		{C3F187BC-3A8F-3A15-9374-94170F023FF6}.Release|Win32.ActiveCfg = Release|Win32
		{C3F187BC-3A8F-3A15-9374-94170F023FF6}.Release|Win32.Build.0 = Release|Win32
		{2647CA3A-89A5-308E-9BAD-338B3A14BE74}.Debug|Win32.ActiveCfg = Debug|Win32
		{2647CA3A-89A5-308E-9BAD-338B3A14BE74}.Debug|Win32.Build.0 = Debug|Win32
		{2647CA3A-89A5-308E-9BAD-338B3A14BE74}.Release|Win32.ActiveCfg = Release|Win32
		{2647CA3A-89A5-308E-9BAD-338B3A14BE74}.Release|Win32.Build.0 = Release|Win32
		{05B8D6E2-33B8-3C14-8649-66F974514B31}.Debug|Win32.ActiveCfg = Debug|Win32
		{05B8D6E2-33B8-3C14-8649-66F974514B31}.Debug|Win32.Build.0 = Debug|Win32
		{05B8D6E2-33B8-3C14-8649-66F974514B31}.Release|Win32.ActiveCfg = Release|Win32
		{05B8D6E2-33B8-3C14-8649-66F974514B31}.Release|Win32.Build.0 = Release|Win32
		{891D5E55-3DD0-3BC9-BFB3-EC04F6562339}.Debug|Win32.ActiveCfg = Debug|Win32
		{891D5E55-3DD0-3BC9-BFB3-EC04F6562339}.Debug|Win32.Build.0 = Debug|Win32
		{891D5E55-3DD0-3BC9-BFB3-EC04F6562339}.Release|Win32.ActiveCfg = Release|Win32
		{891D5E55-3DD0-3BC9-BFB3-EC04F6562339}.Release|Win32.Build.0 = Release|Win32
		{B6960BDB-502C-3D3E-8AEC-3839EF8505D4}.Debug|Win32.ActiveCfg = Debug|Win32
		{B6960BDB-502C-3D3E-8AEC-3839EF8505D4}.Debug|Win32.Build.0 = Debug|Win32
		{B6960BDB-502C-3D3E-8AEC-3839EF8505D4}.Release|Win32.ActiveCfg = Release|Win32
		{B6960BDB-502C-3D3E-8AEC-3839EF8505D4}.Release|Win32.Build.0 = Release|Win32
		{B0B670F6-34EC-3589-AA5D-F9B3E1237BA3}.Debug|Win32.ActiveCfg = Debug|Win32
		{B0B670F6-34EC-3589-AA5D-F9B3E1237BA3}.Debug|Win32.Build.0 = Debug|Win32
		{B0B670F6-34EC-3589-AA5D-F9B3E1237BA3}.Release|Win32.ActiveCfg = Release|Win32
		{B0B670F6-34EC-3589-AA5D-F9B3E1237BA3}.Release|Win32.Build.0 = Release|Win32
		{2E1207AE-53BB-3D8D-909C-3EB0DB884EE3}.Debug|Win32.ActiveCfg = Debug|Win32
		{2E1207AE-53BB-3D8D-909C-3EB0DB884EE3}.Debug|Win32.Build.0 = Debug|Win32
		{2E1207AE-53BB-3D8D-909C-3EB0DB884EE3}.Release|Win32.ActiveCfg = Release|Win32
		{2E1207AE-53BB-3D8D-909C-3EB0DB884EE3}.Release|Win32.Build.0 = Release|Win32
		{CA54E8E0-E777-3BAD-AAD0-7C190C6E6696}.Debug|Win32.ActiveCfg = Debug|Win32
		{CA54E8E0-E777-3BAD-AAD0-7C190C6E6696}.Debug|Win32.Build.0 = Debug|Win32
		{CA54E8E0-E777-3BAD-AAD0-7C190C6E6696}.Release|Win32.ActiveCfg = Release|Win32
		{CA54E8E0-E777-3BAD-AAD0-7C190C6E6696}.Release|Win32.Build.0 = Release|Win32
		{FD413F87-9F19-3DD2-9244-19F88EE01465}.Debug|Win32.ActiveCfg = Debug|Win32
		{FD413F87-9F19-3DD2-9244-19F88EE01465}.Debug|Win32.Build.0 = Debug|Win32
		{FD413F87-9F19-3DD2-9244-19F88EE01465}.Release|Win32.ActiveCfg = Release|Win32
		{FD413F87-9F19-3DD2-9244-19F88EE01465}.Release|Win32.Build.0 = Release|Win32
		{4E57CE22-1502-3BE6-9755-EE7058ED2C80}.Debug|Win32.ActiveCfg = Debug|Win32
		{4E57CE22-1502-3BE6-9755-EE7058ED2C80}.Debug|Win32.Build.0 = Debug|Win32
		{4E57CE22-1502-3BE6-9755-EE7058ED2C80}.Release|Win32.ActiveCfg = Release|Win32
		{4E57CE22-1502-3BE6-9755-EE7058ED2C80}.Release|Win32.Build.0 = Release|Win32
		{168C50A6-910C-3A8E-BCD9-54073FEA70A4}.Debug|Win32.ActiveCfg = Debug|Win32
		{168C50A6-910C-3A8E-BCD9-54073FEA70A4}.Debug|Win32.Build.0 = Debug|Win32
		{168C50A6-910C-3A8E-BCD9-54073FEA70A4}.Release|Win32.ActiveCfg = Release|Win32
		{168C50A6-910C-3A8E-BCD9-54073FEA70A4}.Release|Win32.Build.0 = Release|Win32
		{AE1B8103-4673-3D67-8549-45C2328FE821}.Debug|Win32.ActiveCfg = Debug|Win32
		{AE1B8103-4673-3D67-8549-45C2328FE821}.Debug|Win32.Build.0 = Debug|Win32
		{AE1B8103-4673-3D67-8549-45C2328FE821}.Release|Win32.ActiveCfg = Release|Win32
		{AE1B8103-4673-3D67-8549-45C2328FE821}.Release|Win32.Build.0 = Release|Win32
		{11993F7E-287C-3E59-92FB-D7304A5EA4AA}.Debug|Win32.ActiveCfg = Debug|Win32
		{11993F7E-287C-3E59-92FB-D7304A5EA4AA}.Debug|Win32.Build.0 = Debug|Win32
		{11993F7E-287C-3E59-92FB-D7304A5EA4AA}.Release|Win32.ActiveCfg = Release|Win32
		{11993F7E-287C-3E59-92FB-D7304A5EA4AA}.Release|Win32.Build.0 = Release|Win32
		{61F2E78D-8744-3781-AD14-5B88E72A9956}.Debug|Win32.ActiveCfg = Debug|Win32
		{61F2E78D-8744-3781-AD14-5B88E72A9956}.Debug|Win32.Build.0 = Debug|Win32
		{61F2E78D-8744-3781-AD14-5B88E72A9956}.Release|Win32.ActiveCfg = Release|Win32
		{61F2E78D-8744-3781-AD14-5B88E72A9956}.Release|Win32.Build.0 = Release|Win32
		{C98B4161-565D-3439-802F-DF6B5AC868B2}.Debug|Win32.ActiveCfg = Debug|Win32
		{C98B4161-565D-3439-802F-DF6B5AC868B2}.Debug|Win32.Build.0 = Debug|Win32
		{C98B4161-565D-3439-802F-DF6B5AC868B2}.Release|Win32.ActiveCfg = Release|Win32
		{C98B4161-565D-3439-802F-DF6B5AC868B2}.Release|Win32.Build.0 = Release|Win32
		{068E3200-B704-3304-A426-E71CCF6E6756}.Debug|Win32.ActiveCfg = Debug|Win32
		{068E3200-B704-3304-A426-E71CCF6E6756}.Debug|Win32.Build.0 = Debug|Win32
		{068E3200-B704-3304-A426-E71CCF6E6756}.Release|Win32.ActiveCfg = Release|Win32
		{068E3200-B704-3304-A426-E71CCF6E6756}.Release|Win32.Build.0 = Release|Win32
		{34A9EE1F-7598-3C3A-9241-E9D782FFDDFF}.Debug|Win32.ActiveCfg = Debug|Win32
		{34A9EE1F-7598-3C3A-9241-E9D782FFDDFF}.Debug|Win32.Build.0 = Debug|Win32
		{34A9EE1F-7598-3C3A-9241-E9D782FFDDFF}.Release|Win32.ActiveCfg = Release|Win32
		{34A9EE1F-7598-3C3A-9241-E9D782FFDDFF}.Release|Win32.Build.0 = Release|Win32
		{FE55EA7E-A04B-3ED1-AC46-5098ED6D510F}.Debug|Win32.ActiveCfg = Debug|Win32
		{FE55EA7E-A04B-3ED1-AC46-5098ED6D510F}.Debug|Win32.Build.0 = Debug|Win32
		{FE55EA7E-A04B-3ED1-AC46-5098ED6D510F}.Release|Win32.ActiveCfg = Release|Win32
		{FE55EA7E-A04B-3ED1-AC46-5098ED6D510F}.Release|Win32.Build.0 = Release|Win32
		{CF444BB7-B0C2-324E-B788-D57F3BE9C7E9}.Debug|Win32.ActiveCfg = Debug|Win32
		{CF444BB7-B0C2-324E-B788-D57F3BE9C7E9}.Debug|Win32.Build.0 = Debug|Win32
		{CF444BB7-B0C2-324E-B788-D57F3BE9C7E9}.Release|Win32.ActiveCfg = Release|Win32
		{CF444BB7-B0C2-324E-B788-D57F3BE9C7E9}.Release|Win32.Build.0 = Release|Win32
		{24D27E3D-341B-37B7-A573-4A60C7DDD7D1}.Debug|Win32.ActiveCfg = Debug|Win32
		{24D27E3D-341B-37B7-A573-4A60C7DDD7D1}.Debug|Win32.Build.0 = Debug|Win32
		{24D27E3D-341B-37B7-A573-4A60C7DDD7D1}.Release|Win32.ActiveCfg = Release|Win32
		{24D27E3D-341B-37B7-A573-4A60C7DDD7D1}.Release|Win32.Build.0 = Release|Win32
		{06476DB9-6088-3483-8438-4E6CEAE84E21}.Debug|Win32.ActiveCfg = Debug|Win32
		{06476DB9-6088-3483-8438-4E6CEAE84E21}.Debug|Win32.Build.0 = Debug|Win32
		{06476DB9-6088-3483-8438-4E6CEAE84E21}.Release|Win32.ActiveCfg = Release|Win32
		{06476DB9-6088-3483-8438-4E6CEAE84E21}.Release|Win32.Build.0 = Release|Win32
		{775C6A82-B3A1-3B9F-A891-D30974D0A891}.Debug|Win32.ActiveCfg = Debug|Win32
		{775C6A82-B3A1-3B9F-A891-D30974D0A891}.Debug|Win32.Build.0 = Debug|Win32
		{775C6A82-B3A1-3B9F-A891-D30974D0A891}.Release|Win32.ActiveCfg = Release|Win32
		{775C6A82-B3A1-3B9F-A891-D30974D0A891}.Release|Win32.Build.0 = Release|Win32
		{795564B1-E04C-3353-8C6F-156331311E47}.Debug|Win32.ActiveCfg = Debug|Win32
		{795564B1-E04C-3353-8C6F-156331311E47}.Debug|Win32.Build.0 = Debug|Win32
		{795564B1-E04C-3353-8C6F-156331311E47}.Release|Win32.ActiveCfg = Release|Win32
		{795564B1-E04C-3353-8C6F-156331311E47}.Release|Win32.Build.0 = Release|Win32
		{C783A0BF-9380-3AA3-BF8A-8C25B4F75EC8}.Debug|Win32.ActiveCfg = Debug|Win32
		{C783A0BF-9380-3AA3-BF8A-8C25B4F75EC8}.Debug|Win32.Build.0 = Debug|Win32
		{C783A0BF-9380-3AA3-BF8A-8C25B4F75EC8}.Release|Win32.ActiveCfg = Release|Win32
		{C783A0BF-9380-3AA3-BF8A-8C25B4F75EC8}.Release|Win32.Build.0 = Release|Win32
	EndGlobalSection
	GlobalSection(SolutionProperties) = preSolution
		HideSolutionNode = FALSE
	EndGlobalSection
	GlobalSection(NestedProjects) = preSolution
		{778695C0-BEB2-3650-98C9-14CF32A4E6E5} = {DAD1DC0E-CD4D-4D50-944F-3345541043CC}
		{7D563888-E973-324B-AACD-07FC11CDB721} = {DAD1DC0E-CD4D-4D50-944F-3345541043CC}
		{04CB848A-E162-3ED8-9188-4B5E4641436F} = {DAD1DC0E-CD4D-4D50-944F-3345541043CC}
		{C909FA07-E88E-3027-B4B5-19B92AC06FC0} = {DAD1DC0E-CD4D-4D50-944F-3345541043CC}
		{E3A2EE5D-E06B-3D46-8086-0BB5CDFD2A8A} = {DAD1DC0E-CD4D-4D50-944F-3345541043CC}
		{B38F718B-BECB-385F-AAA0-8BF980854BAF} = {DAD1DC0E-CD4D-4D50-944F-3345541043CC}
		{11993F7E-287C-3E59-92FB-D7304A5EA4AA} = {DAD1DC0E-CD4D-4D50-944F-3345541043CC}
		{C98B4161-565D-3439-802F-DF6B5AC868B2} = {DAD1DC0E-CD4D-4D50-944F-3345541043CC}
		{F1E33A5E-A347-40F8-A34A-5EB534D84C77} = {7E3A1493-014C-436A-8A0B-FD579ADA6531}
		{8D98F1FC-95A9-3DD3-AA14-F0D703BA4185} = {7E3A1493-014C-436A-8A0B-FD579ADA6531}
		{3534C527-3DB0-34F3-A170-DD82A4357E00} = {7E3A1493-014C-436A-8A0B-FD579ADA6531}
		{E22EC8FD-71BB-4904-B623-F9C9A7E805BD} = {7E3A1493-014C-436A-8A0B-FD579ADA6531}
		{2647CA3A-89A5-308E-9BAD-338B3A14BE74} = {7E3A1493-014C-436A-8A0B-FD579ADA6531}
		{05B8D6E2-33B8-3C14-8649-66F974514B31} = {7E3A1493-014C-436A-8A0B-FD579ADA6531}
		{068E3200-B704-3304-A426-E71CCF6E6756} = {7E3A1493-014C-436A-8A0B-FD579ADA6531}
		{7AFA022A-669D-3ADB-A4CD-588C06A1440B} = {F1E33A5E-A347-40F8-A34A-5EB534D84C77}
		{08872D45-F84E-3F43-B514-ADD78D396F8F} = {F1E33A5E-A347-40F8-A34A-5EB534D84C77}
		{251C8A98-9D68-3345-822B-FECEC009A9A1} = {E22EC8FD-71BB-4904-B623-F9C9A7E805BD}
		{C3F187BC-3A8F-3A15-9374-94170F023FF6} = {E22EC8FD-71BB-4904-B623-F9C9A7E805BD}
		{69E784C1-71AD-3057-AD4E-32CCA22F70C2} = {E22EC8FD-71BB-4904-B623-F9C9A7E805BD}
		{B51727CF-B84B-324A-B0E1-FEB1931BC908} = {E22EC8FD-71BB-4904-B623-F9C9A7E805BD}
		{B6960BDB-502C-3D3E-8AEC-3839EF8505D4} = {BF356269-06FC-400F-A653-FA6F9404A5DE}
		{B0B670F6-34EC-3589-AA5D-F9B3E1237BA3} = {BF356269-06FC-400F-A653-FA6F9404A5DE}
		{2E1207AE-53BB-3D8D-909C-3EB0DB884EE3} = {BF356269-06FC-400F-A653-FA6F9404A5DE}
		{CA54E8E0-E777-3BAD-AAD0-7C190C6E6696} = {BF356269-06FC-400F-A653-FA6F9404A5DE}
		{FD413F87-9F19-3DD2-9244-19F88EE01465} = {BF356269-06FC-400F-A653-FA6F9404A5DE}
		{4E57CE22-1502-3BE6-9755-EE7058ED2C80} = {BF356269-06FC-400F-A653-FA6F9404A5DE}
		{168C50A6-910C-3A8E-BCD9-54073FEA70A4} = {BF356269-06FC-400F-A653-FA6F9404A5DE}
		{891D5E55-3DD0-3BC9-BFB3-EC04F6562339} = {BF356269-06FC-400F-A653-FA6F9404A5DE}
		{AE1B8103-4673-3D67-8549-45C2328FE821} = {BF356269-06FC-400F-A653-FA6F9404A5DE}
		{61F2E78D-8744-3781-AD14-5B88E72A9956} = {BF356269-06FC-400F-A653-FA6F9404A5DE}
		{34A9EE1F-7598-3C3A-9241-E9D782FFDDFF} = {BF356269-06FC-400F-A653-FA6F9404A5DE}
		{FE55EA7E-A04B-3ED1-AC46-5098ED6D510F} = {BF356269-06FC-400F-A653-FA6F9404A5DE}
		{CF444BB7-B0C2-324E-B788-D57F3BE9C7E9} = {BF356269-06FC-400F-A653-FA6F9404A5DE}
		{24D27E3D-341B-37B7-A573-4A60C7DDD7D1} = {BF356269-06FC-400F-A653-FA6F9404A5DE}
		{06476DB9-6088-3483-8438-4E6CEAE84E21} = {BF356269-06FC-400F-A653-FA6F9404A5DE}
		{775C6A82-B3A1-3B9F-A891-D30974D0A891} = {BF356269-06FC-400F-A653-FA6F9404A5DE}
		{795564B1-E04C-3353-8C6F-156331311E47} = {BF356269-06FC-400F-A653-FA6F9404A5DE}
	EndGlobalSection
EndGlobal
