Microsoft Visual Studio Solution File, Format Version 10.00
# Visual Studio 2008
Project("{8BC9CEB8-8B4A-11D0-8D11-00A0C91BC942}") = "gtest", "E:/soui.taobao/third-part/gtest\gtest.vcproj", "{97432D12-8ECD-3AA2-B921-0BBCD25FD61A}"
EndProject
Project("{8BC9CEB8-8B4A-11D0-8D11-00A0C91BC942}") = "png", "E:/soui.taobao/third-part/png\png.vcproj", "{56476EA3-21CB-3578-B986-9A2A160FEF06}"
EndProject
Project("{8BC9CEB8-8B4A-11D0-8D11-00A0C91BC942}") = "skia", "E:/soui.taobao/third-part/skia\skia.vcproj", "{022D2356-8EF6-3EA3-A0D2-F1786190B6E1}"
EndProject
Project("{8BC9CEB8-8B4A-11D0-8D11-00A0C91BC942}") = "zlib", "E:/soui.taobao/third-part/zlib\zlib.vcproj", "{C6B15D6F-F41E-3CEA-8F51-229CAD73D49E}"
EndProject
Project("{8BC9CEB8-8B4A-11D0-8D11-00A0C91BC942}") = "lua-52", "E:/soui.taobao/third-part/lua-52\lua-52.vcproj", "{AEE86690-A671-3CD3-9308-842958BF068C}"
EndProject
Project("{8BC9CEB8-8B4A-11D0-8D11-00A0C91BC942}") = "smiley", "E:/soui.taobao/third-part/smiley\smiley.vcproj", "{C6070D71-50D0-316F-85D5-58B74EE8D20A}"
EndProject
Project("{8BC9CEB8-8B4A-11D0-8D11-00A0C91BC942}") = "mhook", "E:/soui.taobao/third-part/mhook\mhook.vcproj", "{3391E9AE-8B7A-3B12-B313-CDE359888C3D}"
EndProject
Project("{8BC9CEB8-8B4A-11D0-8D11-00A0C91BC942}") = "7z", "E:/soui.taobao/third-part/7z\7z.vcproj", "{98881B1E-53EE-3913-915B-DF7A77469258}"
EndProject
Global
	GlobalSection(SolutionConfigurationPlatforms) = preSolution
		Debug|Win32 = Debug|Win32
		Release|Win32 = Release|Win32
	EndGlobalSection
	GlobalSection(ProjectConfigurationPlatforms) = postSolution
		{97432D12-8ECD-3AA2-B921-0BBCD25FD61A}.Debug|Win32.ActiveCfg = Debug|Win32
		{97432D12-8ECD-3AA2-B921-0BBCD25FD61A}.Debug|Win32.Build.0 = Debug|Win32
		{97432D12-8ECD-3AA2-B921-0BBCD25FD61A}.Release|Win32.ActiveCfg = Release|Win32
		{97432D12-8ECD-3AA2-B921-0BBCD25FD61A}.Release|Win32.Build.0 = Release|Win32
		{56476EA3-21CB-3578-B986-9A2A160FEF06}.Debug|Win32.ActiveCfg = Debug|Win32
		{56476EA3-21CB-3578-B986-9A2A160FEF06}.Debug|Win32.Build.0 = Debug|Win32
		{56476EA3-21CB-3578-B986-9A2A160FEF06}.Release|Win32.ActiveCfg = Release|Win32
		{56476EA3-21CB-3578-B986-9A2A160FEF06}.Release|Win32.Build.0 = Release|Win32
		{022D2356-8EF6-3EA3-A0D2-F1786190B6E1}.Debug|Win32.ActiveCfg = Debug|Win32
		{022D2356-8EF6-3EA3-A0D2-F1786190B6E1}.Debug|Win32.Build.0 = Debug|Win32
		{022D2356-8EF6-3EA3-A0D2-F1786190B6E1}.Release|Win32.ActiveCfg = Release|Win32
		{022D2356-8EF6-3EA3-A0D2-F1786190B6E1}.Release|Win32.Build.0 = Release|Win32
		{C6B15D6F-F41E-3CEA-8F51-229CAD73D49E}.Debug|Win32.ActiveCfg = Debug|Win32
		{C6B15D6F-F41E-3CEA-8F51-229CAD73D49E}.Debug|Win32.Build.0 = Debug|Win32
		{C6B15D6F-F41E-3CEA-8F51-229CAD73D49E}.Release|Win32.ActiveCfg = Release|Win32
		{C6B15D6F-F41E-3CEA-8F51-229CAD73D49E}.Release|Win32.Build.0 = Release|Win32
		{AEE86690-A671-3CD3-9308-842958BF068C}.Debug|Win32.ActiveCfg = Debug|Win32
		{AEE86690-A671-3CD3-9308-842958BF068C}.Debug|Win32.Build.0 = Debug|Win32
		{AEE86690-A671-3CD3-9308-842958BF068C}.Release|Win32.ActiveCfg = Release|Win32
		{AEE86690-A671-3CD3-9308-842958BF068C}.Release|Win32.Build.0 = Release|Win32
		{C6070D71-50D0-316F-85D5-58B74EE8D20A}.Debug|Win32.ActiveCfg = Debug|Win32
		{C6070D71-50D0-316F-85D5-58B74EE8D20A}.Debug|Win32.Build.0 = Debug|Win32
		{C6070D71-50D0-316F-85D5-58B74EE8D20A}.Release|Win32.ActiveCfg = Release|Win32
		{C6070D71-50D0-316F-85D5-58B74EE8D20A}.Release|Win32.Build.0 = Release|Win32
		{3391E9AE-8B7A-3B12-B313-CDE359888C3D}.Debug|Win32.ActiveCfg = Debug|Win32
		{3391E9AE-8B7A-3B12-B313-CDE359888C3D}.Debug|Win32.Build.0 = Debug|Win32
		{3391E9AE-8B7A-3B12-B313-CDE359888C3D}.Release|Win32.ActiveCfg = Release|Win32
		{3391E9AE-8B7A-3B12-B313-CDE359888C3D}.Release|Win32.Build.0 = Release|Win32
		{98881B1E-53EE-3913-915B-DF7A77469258}.Debug|Win32.ActiveCfg = Debug|Win32
		{98881B1E-53EE-3913-915B-DF7A77469258}.Debug|Win32.Build.0 = Debug|Win32
		{98881B1E-53EE-3913-915B-DF7A77469258}.Release|Win32.ActiveCfg = Release|Win32
		{98881B1E-53EE-3913-915B-DF7A77469258}.Release|Win32.Build.0 = Release|Win32
	EndGlobalSection
	GlobalSection(ExtensibilityGlobals) = postSolution
	EndGlobalSection
	GlobalSection(ExtensibilityAddIns) = postSolution
	EndGlobalSection
EndGlobal