
Microsoft Visual Studio Solution File, Format Version 10.00
# Visual Studio 2008
Project("{8BC9CEB8-8B4A-11D0-8D11-00A0C91BC942}") = "mfc.demo", "mfc.demo.vcproj", "{4DDEC167-A92B-469B-8BFB-02D8B39EB187}"
EndProject
Project("{8BC9CEB8-8B4A-11D0-8D11-00A0C91BC942}") = "soui", "..\..\SOUI\soui.vcproj", "{0F2008C7-3A4E-339A-A1E9-AB14E9EB2D94}"
EndProject
Global
	GlobalSection(SolutionConfigurationPlatforms) = preSolution
		Debug|Win32 = Debug|Win32
		Release|Win32 = Release|Win32
	EndGlobalSection
	GlobalSection(ProjectConfigurationPlatforms) = postSolution
		{4DDEC167-A92B-469B-8BFB-02D8B39EB187}.Debug|Win32.ActiveCfg = Debug|Win32
		{4DDEC167-A92B-469B-8BFB-02D8B39EB187}.Debug|Win32.Build.0 = Debug|Win32
		{4DDEC167-A92B-469B-8BFB-02D8B39EB187}.Release|Win32.ActiveCfg = Release|Win32
		{4DDEC167-A92B-469B-8BFB-02D8B39EB187}.Release|Win32.Build.0 = Release|Win32
		{0F2008C7-3A4E-339A-A1E9-AB14E9EB2D94}.Debug|Win32.ActiveCfg = Debug|Win32
		{0F2008C7-3A4E-339A-A1E9-AB14E9EB2D94}.Debug|Win32.Build.0 = Debug|Win32
		{0F2008C7-3A4E-339A-A1E9-AB14E9EB2D94}.Release|Win32.ActiveCfg = Release|Win32
		{0F2008C7-3A4E-339A-A1E9-AB14E9EB2D94}.Release|Win32.Build.0 = Release|Win32
	EndGlobalSection
	GlobalSection(SolutionProperties) = preSolution
		HideSolutionNode = FALSE
	EndGlobalSection
EndGlobal
