Microsoft Visual Studio Solution File, Format Version 10.00
# Visual Studio 2008
Project("{8BC9CEB8-8B4A-11D0-8D11-00A0C91BC942}") = "png", "third-part\png\png.vcproj", "{554F6B1A-A4E9-35F0-9B10-3D859DF48D00}"
EndProject
Project("{8BC9CEB8-8B4A-11D0-8D11-00A0C91BC942}") = "skia", "third-part\skia\skia.vcproj", "{A2A8C8DC-5604-3794-BC01-5785B4DC66E3}"
EndProject
Project("{8BC9CEB8-8B4A-11D0-8D11-00A0C91BC942}") = "zlib", "third-part\zlib\zlib.vcproj", "{BFBE3ACF-B5D4-30CF-9544-7C5DE4EBD2DC}"
EndProject
Project("{8BC9CEB8-8B4A-11D0-8D11-00A0C91BC942}") = "lua-52", "third-part\lua-52\lua-52.vcproj", "{1B5C1528-DAD8-316F-9AEF-227223BBEC05}"
EndProject
Project("{8BC9CEB8-8B4A-11D0-8D11-00A0C91BC942}") = "smiley", "third-part\smiley\smiley.vcproj", "{877E0111-473A-3486-98E8-177E81EB10B5}"
EndProject
Project("{8BC9CEB8-8B4A-11D0-8D11-00A0C91BC942}") = "mhook", "third-part\mhook\mhook.vcproj", "{3832888A-E4B6-3D30-91D3-B1091CF2AF62}"
EndProject
Project("{8BC9CEB8-8B4A-11D0-8D11-00A0C91BC942}") = "utilities", "utilities\utilities.vcproj", "{68272BC1-235D-3CEB-8DBB-AADF4D51C14F}"
EndProject
Project("{8BC9CEB8-8B4A-11D0-8D11-00A0C91BC942}") = "soui-sys-resource", "soui-sys-resource\soui-sys-resource.vcproj", "{7DE3EBAC-FF38-3D82-A381-BC0707A36432}"
EndProject
Project("{8BC9CEB8-8B4A-11D0-8D11-00A0C91BC942}") = "soui", "SOUI\soui.vcproj", "{FE6CDE4A-6717-30C4-8B03-F21FA315B90F}"
	ProjectSection(ProjectDependencies) = postProject
		{7DE3EBAC-FF38-3D82-A381-BC0707A36432} = {7DE3EBAC-FF38-3D82-A381-BC0707A36432}
		{68272BC1-235D-3CEB-8DBB-AADF4D51C14F} = {68272BC1-235D-3CEB-8DBB-AADF4D51C14F}
	EndProjectSection
EndProject
Project("{8BC9CEB8-8B4A-11D0-8D11-00A0C91BC942}") = "imgdecoder-wic", "components\imgdecoder-wic\imgdecoder-wic.vcproj", "{839B656E-AAA4-3638-9808-9A4915187DEB}"
EndProject
Project("{8BC9CEB8-8B4A-11D0-8D11-00A0C91BC942}") = "render-gdi", "components\render-gdi\render-gdi.vcproj", "{492B6365-26D5-3B53-88B7-E6660061F914}"
EndProject
Project("{8BC9CEB8-8B4A-11D0-8D11-00A0C91BC942}") = "render-skia", "components\render-skia\render-skia.vcproj", "{2DCE72D1-ABD8-3AF2-BAF9-630DE7EA8787}"
	ProjectSection(ProjectDependencies) = postProject
		{A2A8C8DC-5604-3794-BC01-5785B4DC66E3} = {A2A8C8DC-5604-3794-BC01-5785B4DC66E3}
	EndProjectSection
EndProject
Project("{8BC9CEB8-8B4A-11D0-8D11-00A0C91BC942}") = "translator", "components\translator\translator.vcproj", "{E4F85602-5E04-36F9-BF12-09A9E213AEE0}"
	ProjectSection(ProjectDependencies) = postProject
		{68272BC1-235D-3CEB-8DBB-AADF4D51C14F} = {68272BC1-235D-3CEB-8DBB-AADF4D51C14F}
	EndProjectSection
EndProject
Project("{8BC9CEB8-8B4A-11D0-8D11-00A0C91BC942}") = "resprovider-zip", "components\resprovider-zip\resprovider-zip.vcproj", "{2AF5CAC9-324D-3C30-89ED-E1EE4B0A066C}"
	ProjectSection(ProjectDependencies) = postProject
		{BFBE3ACF-B5D4-30CF-9544-7C5DE4EBD2DC} = {BFBE3ACF-B5D4-30CF-9544-7C5DE4EBD2DC}
		{BFBE3ACF-B5D4-30CF-9544-7C5DE4EBD2DC} = {BFBE3ACF-B5D4-30CF-9544-7C5DE4EBD2DC}
		{68272BC1-235D-3CEB-8DBB-AADF4D51C14F} = {68272BC1-235D-3CEB-8DBB-AADF4D51C14F}
		{68272BC1-235D-3CEB-8DBB-AADF4D51C14F} = {68272BC1-235D-3CEB-8DBB-AADF4D51C14F}
	EndProjectSection
EndProject
Project("{8BC9CEB8-8B4A-11D0-8D11-00A0C91BC942}") = "imgdecoder-stb", "components\imgdecoder-stb\imgdecoder-stb.vcproj", "{148C929A-B457-3163-833D-2024D56F4F78}"
EndProject
Project("{8BC9CEB8-8B4A-11D0-8D11-00A0C91BC942}") = "imgdecoder-png", "components\imgdecoder-png\imgdecoder-png.vcproj", "{61845628-D49A-3E11-8EB7-AD10131AC5D4}"
	ProjectSection(ProjectDependencies) = postProject
		{BFBE3ACF-B5D4-30CF-9544-7C5DE4EBD2DC} = {BFBE3ACF-B5D4-30CF-9544-7C5DE4EBD2DC}
		{554F6B1A-A4E9-35F0-9B10-3D859DF48D00} = {554F6B1A-A4E9-35F0-9B10-3D859DF48D00}
	EndProjectSection
EndProject
Project("{8BC9CEB8-8B4A-11D0-8D11-00A0C91BC942}") = "imgdecoder-gdip", "components\imgdecoder-gdip\imgdecoder-gdip.vcproj", "{822F00A4-1002-3554-8367-1A28F31C0D77}"
EndProject
Project("{8BC9CEB8-8B4A-11D0-8D11-00A0C91BC942}") = "scriptmodule-lua", "components\ScriptModule-LUA\scriptmodule-lua.vcproj", "{89AD07D1-06F1-3EEC-8992-BEC0457C7E11}"
	ProjectSection(ProjectDependencies) = postProject
		{FE6CDE4A-6717-30C4-8B03-F21FA315B90F} = {FE6CDE4A-6717-30C4-8B03-F21FA315B90F}
		{1B5C1528-DAD8-316F-9AEF-227223BBEC05} = {1B5C1528-DAD8-316F-9AEF-227223BBEC05}
	EndProjectSection
EndProject
Project("{8BC9CEB8-8B4A-11D0-8D11-00A0C91BC942}") = "log4z", "components\log4z\log4z.vcproj", "{84303B32-00EB-3857-878B-53592E03DB50}"
EndProject
Project("{8BC9CEB8-8B4A-11D0-8D11-00A0C91BC942}") = "demo", "demos\demo\demo.vcproj", "{C5753ACB-D131-347D-873F-55D911DD18D4}"
	ProjectSection(ProjectDependencies) = postProject
		{FE6CDE4A-6717-30C4-8B03-F21FA315B90F} = {FE6CDE4A-6717-30C4-8B03-F21FA315B90F}
		{A2A8C8DC-5604-3794-BC01-5785B4DC66E3} = {A2A8C8DC-5604-3794-BC01-5785B4DC66E3}
		{877E0111-473A-3486-98E8-177E81EB10B5} = {877E0111-473A-3486-98E8-177E81EB10B5}
		{3832888A-E4B6-3D30-91D3-B1091CF2AF62} = {3832888A-E4B6-3D30-91D3-B1091CF2AF62}
	EndProjectSection
EndProject
Project("{8BC9CEB8-8B4A-11D0-8D11-00A0C91BC942}") = "qqlogin", "demos\QQLogin\qqlogin.vcproj", "{BC463B58-8549-36E9-BB94-0DD03DA41B09}"
	ProjectSection(ProjectDependencies) = postProject
		{FE6CDE4A-6717-30C4-8B03-F21FA315B90F} = {FE6CDE4A-6717-30C4-8B03-F21FA315B90F}
		{A2A8C8DC-5604-3794-BC01-5785B4DC66E3} = {A2A8C8DC-5604-3794-BC01-5785B4DC66E3}
	EndProjectSection
EndProject
Project("{8BC9CEB8-8B4A-11D0-8D11-00A0C91BC942}") = "360", "demos\360\360.vcproj", "{175AF96F-A918-3F7C-8A50-D170AF58D70A}"
	ProjectSection(ProjectDependencies) = postProject
		{FE6CDE4A-6717-30C4-8B03-F21FA315B90F} = {FE6CDE4A-6717-30C4-8B03-F21FA315B90F}
		{A2A8C8DC-5604-3794-BC01-5785B4DC66E3} = {A2A8C8DC-5604-3794-BC01-5785B4DC66E3}
	EndProjectSection
EndProject
Project("{8BC9CEB8-8B4A-11D0-8D11-00A0C91BC942}") = "360Preview", "demos\360Preview\360Preview.vcproj", "{C5262023-0903-37A8-9CEC-C01D3025D07D}"
	ProjectSection(ProjectDependencies) = postProject
		{FE6CDE4A-6717-30C4-8B03-F21FA315B90F} = {FE6CDE4A-6717-30C4-8B03-F21FA315B90F}
		{A2A8C8DC-5604-3794-BC01-5785B4DC66E3} = {A2A8C8DC-5604-3794-BC01-5785B4DC66E3}
	EndProjectSection
EndProject
Project("{8BC9CEB8-8B4A-11D0-8D11-00A0C91BC942}") = "souispy", "demos\souispy\souispy.vcproj", "{36C0759E-DE52-37A3-AF7A-9D2854107B90}"
	ProjectSection(ProjectDependencies) = postProject
		{FE6CDE4A-6717-30C4-8B03-F21FA315B90F} = {FE6CDE4A-6717-30C4-8B03-F21FA315B90F}
	EndProjectSection
EndProject
Project("{8BC9CEB8-8B4A-11D0-8D11-00A0C91BC942}") = "PCManager", "demos\PcManager\PCManager.vcproj", "{B9DE3882-FBE2-378D-AB56-565D252434E9}"
	ProjectSection(ProjectDependencies) = postProject
		{FE6CDE4A-6717-30C4-8B03-F21FA315B90F} = {FE6CDE4A-6717-30C4-8B03-F21FA315B90F}
		{A2A8C8DC-5604-3794-BC01-5785B4DC66E3} = {A2A8C8DC-5604-3794-BC01-5785B4DC66E3}
	EndProjectSection
EndProject
Project("{8BC9CEB8-8B4A-11D0-8D11-00A0C91BC942}") = "SoTool", "demos\SoTool\SoTool.vcproj", "{16763568-C0C3-301D-B012-1E5E92D6F386}"
	ProjectSection(ProjectDependencies) = postProject
		{FE6CDE4A-6717-30C4-8B03-F21FA315B90F} = {FE6CDE4A-6717-30C4-8B03-F21FA315B90F}
		{A2A8C8DC-5604-3794-BC01-5785B4DC66E3} = {A2A8C8DC-5604-3794-BC01-5785B4DC66E3}
	EndProjectSection
EndProject
Project("{8BC9CEB8-8B4A-11D0-8D11-00A0C91BC942}") = "mclistview_demo", "demos\mclistview_demo\mclistview_demo.vcproj", "{19334D65-06AF-3742-9CFC-BDC3F2BC661F}"
	ProjectSection(ProjectDependencies) = postProject
		{FE6CDE4A-6717-30C4-8B03-F21FA315B90F} = {FE6CDE4A-6717-30C4-8B03-F21FA315B90F}
		{A2A8C8DC-5604-3794-BC01-5785B4DC66E3} = {A2A8C8DC-5604-3794-BC01-5785B4DC66E3}
	EndProjectSection
EndProject
Project("{2150E333-8FDC-42A3-9474-1A3956D46DE8}") = "demos", "demos", "{BF356269-06FC-400F-A653-FA6F9404A5DE}"
EndProject
Project("{2150E333-8FDC-42A3-9474-1A3956D46DE8}") = "components", "components", "{7E3A1493-014C-436A-8A0B-FD579ADA6531}"
EndProject
Project("{2150E333-8FDC-42A3-9474-1A3956D46DE8}") = "third-part", "third-part", "{DAD1DC0E-CD4D-4D50-944F-3345541043CC}"
EndProject
Project("{2150E333-8FDC-42A3-9474-1A3956D46DE8}") = "imgdecoder", "imgdecoder", "{E22EC8FD-71BB-4904-B623-F9C9A7E805BD}"
EndProject
Project("{2150E333-8FDC-42A3-9474-1A3956D46DE8}") = "render", "render", "{F1E33A5E-A347-40F8-A34A-5EB534D84C77}"
EndProject
Project("{8BC9CEB8-8B4A-11D0-8D11-00A0C91BC942}") = "UiEditor", "demos\UiEditor\UiEditor.vcproj", "{6647A37A-EBDB-34B7-93ED-5ADE48085D6C}"
EndProject
Project("{8BC9CEB8-8B4A-11D0-8D11-00A0C91BC942}") = "gtest", "third-part\gtest\gtest.vcproj", "{7B0C4ABD-5160-32AA-97D5-C200664DD4AF}"
EndProject
Project("{8BC9CEB8-8B4A-11D0-8D11-00A0C91BC942}") = "souitest", "demos\souitest\souitest.vcproj", "{C7871AAB-9D3C-389D-89C9-A7EDA7AA2DA2}"
EndProject
Project("{8BC9CEB8-8B4A-11D0-8D11-00A0C91BC942}") = "7z", "third-part\7z\7z.vcproj", "{C6A5E765-A79A-30E3-AE65-4AC43B91076C}"
EndProject
Project("{8BC9CEB8-8B4A-11D0-8D11-00A0C91BC942}") = "resprovider-7zip", "components\resprovider-7zip\resprovider-7zip.vcproj", "{46DC7E03-0C5A-3F71-89C4-2B93458C4BEE}"
EndProject
Global
	GlobalSection(SolutionConfigurationPlatforms) = preSolution
		Debug|Win32 = Debug|Win32
		Release|Win32 = Release|Win32
	EndGlobalSection
	GlobalSection(ProjectConfigurationPlatforms) = postSolution
		{554F6B1A-A4E9-35F0-9B10-3D859DF48D00}.Debug|Win32.ActiveCfg = Debug|Win32
		{554F6B1A-A4E9-35F0-9B10-3D859DF48D00}.Debug|Win32.Build.0 = Debug|Win32
		{554F6B1A-A4E9-35F0-9B10-3D859DF48D00}.Release|Win32.ActiveCfg = Release|Win32
		{554F6B1A-A4E9-35F0-9B10-3D859DF48D00}.Release|Win32.Build.0 = Release|Win32
		{A2A8C8DC-5604-3794-BC01-5785B4DC66E3}.Debug|Win32.ActiveCfg = Debug|Win32
		{A2A8C8DC-5604-3794-BC01-5785B4DC66E3}.Debug|Win32.Build.0 = Debug|Win32
		{A2A8C8DC-5604-3794-BC01-5785B4DC66E3}.Release|Win32.ActiveCfg = Release|Win32
		{A2A8C8DC-5604-3794-BC01-5785B4DC66E3}.Release|Win32.Build.0 = Release|Win32
		{BFBE3ACF-B5D4-30CF-9544-7C5DE4EBD2DC}.Debug|Win32.ActiveCfg = Debug|Win32
		{BFBE3ACF-B5D4-30CF-9544-7C5DE4EBD2DC}.Debug|Win32.Build.0 = Debug|Win32
		{BFBE3ACF-B5D4-30CF-9544-7C5DE4EBD2DC}.Release|Win32.ActiveCfg = Release|Win32
		{BFBE3ACF-B5D4-30CF-9544-7C5DE4EBD2DC}.Release|Win32.Build.0 = Release|Win32
		{1B5C1528-DAD8-316F-9AEF-227223BBEC05}.Debug|Win32.ActiveCfg = Debug|Win32
		{1B5C1528-DAD8-316F-9AEF-227223BBEC05}.Debug|Win32.Build.0 = Debug|Win32
		{1B5C1528-DAD8-316F-9AEF-227223BBEC05}.Release|Win32.ActiveCfg = Release|Win32
		{1B5C1528-DAD8-316F-9AEF-227223BBEC05}.Release|Win32.Build.0 = Release|Win32
		{877E0111-473A-3486-98E8-177E81EB10B5}.Debug|Win32.ActiveCfg = Debug|Win32
		{877E0111-473A-3486-98E8-177E81EB10B5}.Debug|Win32.Build.0 = Debug|Win32
		{877E0111-473A-3486-98E8-177E81EB10B5}.Release|Win32.ActiveCfg = Release|Win32
		{877E0111-473A-3486-98E8-177E81EB10B5}.Release|Win32.Build.0 = Release|Win32
		{3832888A-E4B6-3D30-91D3-B1091CF2AF62}.Debug|Win32.ActiveCfg = Debug|Win32
		{3832888A-E4B6-3D30-91D3-B1091CF2AF62}.Debug|Win32.Build.0 = Debug|Win32
		{3832888A-E4B6-3D30-91D3-B1091CF2AF62}.Release|Win32.ActiveCfg = Release|Win32
		{3832888A-E4B6-3D30-91D3-B1091CF2AF62}.Release|Win32.Build.0 = Release|Win32
		{68272BC1-235D-3CEB-8DBB-AADF4D51C14F}.Debug|Win32.ActiveCfg = Debug|Win32
		{68272BC1-235D-3CEB-8DBB-AADF4D51C14F}.Debug|Win32.Build.0 = Debug|Win32
		{68272BC1-235D-3CEB-8DBB-AADF4D51C14F}.Release|Win32.ActiveCfg = Release|Win32
		{68272BC1-235D-3CEB-8DBB-AADF4D51C14F}.Release|Win32.Build.0 = Release|Win32
		{7DE3EBAC-FF38-3D82-A381-BC0707A36432}.Debug|Win32.ActiveCfg = Debug|Win32
		{7DE3EBAC-FF38-3D82-A381-BC0707A36432}.Debug|Win32.Build.0 = Debug|Win32
		{7DE3EBAC-FF38-3D82-A381-BC0707A36432}.Release|Win32.ActiveCfg = Release|Win32
		{7DE3EBAC-FF38-3D82-A381-BC0707A36432}.Release|Win32.Build.0 = Release|Win32
		{FE6CDE4A-6717-30C4-8B03-F21FA315B90F}.Debug|Win32.ActiveCfg = Debug|Win32
		{FE6CDE4A-6717-30C4-8B03-F21FA315B90F}.Debug|Win32.Build.0 = Debug|Win32
		{FE6CDE4A-6717-30C4-8B03-F21FA315B90F}.Release|Win32.ActiveCfg = Release|Win32
		{FE6CDE4A-6717-30C4-8B03-F21FA315B90F}.Release|Win32.Build.0 = Release|Win32
		{839B656E-AAA4-3638-9808-9A4915187DEB}.Debug|Win32.ActiveCfg = Debug|Win32
		{839B656E-AAA4-3638-9808-9A4915187DEB}.Debug|Win32.Build.0 = Debug|Win32
		{839B656E-AAA4-3638-9808-9A4915187DEB}.Release|Win32.ActiveCfg = Release|Win32
		{839B656E-AAA4-3638-9808-9A4915187DEB}.Release|Win32.Build.0 = Release|Win32
		{492B6365-26D5-3B53-88B7-E6660061F914}.Debug|Win32.ActiveCfg = Debug|Win32
		{492B6365-26D5-3B53-88B7-E6660061F914}.Debug|Win32.Build.0 = Debug|Win32
		{492B6365-26D5-3B53-88B7-E6660061F914}.Release|Win32.ActiveCfg = Release|Win32
		{492B6365-26D5-3B53-88B7-E6660061F914}.Release|Win32.Build.0 = Release|Win32
		{2DCE72D1-ABD8-3AF2-BAF9-630DE7EA8787}.Debug|Win32.ActiveCfg = Debug|Win32
		{2DCE72D1-ABD8-3AF2-BAF9-630DE7EA8787}.Debug|Win32.Build.0 = Debug|Win32
		{2DCE72D1-ABD8-3AF2-BAF9-630DE7EA8787}.Release|Win32.ActiveCfg = Release|Win32
		{2DCE72D1-ABD8-3AF2-BAF9-630DE7EA8787}.Release|Win32.Build.0 = Release|Win32
		{E4F85602-5E04-36F9-BF12-09A9E213AEE0}.Debug|Win32.ActiveCfg = Debug|Win32
		{E4F85602-5E04-36F9-BF12-09A9E213AEE0}.Debug|Win32.Build.0 = Debug|Win32
		{E4F85602-5E04-36F9-BF12-09A9E213AEE0}.Release|Win32.ActiveCfg = Release|Win32
		{E4F85602-5E04-36F9-BF12-09A9E213AEE0}.Release|Win32.Build.0 = Release|Win32
		{2AF5CAC9-324D-3C30-89ED-E1EE4B0A066C}.Debug|Win32.ActiveCfg = Debug|Win32
		{2AF5CAC9-324D-3C30-89ED-E1EE4B0A066C}.Debug|Win32.Build.0 = Debug|Win32
		{2AF5CAC9-324D-3C30-89ED-E1EE4B0A066C}.Release|Win32.ActiveCfg = Release|Win32
		{2AF5CAC9-324D-3C30-89ED-E1EE4B0A066C}.Release|Win32.Build.0 = Release|Win32
		{148C929A-B457-3163-833D-2024D56F4F78}.Debug|Win32.ActiveCfg = Debug|Win32
		{148C929A-B457-3163-833D-2024D56F4F78}.Debug|Win32.Build.0 = Debug|Win32
		{148C929A-B457-3163-833D-2024D56F4F78}.Release|Win32.ActiveCfg = Release|Win32
		{148C929A-B457-3163-833D-2024D56F4F78}.Release|Win32.Build.0 = Release|Win32
		{61845628-D49A-3E11-8EB7-AD10131AC5D4}.Debug|Win32.ActiveCfg = Debug|Win32
		{61845628-D49A-3E11-8EB7-AD10131AC5D4}.Debug|Win32.Build.0 = Debug|Win32
		{61845628-D49A-3E11-8EB7-AD10131AC5D4}.Release|Win32.ActiveCfg = Release|Win32
		{61845628-D49A-3E11-8EB7-AD10131AC5D4}.Release|Win32.Build.0 = Release|Win32
		{822F00A4-1002-3554-8367-1A28F31C0D77}.Debug|Win32.ActiveCfg = Debug|Win32
		{822F00A4-1002-3554-8367-1A28F31C0D77}.Debug|Win32.Build.0 = Debug|Win32
		{822F00A4-1002-3554-8367-1A28F31C0D77}.Release|Win32.ActiveCfg = Release|Win32
		{822F00A4-1002-3554-8367-1A28F31C0D77}.Release|Win32.Build.0 = Release|Win32
		{89AD07D1-06F1-3EEC-8992-BEC0457C7E11}.Debug|Win32.ActiveCfg = Debug|Win32
		{89AD07D1-06F1-3EEC-8992-BEC0457C7E11}.Debug|Win32.Build.0 = Debug|Win32
		{89AD07D1-06F1-3EEC-8992-BEC0457C7E11}.Release|Win32.ActiveCfg = Release|Win32
		{89AD07D1-06F1-3EEC-8992-BEC0457C7E11}.Release|Win32.Build.0 = Release|Win32
		{84303B32-00EB-3857-878B-53592E03DB50}.Debug|Win32.ActiveCfg = Debug|Win32
		{84303B32-00EB-3857-878B-53592E03DB50}.Debug|Win32.Build.0 = Debug|Win32
		{84303B32-00EB-3857-878B-53592E03DB50}.Release|Win32.ActiveCfg = Release|Win32
		{84303B32-00EB-3857-878B-53592E03DB50}.Release|Win32.Build.0 = Release|Win32
		{C5753ACB-D131-347D-873F-55D911DD18D4}.Debug|Win32.ActiveCfg = Debug|Win32
		{C5753ACB-D131-347D-873F-55D911DD18D4}.Debug|Win32.Build.0 = Debug|Win32
		{C5753ACB-D131-347D-873F-55D911DD18D4}.Release|Win32.ActiveCfg = Release|Win32
		{C5753ACB-D131-347D-873F-55D911DD18D4}.Release|Win32.Build.0 = Release|Win32
		{BC463B58-8549-36E9-BB94-0DD03DA41B09}.Debug|Win32.ActiveCfg = Debug|Win32
		{BC463B58-8549-36E9-BB94-0DD03DA41B09}.Debug|Win32.Build.0 = Debug|Win32
		{BC463B58-8549-36E9-BB94-0DD03DA41B09}.Release|Win32.ActiveCfg = Release|Win32
		{BC463B58-8549-36E9-BB94-0DD03DA41B09}.Release|Win32.Build.0 = Release|Win32
		{175AF96F-A918-3F7C-8A50-D170AF58D70A}.Debug|Win32.ActiveCfg = Debug|Win32
		{175AF96F-A918-3F7C-8A50-D170AF58D70A}.Debug|Win32.Build.0 = Debug|Win32
		{175AF96F-A918-3F7C-8A50-D170AF58D70A}.Release|Win32.ActiveCfg = Release|Win32
		{175AF96F-A918-3F7C-8A50-D170AF58D70A}.Release|Win32.Build.0 = Release|Win32
		{C5262023-0903-37A8-9CEC-C01D3025D07D}.Debug|Win32.ActiveCfg = Debug|Win32
		{C5262023-0903-37A8-9CEC-C01D3025D07D}.Debug|Win32.Build.0 = Debug|Win32
		{C5262023-0903-37A8-9CEC-C01D3025D07D}.Release|Win32.ActiveCfg = Release|Win32
		{C5262023-0903-37A8-9CEC-C01D3025D07D}.Release|Win32.Build.0 = Release|Win32
		{36C0759E-DE52-37A3-AF7A-9D2854107B90}.Debug|Win32.ActiveCfg = Debug|Win32
		{36C0759E-DE52-37A3-AF7A-9D2854107B90}.Debug|Win32.Build.0 = Debug|Win32
		{36C0759E-DE52-37A3-AF7A-9D2854107B90}.Release|Win32.ActiveCfg = Release|Win32
		{36C0759E-DE52-37A3-AF7A-9D2854107B90}.Release|Win32.Build.0 = Release|Win32
		{B9DE3882-FBE2-378D-AB56-565D252434E9}.Debug|Win32.ActiveCfg = Debug|Win32
		{B9DE3882-FBE2-378D-AB56-565D252434E9}.Debug|Win32.Build.0 = Debug|Win32
		{B9DE3882-FBE2-378D-AB56-565D252434E9}.Release|Win32.ActiveCfg = Release|Win32
		{B9DE3882-FBE2-378D-AB56-565D252434E9}.Release|Win32.Build.0 = Release|Win32
		{16763568-C0C3-301D-B012-1E5E92D6F386}.Debug|Win32.ActiveCfg = Debug|Win32
		{16763568-C0C3-301D-B012-1E5E92D6F386}.Debug|Win32.Build.0 = Debug|Win32
		{16763568-C0C3-301D-B012-1E5E92D6F386}.Release|Win32.ActiveCfg = Release|Win32
		{16763568-C0C3-301D-B012-1E5E92D6F386}.Release|Win32.Build.0 = Release|Win32
		{19334D65-06AF-3742-9CFC-BDC3F2BC661F}.Debug|Win32.ActiveCfg = Debug|Win32
		{19334D65-06AF-3742-9CFC-BDC3F2BC661F}.Debug|Win32.Build.0 = Debug|Win32
		{19334D65-06AF-3742-9CFC-BDC3F2BC661F}.Release|Win32.ActiveCfg = Release|Win32
		{19334D65-06AF-3742-9CFC-BDC3F2BC661F}.Release|Win32.Build.0 = Release|Win32
		{6647A37A-EBDB-34B7-93ED-5ADE48085D6C}.Debug|Win32.ActiveCfg = Debug|Win32
		{6647A37A-EBDB-34B7-93ED-5ADE48085D6C}.Debug|Win32.Build.0 = Debug|Win32
		{6647A37A-EBDB-34B7-93ED-5ADE48085D6C}.Release|Win32.ActiveCfg = Release|Win32
		{6647A37A-EBDB-34B7-93ED-5ADE48085D6C}.Release|Win32.Build.0 = Release|Win32
		{7B0C4ABD-5160-32AA-97D5-C200664DD4AF}.Debug|Win32.ActiveCfg = Debug|Win32
		{7B0C4ABD-5160-32AA-97D5-C200664DD4AF}.Debug|Win32.Build.0 = Debug|Win32
		{7B0C4ABD-5160-32AA-97D5-C200664DD4AF}.Release|Win32.ActiveCfg = Release|Win32
		{7B0C4ABD-5160-32AA-97D5-C200664DD4AF}.Release|Win32.Build.0 = Release|Win32
		{C7871AAB-9D3C-389D-89C9-A7EDA7AA2DA2}.Debug|Win32.ActiveCfg = Debug|Win32
		{C7871AAB-9D3C-389D-89C9-A7EDA7AA2DA2}.Debug|Win32.Build.0 = Debug|Win32
		{C7871AAB-9D3C-389D-89C9-A7EDA7AA2DA2}.Release|Win32.ActiveCfg = Release|Win32
		{C7871AAB-9D3C-389D-89C9-A7EDA7AA2DA2}.Release|Win32.Build.0 = Release|Win32
		{C6A5E765-A79A-30E3-AE65-4AC43B91076C}.Debug|Win32.ActiveCfg = Debug|Win32
		{C6A5E765-A79A-30E3-AE65-4AC43B91076C}.Debug|Win32.Build.0 = Debug|Win32
		{C6A5E765-A79A-30E3-AE65-4AC43B91076C}.Release|Win32.ActiveCfg = Release|Win32
		{C6A5E765-A79A-30E3-AE65-4AC43B91076C}.Release|Win32.Build.0 = Release|Win32
		{46DC7E03-0C5A-3F71-89C4-2B93458C4BEE}.Debug|Win32.ActiveCfg = Debug|Win32
		{46DC7E03-0C5A-3F71-89C4-2B93458C4BEE}.Debug|Win32.Build.0 = Debug|Win32
		{46DC7E03-0C5A-3F71-89C4-2B93458C4BEE}.Release|Win32.ActiveCfg = Release|Win32
		{46DC7E03-0C5A-3F71-89C4-2B93458C4BEE}.Release|Win32.Build.0 = Release|Win32
	EndGlobalSection
	GlobalSection(SolutionProperties) = preSolution
		HideSolutionNode = FALSE
	EndGlobalSection
	GlobalSection(NestedProjects) = preSolution
		{A2A8C8DC-5604-3794-BC01-5785B4DC66E3} = {DAD1DC0E-CD4D-4D50-944F-3345541043CC}
		{BFBE3ACF-B5D4-30CF-9544-7C5DE4EBD2DC} = {DAD1DC0E-CD4D-4D50-944F-3345541043CC}
		{1B5C1528-DAD8-316F-9AEF-227223BBEC05} = {DAD1DC0E-CD4D-4D50-944F-3345541043CC}
		{877E0111-473A-3486-98E8-177E81EB10B5} = {DAD1DC0E-CD4D-4D50-944F-3345541043CC}
		{3832888A-E4B6-3D30-91D3-B1091CF2AF62} = {DAD1DC0E-CD4D-4D50-944F-3345541043CC}
		{554F6B1A-A4E9-35F0-9B10-3D859DF48D00} = {DAD1DC0E-CD4D-4D50-944F-3345541043CC}
		{7B0C4ABD-5160-32AA-97D5-C200664DD4AF} = {DAD1DC0E-CD4D-4D50-944F-3345541043CC}
		{C6A5E765-A79A-30E3-AE65-4AC43B91076C} = {DAD1DC0E-CD4D-4D50-944F-3345541043CC}
		{F1E33A5E-A347-40F8-A34A-5EB534D84C77} = {7E3A1493-014C-436A-8A0B-FD579ADA6531}
		{E4F85602-5E04-36F9-BF12-09A9E213AEE0} = {7E3A1493-014C-436A-8A0B-FD579ADA6531}
		{2AF5CAC9-324D-3C30-89ED-E1EE4B0A066C} = {7E3A1493-014C-436A-8A0B-FD579ADA6531}
		{E22EC8FD-71BB-4904-B623-F9C9A7E805BD} = {7E3A1493-014C-436A-8A0B-FD579ADA6531}
		{89AD07D1-06F1-3EEC-8992-BEC0457C7E11} = {7E3A1493-014C-436A-8A0B-FD579ADA6531}
		{84303B32-00EB-3857-878B-53592E03DB50} = {7E3A1493-014C-436A-8A0B-FD579ADA6531}
		{46DC7E03-0C5A-3F71-89C4-2B93458C4BEE} = {7E3A1493-014C-436A-8A0B-FD579ADA6531}
		{2DCE72D1-ABD8-3AF2-BAF9-630DE7EA8787} = {F1E33A5E-A347-40F8-A34A-5EB534D84C77}
		{492B6365-26D5-3B53-88B7-E6660061F914} = {F1E33A5E-A347-40F8-A34A-5EB534D84C77}
		{61845628-D49A-3E11-8EB7-AD10131AC5D4} = {E22EC8FD-71BB-4904-B623-F9C9A7E805BD}
		{822F00A4-1002-3554-8367-1A28F31C0D77} = {E22EC8FD-71BB-4904-B623-F9C9A7E805BD}
		{839B656E-AAA4-3638-9808-9A4915187DEB} = {E22EC8FD-71BB-4904-B623-F9C9A7E805BD}
		{148C929A-B457-3163-833D-2024D56F4F78} = {E22EC8FD-71BB-4904-B623-F9C9A7E805BD}
		{BC463B58-8549-36E9-BB94-0DD03DA41B09} = {BF356269-06FC-400F-A653-FA6F9404A5DE}
		{175AF96F-A918-3F7C-8A50-D170AF58D70A} = {BF356269-06FC-400F-A653-FA6F9404A5DE}
		{C5262023-0903-37A8-9CEC-C01D3025D07D} = {BF356269-06FC-400F-A653-FA6F9404A5DE}
		{36C0759E-DE52-37A3-AF7A-9D2854107B90} = {BF356269-06FC-400F-A653-FA6F9404A5DE}
		{B9DE3882-FBE2-378D-AB56-565D252434E9} = {BF356269-06FC-400F-A653-FA6F9404A5DE}
		{16763568-C0C3-301D-B012-1E5E92D6F386} = {BF356269-06FC-400F-A653-FA6F9404A5DE}
		{19334D65-06AF-3742-9CFC-BDC3F2BC661F} = {BF356269-06FC-400F-A653-FA6F9404A5DE}
		{C5753ACB-D131-347D-873F-55D911DD18D4} = {BF356269-06FC-400F-A653-FA6F9404A5DE}
		{6647A37A-EBDB-34B7-93ED-5ADE48085D6C} = {BF356269-06FC-400F-A653-FA6F9404A5DE}
		{C7871AAB-9D3C-389D-89C9-A7EDA7AA2DA2} = {BF356269-06FC-400F-A653-FA6F9404A5DE}
	EndGlobalSection
EndGlobal
