Microsoft Visual Studio Solution File, Format Version 10.00
# Visual Studio 2008
Project("{2150E333-8FDC-42A3-9474-1A3956D46DE8}") = "components", "components", "{E4BD3B5A-D836-466D-8984-7BD9E46D0206}"
EndProject
Project("{2150E333-8FDC-42A3-9474-1A3956D46DE8}") = "render-skia", "render-skia", "{D7624109-CB66-4AA1-9F07-504B5D51BFB6}"
EndProject
Project("{8BC9CEB8-8B4A-11D0-8D11-00A0C91BC942}") = "utilities", "utilities\utilities.vcproj", "{C2B034F6-3E66-3632-8CBF-452C2E6C9BA9}"
EndProject
Project("{8BC9CEB8-8B4A-11D0-8D11-00A0C91BC942}") = "soui", "SOUI\soui.vcproj", "{E7B5140C-2BFA-320F-A981-BC98D0F5B2C0}"
	ProjectSection(ProjectDependencies) = postProject
		{C2B034F6-3E66-3632-8CBF-452C2E6C9BA9} = {C2B034F6-3E66-3632-8CBF-452C2E6C9BA9}
	EndProjectSection
EndProject
Project("{8BC9CEB8-8B4A-11D0-8D11-00A0C91BC942}") = "imgdecoder-wic", "components\imgdecoder-wic\imgdecoder-wic.vcproj", "{C5B4C352-744B-326E-84E7-9E6EFFBD1DCA}"
EndProject
Project("{8BC9CEB8-8B4A-11D0-8D11-00A0C91BC942}") = "render-gdi", "components\render-gdi\render-gdi.vcproj", "{E9EA7D7D-8D5A-3F2C-85B9-056200C58EB6}"
	ProjectSection(ProjectDependencies) = postProject
		{C2B034F6-3E66-3632-8CBF-452C2E6C9BA9} = {C2B034F6-3E66-3632-8CBF-452C2E6C9BA9}
	EndProjectSection
EndProject
Project("{8BC9CEB8-8B4A-11D0-8D11-00A0C91BC942}") = "render-skia", "components\render-skia\render-skia.vcproj", "{C26A8689-8880-3EDA-B493-E87AC1EA82BA}"
	ProjectSection(ProjectDependencies) = postProject
		{E702AC1C-4AC7-3904-9CE2-27CF661F6049} = {E702AC1C-4AC7-3904-9CE2-27CF661F6049}
		{C2B034F6-3E66-3632-8CBF-452C2E6C9BA9} = {C2B034F6-3E66-3632-8CBF-452C2E6C9BA9}
	EndProjectSection
EndProject
Project("{8BC9CEB8-8B4A-11D0-8D11-00A0C91BC942}") = "translator", "components\translator\translator.vcproj", "{011C35B5-1944-3E4F-8E34-5E17EA3BC205}"
	ProjectSection(ProjectDependencies) = postProject
		{C2B034F6-3E66-3632-8CBF-452C2E6C9BA9} = {C2B034F6-3E66-3632-8CBF-452C2E6C9BA9}
	EndProjectSection
EndProject
Project("{8BC9CEB8-8B4A-11D0-8D11-00A0C91BC942}") = "zlib", "components\zlib\zlib.vcproj", "{E74072F9-4383-3B0F-A789-9ADD4E407BF8}"
EndProject
Project("{8BC9CEB8-8B4A-11D0-8D11-00A0C91BC942}") = "resprovider-zip", "components\resprovider-zip\resprovider-zip.vcproj", "{E52A3642-02A7-38FA-964D-9D4321F7BEA9}"
	ProjectSection(ProjectDependencies) = postProject
		{C2B034F6-3E66-3632-8CBF-452C2E6C9BA9} = {C2B034F6-3E66-3632-8CBF-452C2E6C9BA9}
		{E74072F9-4383-3B0F-A789-9ADD4E407BF8} = {E74072F9-4383-3B0F-A789-9ADD4E407BF8}
	EndProjectSection
EndProject
Project("{8BC9CEB8-8B4A-11D0-8D11-00A0C91BC942}") = "lua-51", "components\ScriptModule-LUA\lua-51\lua-51.vcproj", "{0A98B286-61EA-36CB-A627-A2C0B7D637E0}"
EndProject
Project("{8BC9CEB8-8B4A-11D0-8D11-00A0C91BC942}") = "scriptmodule-lua", "components\ScriptModule-LUA\ScriptModule\scriptmodule-lua.vcproj", "{5E8BCBC7-B946-3938-8AE6-8EE661E4E2B6}"
	ProjectSection(ProjectDependencies) = postProject
		{E7B5140C-2BFA-320F-A981-BC98D0F5B2C0} = {E7B5140C-2BFA-320F-A981-BC98D0F5B2C0}
		{0A98B286-61EA-36CB-A627-A2C0B7D637E0} = {0A98B286-61EA-36CB-A627-A2C0B7D637E0}
	EndProjectSection
EndProject
Project("{8BC9CEB8-8B4A-11D0-8D11-00A0C91BC942}") = "demo", "demo\demo.vcproj", "{307EFC7E-DD20-3E9D-8097-54A9D5C4E35D}"
	ProjectSection(ProjectDependencies) = postProject
		{E7B5140C-2BFA-320F-A981-BC98D0F5B2C0} = {E7B5140C-2BFA-320F-A981-BC98D0F5B2C0}
		{97E4C8A6-6AE4-3FCC-98A0-304F82982778} = {97E4C8A6-6AE4-3FCC-98A0-304F82982778}
		{C2B034F6-3E66-3632-8CBF-452C2E6C9BA9} = {C2B034F6-3E66-3632-8CBF-452C2E6C9BA9}
	EndProjectSection
EndProject
Project("{8BC9CEB8-8B4A-11D0-8D11-00A0C91BC942}") = "soui-sys-resource", "soui-sys-resource\soui-sys-resource.vcproj", "{C0E73CD1-8D74-3DD4-A766-9DBC8B6B206C}"
EndProject
Project("{8BC9CEB8-8B4A-11D0-8D11-00A0C91BC942}") = "qqlogin", "QQLogin\QQLogin.vcproj", "{85E534E8-CBE6-366B-897A-AD6CC3EE9FFD}"
	ProjectSection(ProjectDependencies) = postProject
		{E7B5140C-2BFA-320F-A981-BC98D0F5B2C0} = {E7B5140C-2BFA-320F-A981-BC98D0F5B2C0}
		{C2B034F6-3E66-3632-8CBF-452C2E6C9BA9} = {C2B034F6-3E66-3632-8CBF-452C2E6C9BA9}
	EndProjectSection
EndProject
Project("{8BC9CEB8-8B4A-11D0-8D11-00A0C91BC942}") = "360", "360\360.vcproj", "{73C5F9C9-1F07-397E-B929-898B92AAC27B}"
	ProjectSection(ProjectDependencies) = postProject
		{E7B5140C-2BFA-320F-A981-BC98D0F5B2C0} = {E7B5140C-2BFA-320F-A981-BC98D0F5B2C0}
	EndProjectSection
EndProject
Project("{8BC9CEB8-8B4A-11D0-8D11-00A0C91BC942}") = "souispy", "souispy\souispy.vcproj", "{0B391099-94A6-3FB0-AC84-286295AF3293}"
	ProjectSection(ProjectDependencies) = postProject
		{E7B5140C-2BFA-320F-A981-BC98D0F5B2C0} = {E7B5140C-2BFA-320F-A981-BC98D0F5B2C0}
	EndProjectSection
EndProject
Project("{8BC9CEB8-8B4A-11D0-8D11-00A0C91BC942}") = "imgdecoder-png", "components\imgdecoder-png\imgdecoder-png.vcproj", "{CA87CA7E-F08D-3537-87A2-5E88B450DF36}"
	ProjectSection(ProjectDependencies) = postProject
		{68801D79-80E4-3BB2-9BEA-440AA7BC6F7E} = {68801D79-80E4-3BB2-9BEA-440AA7BC6F7E}
		{E74072F9-4383-3B0F-A789-9ADD4E407BF8} = {E74072F9-4383-3B0F-A789-9ADD4E407BF8}
	EndProjectSection
EndProject
Project("{8BC9CEB8-8B4A-11D0-8D11-00A0C91BC942}") = "png", "components\png\png.vcproj", "{68801D79-80E4-3BB2-9BEA-440AA7BC6F7E}"
EndProject
Project("{8BC9CEB8-8B4A-11D0-8D11-00A0C91BC942}") = "imgdecoder-stb", "components\imgdecoder-stb\imgdecoder-stb.vcproj", "{658DA7C6-8EFF-322C-8E00-ECF6EEF7B4E4}"
EndProject
Project("{2150E333-8FDC-42A3-9474-1A3956D46DE8}") = "imgdecorder", "imgdecorder", "{2B992D0F-4BD4-4159-9D4A-9FFC4627075A}"
EndProject
Project("{2150E333-8FDC-42A3-9474-1A3956D46DE8}") = "tools", "tools", "{4DF98E2B-7A65-4C6A-A19E-4CA2E9BE3B87}"
EndProject
Project("{8BC9CEB8-8B4A-11D0-8D11-00A0C91BC942}") = "skia", "components\skia\skia.vcproj", "{E702AC1C-4AC7-3904-9CE2-27CF661F6049}"
EndProject
Project("{8BC9CEB8-8B4A-11D0-8D11-00A0C91BC942}") = "MusicPlayer", "MusicPlayer\MusicPlayer.vcproj", "{E8EDDEC5-87FE-3E8E-910B-EF276746C028}"
	ProjectSection(ProjectDependencies) = postProject
		{E7B5140C-2BFA-320F-A981-BC98D0F5B2C0} = {E7B5140C-2BFA-320F-A981-BC98D0F5B2C0}
	EndProjectSection
EndProject
Project("{8BC9CEB8-8B4A-11D0-8D11-00A0C91BC942}") = "SoSmiley", "SoSmiley\SoSmiley.vcproj", "{97E4C8A6-6AE4-3FCC-98A0-304F82982778}"
EndProject
Project("{8BC9CEB8-8B4A-11D0-8D11-00A0C91BC942}") = "imgdecoder-gdip", "components\imgdecoder-gdip\imgdecoder-gdip.vcproj", "{FA0369D5-46C3-38E7-AA69-475091BC7A70}"
EndProject
Project("{8BC9CEB8-8B4A-11D0-8D11-00A0C91BC942}") = "PCManager", "PCManager\PCManager.vcproj", "{F5DBCBC9-6C70-3A9D-B14F-406858F0CC68}"
	ProjectSection(ProjectDependencies) = postProject
		{E7B5140C-2BFA-320F-A981-BC98D0F5B2C0} = {E7B5140C-2BFA-320F-A981-BC98D0F5B2C0}
		{C2B034F6-3E66-3632-8CBF-452C2E6C9BA9} = {C2B034F6-3E66-3632-8CBF-452C2E6C9BA9}
	EndProjectSection
EndProject
Project("{2150E333-8FDC-42A3-9474-1A3956D46DE8}") = "demos", "demos", "{8506B0EA-AB34-4358-8054-4516A081C148}"
EndProject
Project("{8BC9CEB8-8B4A-11D0-8D11-00A0C91BC942}") = "SoTool", "SoTool\SoTool.vcproj", "{3CFC2B4F-8F78-3631-AADA-C728AB7F3DE5}"
	ProjectSection(ProjectDependencies) = postProject
		{E7B5140C-2BFA-320F-A981-BC98D0F5B2C0} = {E7B5140C-2BFA-320F-A981-BC98D0F5B2C0}
	EndProjectSection
EndProject
Global
	GlobalSection(SolutionConfigurationPlatforms) = preSolution
		Debug|Win32 = Debug|Win32
		Debug|x64 = Debug|x64
		Release|Win32 = Release|Win32
		Release|x64 = Release|x64
	EndGlobalSection
	GlobalSection(ProjectConfigurationPlatforms) = postSolution
		{C2B034F6-3E66-3632-8CBF-452C2E6C9BA9}.Debug|Win32.ActiveCfg = Debug|Win32
		{C2B034F6-3E66-3632-8CBF-452C2E6C9BA9}.Debug|Win32.Build.0 = Debug|Win32
		{C2B034F6-3E66-3632-8CBF-452C2E6C9BA9}.Debug|x64.ActiveCfg = Debug|Win32
		{C2B034F6-3E66-3632-8CBF-452C2E6C9BA9}.Release|Win32.ActiveCfg = Release|Win32
		{C2B034F6-3E66-3632-8CBF-452C2E6C9BA9}.Release|Win32.Build.0 = Release|Win32
		{C2B034F6-3E66-3632-8CBF-452C2E6C9BA9}.Release|x64.ActiveCfg = Release|Win32
		{E7B5140C-2BFA-320F-A981-BC98D0F5B2C0}.Debug|Win32.ActiveCfg = Debug|Win32
		{E7B5140C-2BFA-320F-A981-BC98D0F5B2C0}.Debug|Win32.Build.0 = Debug|Win32
		{E7B5140C-2BFA-320F-A981-BC98D0F5B2C0}.Debug|x64.ActiveCfg = Debug|Win32
		{E7B5140C-2BFA-320F-A981-BC98D0F5B2C0}.Release|Win32.ActiveCfg = Release|Win32
		{E7B5140C-2BFA-320F-A981-BC98D0F5B2C0}.Release|Win32.Build.0 = Release|Win32
		{E7B5140C-2BFA-320F-A981-BC98D0F5B2C0}.Release|x64.ActiveCfg = Release|Win32
		{C5B4C352-744B-326E-84E7-9E6EFFBD1DCA}.Debug|Win32.ActiveCfg = Debug|Win32
		{C5B4C352-744B-326E-84E7-9E6EFFBD1DCA}.Debug|Win32.Build.0 = Debug|Win32
		{C5B4C352-744B-326E-84E7-9E6EFFBD1DCA}.Debug|x64.ActiveCfg = Debug|Win32
		{C5B4C352-744B-326E-84E7-9E6EFFBD1DCA}.Release|Win32.ActiveCfg = Release|Win32
		{C5B4C352-744B-326E-84E7-9E6EFFBD1DCA}.Release|Win32.Build.0 = Release|Win32
		{C5B4C352-744B-326E-84E7-9E6EFFBD1DCA}.Release|x64.ActiveCfg = Release|Win32
		{E9EA7D7D-8D5A-3F2C-85B9-056200C58EB6}.Debug|Win32.ActiveCfg = Debug|Win32
		{E9EA7D7D-8D5A-3F2C-85B9-056200C58EB6}.Debug|Win32.Build.0 = Debug|Win32
		{E9EA7D7D-8D5A-3F2C-85B9-056200C58EB6}.Debug|x64.ActiveCfg = Debug|Win32
		{E9EA7D7D-8D5A-3F2C-85B9-056200C58EB6}.Release|Win32.ActiveCfg = Release|Win32
		{E9EA7D7D-8D5A-3F2C-85B9-056200C58EB6}.Release|Win32.Build.0 = Release|Win32
		{E9EA7D7D-8D5A-3F2C-85B9-056200C58EB6}.Release|x64.ActiveCfg = Release|Win32
		{C26A8689-8880-3EDA-B493-E87AC1EA82BA}.Debug|Win32.ActiveCfg = Debug|Win32
		{C26A8689-8880-3EDA-B493-E87AC1EA82BA}.Debug|x64.ActiveCfg = Debug|Win32
		{C26A8689-8880-3EDA-B493-E87AC1EA82BA}.Release|Win32.ActiveCfg = Release|Win32
		{C26A8689-8880-3EDA-B493-E87AC1EA82BA}.Release|Win32.Build.0 = Release|Win32
		{C26A8689-8880-3EDA-B493-E87AC1EA82BA}.Release|x64.ActiveCfg = Release|Win32
		{011C35B5-1944-3E4F-8E34-5E17EA3BC205}.Debug|Win32.ActiveCfg = Debug|Win32
		{011C35B5-1944-3E4F-8E34-5E17EA3BC205}.Debug|Win32.Build.0 = Debug|Win32
		{011C35B5-1944-3E4F-8E34-5E17EA3BC205}.Debug|x64.ActiveCfg = Debug|Win32
		{011C35B5-1944-3E4F-8E34-5E17EA3BC205}.Release|Win32.ActiveCfg = Release|Win32
		{011C35B5-1944-3E4F-8E34-5E17EA3BC205}.Release|Win32.Build.0 = Release|Win32
		{011C35B5-1944-3E4F-8E34-5E17EA3BC205}.Release|x64.ActiveCfg = Release|Win32
		{E74072F9-4383-3B0F-A789-9ADD4E407BF8}.Debug|Win32.ActiveCfg = Debug|Win32
		{E74072F9-4383-3B0F-A789-9ADD4E407BF8}.Debug|Win32.Build.0 = Debug|Win32
		{E74072F9-4383-3B0F-A789-9ADD4E407BF8}.Debug|x64.ActiveCfg = Debug|Win32
		{E74072F9-4383-3B0F-A789-9ADD4E407BF8}.Release|Win32.ActiveCfg = Release|Win32
		{E74072F9-4383-3B0F-A789-9ADD4E407BF8}.Release|Win32.Build.0 = Release|Win32
		{E74072F9-4383-3B0F-A789-9ADD4E407BF8}.Release|x64.ActiveCfg = Release|Win32
		{E52A3642-02A7-38FA-964D-9D4321F7BEA9}.Debug|Win32.ActiveCfg = Debug|Win32
		{E52A3642-02A7-38FA-964D-9D4321F7BEA9}.Debug|Win32.Build.0 = Debug|Win32
		{E52A3642-02A7-38FA-964D-9D4321F7BEA9}.Debug|x64.ActiveCfg = Debug|Win32
		{E52A3642-02A7-38FA-964D-9D4321F7BEA9}.Release|Win32.ActiveCfg = Release|Win32
		{E52A3642-02A7-38FA-964D-9D4321F7BEA9}.Release|Win32.Build.0 = Release|Win32
		{E52A3642-02A7-38FA-964D-9D4321F7BEA9}.Release|x64.ActiveCfg = Release|Win32
		{0A98B286-61EA-36CB-A627-A2C0B7D637E0}.Debug|Win32.ActiveCfg = Debug|Win32
		{0A98B286-61EA-36CB-A627-A2C0B7D637E0}.Debug|Win32.Build.0 = Debug|Win32
		{0A98B286-61EA-36CB-A627-A2C0B7D637E0}.Debug|x64.ActiveCfg = Debug|Win32
		{0A98B286-61EA-36CB-A627-A2C0B7D637E0}.Release|Win32.ActiveCfg = Release|Win32
		{0A98B286-61EA-36CB-A627-A2C0B7D637E0}.Release|Win32.Build.0 = Release|Win32
		{0A98B286-61EA-36CB-A627-A2C0B7D637E0}.Release|x64.ActiveCfg = Release|Win32
		{5E8BCBC7-B946-3938-8AE6-8EE661E4E2B6}.Debug|Win32.ActiveCfg = Debug|Win32
		{5E8BCBC7-B946-3938-8AE6-8EE661E4E2B6}.Debug|Win32.Build.0 = Debug|Win32
		{5E8BCBC7-B946-3938-8AE6-8EE661E4E2B6}.Debug|x64.ActiveCfg = Debug|Win32
		{5E8BCBC7-B946-3938-8AE6-8EE661E4E2B6}.Release|Win32.ActiveCfg = Release|Win32
		{5E8BCBC7-B946-3938-8AE6-8EE661E4E2B6}.Release|Win32.Build.0 = Release|Win32
		{5E8BCBC7-B946-3938-8AE6-8EE661E4E2B6}.Release|x64.ActiveCfg = Release|Win32
		{307EFC7E-DD20-3E9D-8097-54A9D5C4E35D}.Debug|Win32.ActiveCfg = Debug|Win32
		{307EFC7E-DD20-3E9D-8097-54A9D5C4E35D}.Debug|Win32.Build.0 = Debug|Win32
		{307EFC7E-DD20-3E9D-8097-54A9D5C4E35D}.Debug|x64.ActiveCfg = Debug|Win32
		{307EFC7E-DD20-3E9D-8097-54A9D5C4E35D}.Release|Win32.ActiveCfg = Release|Win32
		{307EFC7E-DD20-3E9D-8097-54A9D5C4E35D}.Release|Win32.Build.0 = Release|Win32
		{307EFC7E-DD20-3E9D-8097-54A9D5C4E35D}.Release|x64.ActiveCfg = Release|Win32
		{C0E73CD1-8D74-3DD4-A766-9DBC8B6B206C}.Debug|Win32.ActiveCfg = Debug|Win32
		{C0E73CD1-8D74-3DD4-A766-9DBC8B6B206C}.Debug|Win32.Build.0 = Debug|Win32
		{C0E73CD1-8D74-3DD4-A766-9DBC8B6B206C}.Debug|x64.ActiveCfg = Debug|Win32
		{C0E73CD1-8D74-3DD4-A766-9DBC8B6B206C}.Release|Win32.ActiveCfg = Release|Win32
		{C0E73CD1-8D74-3DD4-A766-9DBC8B6B206C}.Release|Win32.Build.0 = Release|Win32
		{C0E73CD1-8D74-3DD4-A766-9DBC8B6B206C}.Release|x64.ActiveCfg = Release|Win32
		{85E534E8-CBE6-366B-897A-AD6CC3EE9FFD}.Debug|Win32.ActiveCfg = Debug|Win32
		{85E534E8-CBE6-366B-897A-AD6CC3EE9FFD}.Debug|Win32.Build.0 = Debug|Win32
		{85E534E8-CBE6-366B-897A-AD6CC3EE9FFD}.Debug|x64.ActiveCfg = Debug|Win32
		{85E534E8-CBE6-366B-897A-AD6CC3EE9FFD}.Release|Win32.ActiveCfg = Release|Win32
		{85E534E8-CBE6-366B-897A-AD6CC3EE9FFD}.Release|Win32.Build.0 = Release|Win32
		{85E534E8-CBE6-366B-897A-AD6CC3EE9FFD}.Release|x64.ActiveCfg = Release|Win32
		{73C5F9C9-1F07-397E-B929-898B92AAC27B}.Debug|Win32.ActiveCfg = Debug|Win32
		{73C5F9C9-1F07-397E-B929-898B92AAC27B}.Debug|Win32.Build.0 = Debug|Win32
		{73C5F9C9-1F07-397E-B929-898B92AAC27B}.Debug|x64.ActiveCfg = Debug|Win32
		{73C5F9C9-1F07-397E-B929-898B92AAC27B}.Release|Win32.ActiveCfg = Release|Win32
		{73C5F9C9-1F07-397E-B929-898B92AAC27B}.Release|Win32.Build.0 = Release|Win32
		{73C5F9C9-1F07-397E-B929-898B92AAC27B}.Release|x64.ActiveCfg = Release|Win32
		{0B391099-94A6-3FB0-AC84-286295AF3293}.Debug|Win32.ActiveCfg = Debug|Win32
		{0B391099-94A6-3FB0-AC84-286295AF3293}.Debug|Win32.Build.0 = Debug|Win32
		{0B391099-94A6-3FB0-AC84-286295AF3293}.Debug|x64.ActiveCfg = Debug|Win32
		{0B391099-94A6-3FB0-AC84-286295AF3293}.Release|Win32.ActiveCfg = Release|Win32
		{0B391099-94A6-3FB0-AC84-286295AF3293}.Release|Win32.Build.0 = Release|Win32
		{0B391099-94A6-3FB0-AC84-286295AF3293}.Release|x64.ActiveCfg = Release|Win32
		{CA87CA7E-F08D-3537-87A2-5E88B450DF36}.Debug|Win32.ActiveCfg = Debug|Win32
		{CA87CA7E-F08D-3537-87A2-5E88B450DF36}.Debug|Win32.Build.0 = Debug|Win32
		{CA87CA7E-F08D-3537-87A2-5E88B450DF36}.Debug|x64.ActiveCfg = Debug|Win32
		{CA87CA7E-F08D-3537-87A2-5E88B450DF36}.Release|Win32.ActiveCfg = Release|Win32
		{CA87CA7E-F08D-3537-87A2-5E88B450DF36}.Release|Win32.Build.0 = Release|Win32
		{CA87CA7E-F08D-3537-87A2-5E88B450DF36}.Release|x64.ActiveCfg = Release|Win32
		{68801D79-80E4-3BB2-9BEA-440AA7BC6F7E}.Debug|Win32.ActiveCfg = Debug|Win32
		{68801D79-80E4-3BB2-9BEA-440AA7BC6F7E}.Debug|Win32.Build.0 = Debug|Win32
		{68801D79-80E4-3BB2-9BEA-440AA7BC6F7E}.Debug|x64.ActiveCfg = Debug|Win32
		{68801D79-80E4-3BB2-9BEA-440AA7BC6F7E}.Release|Win32.ActiveCfg = Release|Win32
		{68801D79-80E4-3BB2-9BEA-440AA7BC6F7E}.Release|Win32.Build.0 = Release|Win32
		{68801D79-80E4-3BB2-9BEA-440AA7BC6F7E}.Release|x64.ActiveCfg = Release|Win32
		{658DA7C6-8EFF-322C-8E00-ECF6EEF7B4E4}.Debug|Win32.ActiveCfg = Debug|Win32
		{658DA7C6-8EFF-322C-8E00-ECF6EEF7B4E4}.Debug|Win32.Build.0 = Debug|Win32
		{658DA7C6-8EFF-322C-8E00-ECF6EEF7B4E4}.Debug|x64.ActiveCfg = Debug|Win32
		{658DA7C6-8EFF-322C-8E00-ECF6EEF7B4E4}.Release|Win32.ActiveCfg = Release|Win32
		{658DA7C6-8EFF-322C-8E00-ECF6EEF7B4E4}.Release|Win32.Build.0 = Release|Win32
		{658DA7C6-8EFF-322C-8E00-ECF6EEF7B4E4}.Release|x64.ActiveCfg = Release|Win32
		{E702AC1C-4AC7-3904-9CE2-27CF661F6049}.Debug|Win32.ActiveCfg = Debug|Win32
		{E702AC1C-4AC7-3904-9CE2-27CF661F6049}.Debug|x64.ActiveCfg = Debug|Win32
		{E702AC1C-4AC7-3904-9CE2-27CF661F6049}.Release|Win32.ActiveCfg = Release|Win32
		{E702AC1C-4AC7-3904-9CE2-27CF661F6049}.Release|Win32.Build.0 = Release|Win32
		{E702AC1C-4AC7-3904-9CE2-27CF661F6049}.Release|x64.ActiveCfg = Release|Win32
		{E8EDDEC5-87FE-3E8E-910B-EF276746C028}.Debug|Win32.ActiveCfg = Debug|Win32
		{E8EDDEC5-87FE-3E8E-910B-EF276746C028}.Debug|Win32.Build.0 = Debug|Win32
		{E8EDDEC5-87FE-3E8E-910B-EF276746C028}.Debug|x64.ActiveCfg = Debug|Win32
		{E8EDDEC5-87FE-3E8E-910B-EF276746C028}.Release|Win32.ActiveCfg = Release|Win32
		{E8EDDEC5-87FE-3E8E-910B-EF276746C028}.Release|Win32.Build.0 = Release|Win32
		{E8EDDEC5-87FE-3E8E-910B-EF276746C028}.Release|x64.ActiveCfg = Release|Win32
		{97E4C8A6-6AE4-3FCC-98A0-304F82982778}.Debug|Win32.ActiveCfg = Debug|Win32
		{97E4C8A6-6AE4-3FCC-98A0-304F82982778}.Debug|Win32.Build.0 = Debug|Win32
		{97E4C8A6-6AE4-3FCC-98A0-304F82982778}.Debug|x64.ActiveCfg = Debug|Win32
		{97E4C8A6-6AE4-3FCC-98A0-304F82982778}.Release|Win32.ActiveCfg = Release|Win32
		{97E4C8A6-6AE4-3FCC-98A0-304F82982778}.Release|Win32.Build.0 = Release|Win32
		{97E4C8A6-6AE4-3FCC-98A0-304F82982778}.Release|x64.ActiveCfg = Release|Win32
		{FA0369D5-46C3-38E7-AA69-475091BC7A70}.Debug|Win32.ActiveCfg = Debug|Win32
		{FA0369D5-46C3-38E7-AA69-475091BC7A70}.Debug|Win32.Build.0 = Debug|Win32
		{FA0369D5-46C3-38E7-AA69-475091BC7A70}.Debug|x64.ActiveCfg = Debug|Win32
		{FA0369D5-46C3-38E7-AA69-475091BC7A70}.Release|Win32.ActiveCfg = Release|Win32
		{FA0369D5-46C3-38E7-AA69-475091BC7A70}.Release|Win32.Build.0 = Release|Win32
		{FA0369D5-46C3-38E7-AA69-475091BC7A70}.Release|x64.ActiveCfg = Release|Win32
		{F5DBCBC9-6C70-3A9D-B14F-406858F0CC68}.Debug|Win32.ActiveCfg = Debug|Win32
		{F5DBCBC9-6C70-3A9D-B14F-406858F0CC68}.Debug|Win32.Build.0 = Debug|Win32
		{F5DBCBC9-6C70-3A9D-B14F-406858F0CC68}.Debug|x64.ActiveCfg = Debug|Win32
		{F5DBCBC9-6C70-3A9D-B14F-406858F0CC68}.Release|Win32.ActiveCfg = Release|Win32
		{F5DBCBC9-6C70-3A9D-B14F-406858F0CC68}.Release|Win32.Build.0 = Release|Win32
		{F5DBCBC9-6C70-3A9D-B14F-406858F0CC68}.Release|x64.ActiveCfg = Release|Win32
		{3CFC2B4F-8F78-3631-AADA-C728AB7F3DE5}.Debug|Win32.ActiveCfg = Debug|Win32
		{3CFC2B4F-8F78-3631-AADA-C728AB7F3DE5}.Debug|Win32.Build.0 = Debug|Win32
		{3CFC2B4F-8F78-3631-AADA-C728AB7F3DE5}.Debug|x64.ActiveCfg = Debug|Win32
		{3CFC2B4F-8F78-3631-AADA-C728AB7F3DE5}.Release|Win32.ActiveCfg = Release|Win32
		{3CFC2B4F-8F78-3631-AADA-C728AB7F3DE5}.Release|Win32.Build.0 = Release|Win32
		{3CFC2B4F-8F78-3631-AADA-C728AB7F3DE5}.Release|x64.ActiveCfg = Release|Win32
	EndGlobalSection
	GlobalSection(SolutionProperties) = preSolution
		HideSolutionNode = FALSE
	EndGlobalSection
	GlobalSection(NestedProjects) = preSolution
		{D7624109-CB66-4AA1-9F07-504B5D51BFB6} = {E4BD3B5A-D836-466D-8984-7BD9E46D0206}
		{2B992D0F-4BD4-4159-9D4A-9FFC4627075A} = {E4BD3B5A-D836-466D-8984-7BD9E46D0206}
		{E9EA7D7D-8D5A-3F2C-85B9-056200C58EB6} = {E4BD3B5A-D836-466D-8984-7BD9E46D0206}
		{011C35B5-1944-3E4F-8E34-5E17EA3BC205} = {E4BD3B5A-D836-466D-8984-7BD9E46D0206}
		{4DF98E2B-7A65-4C6A-A19E-4CA2E9BE3B87} = {E4BD3B5A-D836-466D-8984-7BD9E46D0206}
		{E52A3642-02A7-38FA-964D-9D4321F7BEA9} = {E4BD3B5A-D836-466D-8984-7BD9E46D0206}
		{5E8BCBC7-B946-3938-8AE6-8EE661E4E2B6} = {E4BD3B5A-D836-466D-8984-7BD9E46D0206}
		{C26A8689-8880-3EDA-B493-E87AC1EA82BA} = {D7624109-CB66-4AA1-9F07-504B5D51BFB6}
		{E702AC1C-4AC7-3904-9CE2-27CF661F6049} = {D7624109-CB66-4AA1-9F07-504B5D51BFB6}
		{CA87CA7E-F08D-3537-87A2-5E88B450DF36} = {2B992D0F-4BD4-4159-9D4A-9FFC4627075A}
		{658DA7C6-8EFF-322C-8E00-ECF6EEF7B4E4} = {2B992D0F-4BD4-4159-9D4A-9FFC4627075A}
		{C5B4C352-744B-326E-84E7-9E6EFFBD1DCA} = {2B992D0F-4BD4-4159-9D4A-9FFC4627075A}
		{FA0369D5-46C3-38E7-AA69-475091BC7A70} = {2B992D0F-4BD4-4159-9D4A-9FFC4627075A}
		{0A98B286-61EA-36CB-A627-A2C0B7D637E0} = {4DF98E2B-7A65-4C6A-A19E-4CA2E9BE3B87}
		{68801D79-80E4-3BB2-9BEA-440AA7BC6F7E} = {4DF98E2B-7A65-4C6A-A19E-4CA2E9BE3B87}
		{E74072F9-4383-3B0F-A789-9ADD4E407BF8} = {4DF98E2B-7A65-4C6A-A19E-4CA2E9BE3B87}
		{85E534E8-CBE6-366B-897A-AD6CC3EE9FFD} = {8506B0EA-AB34-4358-8054-4516A081C148}
		{73C5F9C9-1F07-397E-B929-898B92AAC27B} = {8506B0EA-AB34-4358-8054-4516A081C148}
		{0B391099-94A6-3FB0-AC84-286295AF3293} = {8506B0EA-AB34-4358-8054-4516A081C148}
		{E8EDDEC5-87FE-3E8E-910B-EF276746C028} = {8506B0EA-AB34-4358-8054-4516A081C148}
		{F5DBCBC9-6C70-3A9D-B14F-406858F0CC68} = {8506B0EA-AB34-4358-8054-4516A081C148}
		{307EFC7E-DD20-3E9D-8097-54A9D5C4E35D} = {8506B0EA-AB34-4358-8054-4516A081C148}
		{3CFC2B4F-8F78-3631-AADA-C728AB7F3DE5} = {8506B0EA-AB34-4358-8054-4516A081C148}
	EndGlobalSection
EndGlobal
