Microsoft Visual Studio Solution File, Format Version 10.00
# Visual Studio 2008
Project("{8BC9CEB8-8B4A-11D0-8D11-00A0C91BC942}") = "png", "third-part\png\png.vcproj", "{56476EA3-21CB-3578-B986-9A2A160FEF06}"
EndProject
Project("{8BC9CEB8-8B4A-11D0-8D11-00A0C91BC942}") = "skia", "third-part\skia\skia.vcproj", "{022D2356-8EF6-3EA3-A0D2-F1786190B6E1}"
EndProject
Project("{8BC9CEB8-8B4A-11D0-8D11-00A0C91BC942}") = "zlib", "third-part\zlib\zlib.vcproj", "{C6B15D6F-F41E-3CEA-8F51-229CAD73D49E}"
EndProject
Project("{8BC9CEB8-8B4A-11D0-8D11-00A0C91BC942}") = "lua-52", "third-part\lua-52\lua-52.vcproj", "{AEE86690-A671-3CD3-9308-842958BF068C}"
EndProject
Project("{8BC9CEB8-8B4A-11D0-8D11-00A0C91BC942}") = "smiley", "third-part\smiley\smiley.vcproj", "{C6070D71-50D0-316F-85D5-58B74EE8D20A}"
EndProject
Project("{8BC9CEB8-8B4A-11D0-8D11-00A0C91BC942}") = "mhook", "third-part\mhook\mhook.vcproj", "{3391E9AE-8B7A-3B12-B313-CDE359888C3D}"
EndProject
Project("{8BC9CEB8-8B4A-11D0-8D11-00A0C91BC942}") = "utilities", "utilities\utilities.vcproj", "{C2B034F6-3E66-3632-8CBF-452C2E6C9BA9}"
EndProject
Project("{8BC9CEB8-8B4A-11D0-8D11-00A0C91BC942}") = "soui-sys-resource", "soui-sys-resource\soui-sys-resource.vcproj", "{C0E73CD1-8D74-3DD4-A766-9DBC8B6B206C}"
EndProject
Project("{8BC9CEB8-8B4A-11D0-8D11-00A0C91BC942}") = "soui", "SOUI\soui.vcproj", "{E7B5140C-2BFA-320F-A981-BC98D0F5B2C0}"
	ProjectSection(ProjectDependencies) = postProject
		{C0E73CD1-8D74-3DD4-A766-9DBC8B6B206C} = {C0E73CD1-8D74-3DD4-A766-9DBC8B6B206C}
		{C2B034F6-3E66-3632-8CBF-452C2E6C9BA9} = {C2B034F6-3E66-3632-8CBF-452C2E6C9BA9}
	EndProjectSection
EndProject
Project("{8BC9CEB8-8B4A-11D0-8D11-00A0C91BC942}") = "imgdecoder-wic", "components\imgdecoder-wic\imgdecoder-wic.vcproj", "{C5B4C352-744B-326E-84E7-9E6EFFBD1DCA}"
EndProject
Project("{8BC9CEB8-8B4A-11D0-8D11-00A0C91BC942}") = "render-gdi", "components\render-gdi\render-gdi.vcproj", "{E9EA7D7D-8D5A-3F2C-85B9-056200C58EB6}"
EndProject
Project("{8BC9CEB8-8B4A-11D0-8D11-00A0C91BC942}") = "render-skia", "components\render-skia\render-skia.vcproj", "{C26A8689-8880-3EDA-B493-E87AC1EA82BA}"
	ProjectSection(ProjectDependencies) = postProject
		{022D2356-8EF6-3EA3-A0D2-F1786190B6E1} = {022D2356-8EF6-3EA3-A0D2-F1786190B6E1}
	EndProjectSection
EndProject
Project("{8BC9CEB8-8B4A-11D0-8D11-00A0C91BC942}") = "translator", "components\translator\translator.vcproj", "{011C35B5-1944-3E4F-8E34-5E17EA3BC205}"
	ProjectSection(ProjectDependencies) = postProject
		{C2B034F6-3E66-3632-8CBF-452C2E6C9BA9} = {C2B034F6-3E66-3632-8CBF-452C2E6C9BA9}
	EndProjectSection
EndProject
Project("{8BC9CEB8-8B4A-11D0-8D11-00A0C91BC942}") = "resprovider-zip", "components\resprovider-zip\resprovider-zip.vcproj", "{E52A3642-02A7-38FA-964D-9D4321F7BEA9}"
	ProjectSection(ProjectDependencies) = postProject
		{C6B15D6F-F41E-3CEA-8F51-229CAD73D49E} = {C6B15D6F-F41E-3CEA-8F51-229CAD73D49E}
		{C6B15D6F-F41E-3CEA-8F51-229CAD73D49E} = {C6B15D6F-F41E-3CEA-8F51-229CAD73D49E}
		{C2B034F6-3E66-3632-8CBF-452C2E6C9BA9} = {C2B034F6-3E66-3632-8CBF-452C2E6C9BA9}
		{C2B034F6-3E66-3632-8CBF-452C2E6C9BA9} = {C2B034F6-3E66-3632-8CBF-452C2E6C9BA9}
	EndProjectSection
EndProject
Project("{8BC9CEB8-8B4A-11D0-8D11-00A0C91BC942}") = "imgdecoder-stb", "components\imgdecoder-stb\imgdecoder-stb.vcproj", "{658DA7C6-8EFF-322C-8E00-ECF6EEF7B4E4}"
EndProject
Project("{8BC9CEB8-8B4A-11D0-8D11-00A0C91BC942}") = "imgdecoder-png", "components\imgdecoder-png\imgdecoder-png.vcproj", "{CA87CA7E-F08D-3537-87A2-5E88B450DF36}"
	ProjectSection(ProjectDependencies) = postProject
		{C6B15D6F-F41E-3CEA-8F51-229CAD73D49E} = {C6B15D6F-F41E-3CEA-8F51-229CAD73D49E}
		{56476EA3-21CB-3578-B986-9A2A160FEF06} = {56476EA3-21CB-3578-B986-9A2A160FEF06}
	EndProjectSection
EndProject
Project("{8BC9CEB8-8B4A-11D0-8D11-00A0C91BC942}") = "imgdecoder-gdip", "components\imgdecoder-gdip\imgdecoder-gdip.vcproj", "{FA0369D5-46C3-38E7-AA69-475091BC7A70}"
EndProject
Project("{8BC9CEB8-8B4A-11D0-8D11-00A0C91BC942}") = "scriptmodule-lua", "components\ScriptModule-LUA\scriptmodule-lua.vcproj", "{0A4EA31C-364C-3E31-A40B-331C3CAD5E69}"
	ProjectSection(ProjectDependencies) = postProject
		{E7B5140C-2BFA-320F-A981-BC98D0F5B2C0} = {E7B5140C-2BFA-320F-A981-BC98D0F5B2C0}
		{AEE86690-A671-3CD3-9308-842958BF068C} = {AEE86690-A671-3CD3-9308-842958BF068C}
	EndProjectSection
EndProject
Project("{8BC9CEB8-8B4A-11D0-8D11-00A0C91BC942}") = "log4z", "components\log4z\log4z.vcproj", "{3365DBCE-679B-34FE-A347-E1E69217BBF0}"
EndProject
Project("{8BC9CEB8-8B4A-11D0-8D11-00A0C91BC942}") = "demo", "demos\demo\demo.vcproj", "{39E1FC7D-BC6C-3773-9777-8BEE43A315CC}"
	ProjectSection(ProjectDependencies) = postProject
		{E7B5140C-2BFA-320F-A981-BC98D0F5B2C0} = {E7B5140C-2BFA-320F-A981-BC98D0F5B2C0}
		{022D2356-8EF6-3EA3-A0D2-F1786190B6E1} = {022D2356-8EF6-3EA3-A0D2-F1786190B6E1}
		{C6070D71-50D0-316F-85D5-58B74EE8D20A} = {C6070D71-50D0-316F-85D5-58B74EE8D20A}
		{3391E9AE-8B7A-3B12-B313-CDE359888C3D} = {3391E9AE-8B7A-3B12-B313-CDE359888C3D}
	EndProjectSection
EndProject
Project("{8BC9CEB8-8B4A-11D0-8D11-00A0C91BC942}") = "qqlogin", "demos\QQLogin\qqlogin.vcproj", "{B490FC2C-E4AB-3A6A-BC74-2BCC0F7FF597}"
	ProjectSection(ProjectDependencies) = postProject
		{E7B5140C-2BFA-320F-A981-BC98D0F5B2C0} = {E7B5140C-2BFA-320F-A981-BC98D0F5B2C0}
		{022D2356-8EF6-3EA3-A0D2-F1786190B6E1} = {022D2356-8EF6-3EA3-A0D2-F1786190B6E1}
	EndProjectSection
EndProject
Project("{8BC9CEB8-8B4A-11D0-8D11-00A0C91BC942}") = "360", "demos\360\360.vcproj", "{A7A6D7DF-611F-3E0D-A107-DE085846A359}"
	ProjectSection(ProjectDependencies) = postProject
		{E7B5140C-2BFA-320F-A981-BC98D0F5B2C0} = {E7B5140C-2BFA-320F-A981-BC98D0F5B2C0}
		{022D2356-8EF6-3EA3-A0D2-F1786190B6E1} = {022D2356-8EF6-3EA3-A0D2-F1786190B6E1}
	EndProjectSection
EndProject
Project("{8BC9CEB8-8B4A-11D0-8D11-00A0C91BC942}") = "360Preview", "demos\360Preview\360Preview.vcproj", "{0E681915-8352-3BC1-8DA6-5C8C13BCBFEE}"
	ProjectSection(ProjectDependencies) = postProject
		{E7B5140C-2BFA-320F-A981-BC98D0F5B2C0} = {E7B5140C-2BFA-320F-A981-BC98D0F5B2C0}
		{022D2356-8EF6-3EA3-A0D2-F1786190B6E1} = {022D2356-8EF6-3EA3-A0D2-F1786190B6E1}
	EndProjectSection
EndProject
Project("{8BC9CEB8-8B4A-11D0-8D11-00A0C91BC942}") = "souispy", "demos\souispy\souispy.vcproj", "{6F334336-41E9-3EAC-AC40-DA4D4FFBE29D}"
	ProjectSection(ProjectDependencies) = postProject
		{E7B5140C-2BFA-320F-A981-BC98D0F5B2C0} = {E7B5140C-2BFA-320F-A981-BC98D0F5B2C0}
	EndProjectSection
EndProject
Project("{8BC9CEB8-8B4A-11D0-8D11-00A0C91BC942}") = "PCManager", "demos\PcManager\PCManager.vcproj", "{E4722044-9277-3B74-B18E-0AB7230349A4}"
	ProjectSection(ProjectDependencies) = postProject
		{E7B5140C-2BFA-320F-A981-BC98D0F5B2C0} = {E7B5140C-2BFA-320F-A981-BC98D0F5B2C0}
		{022D2356-8EF6-3EA3-A0D2-F1786190B6E1} = {022D2356-8EF6-3EA3-A0D2-F1786190B6E1}
	EndProjectSection
EndProject
Project("{8BC9CEB8-8B4A-11D0-8D11-00A0C91BC942}") = "SoTool", "demos\SoTool\SoTool.vcproj", "{98C95D6F-AA62-339B-97EE-4E50C49A3A4C}"
	ProjectSection(ProjectDependencies) = postProject
		{E7B5140C-2BFA-320F-A981-BC98D0F5B2C0} = {E7B5140C-2BFA-320F-A981-BC98D0F5B2C0}
		{022D2356-8EF6-3EA3-A0D2-F1786190B6E1} = {022D2356-8EF6-3EA3-A0D2-F1786190B6E1}
	EndProjectSection
EndProject
Project("{8BC9CEB8-8B4A-11D0-8D11-00A0C91BC942}") = "mclistview_demo", "demos\mclistview_demo\mclistview_demo.vcproj", "{A46DB461-A695-3F8C-9861-46494EB25051}"
	ProjectSection(ProjectDependencies) = postProject
		{E7B5140C-2BFA-320F-A981-BC98D0F5B2C0} = {E7B5140C-2BFA-320F-A981-BC98D0F5B2C0}
		{022D2356-8EF6-3EA3-A0D2-F1786190B6E1} = {022D2356-8EF6-3EA3-A0D2-F1786190B6E1}
	EndProjectSection
EndProject
Project("{2150E333-8FDC-42A3-9474-1A3956D46DE8}") = "demos", "demos", "{BF356269-06FC-400F-A653-FA6F9404A5DE}"
EndProject
Project("{2150E333-8FDC-42A3-9474-1A3956D46DE8}") = "components", "components", "{7E3A1493-014C-436A-8A0B-FD579ADA6531}"
EndProject
Project("{2150E333-8FDC-42A3-9474-1A3956D46DE8}") = "third-part", "third-part", "{DAD1DC0E-CD4D-4D50-944F-3345541043CC}"
EndProject
Project("{2150E333-8FDC-42A3-9474-1A3956D46DE8}") = "imgdecoder", "imgdecoder", "{E22EC8FD-71BB-4904-B623-F9C9A7E805BD}"
EndProject
Project("{2150E333-8FDC-42A3-9474-1A3956D46DE8}") = "render", "render", "{F1E33A5E-A347-40F8-A34A-5EB534D84C77}"
EndProject
Global
	GlobalSection(SolutionConfigurationPlatforms) = preSolution
		Debug|Win32 = Debug|Win32
		Release|Win32 = Release|Win32
	EndGlobalSection
	GlobalSection(ProjectConfigurationPlatforms) = postSolution
		{56476EA3-21CB-3578-B986-9A2A160FEF06}.Debug|Win32.ActiveCfg = Debug|Win32
		{56476EA3-21CB-3578-B986-9A2A160FEF06}.Debug|Win32.Build.0 = Debug|Win32
		{56476EA3-21CB-3578-B986-9A2A160FEF06}.Release|Win32.ActiveCfg = Release|Win32
		{56476EA3-21CB-3578-B986-9A2A160FEF06}.Release|Win32.Build.0 = Release|Win32
		{022D2356-8EF6-3EA3-A0D2-F1786190B6E1}.Debug|Win32.ActiveCfg = Debug|Win32
		{022D2356-8EF6-3EA3-A0D2-F1786190B6E1}.Debug|Win32.Build.0 = Debug|Win32
		{022D2356-8EF6-3EA3-A0D2-F1786190B6E1}.Release|Win32.ActiveCfg = Release|Win32
		{022D2356-8EF6-3EA3-A0D2-F1786190B6E1}.Release|Win32.Build.0 = Release|Win32
		{C6B15D6F-F41E-3CEA-8F51-229CAD73D49E}.Debug|Win32.ActiveCfg = Debug|Win32
		{C6B15D6F-F41E-3CEA-8F51-229CAD73D49E}.Debug|Win32.Build.0 = Debug|Win32
		{C6B15D6F-F41E-3CEA-8F51-229CAD73D49E}.Release|Win32.ActiveCfg = Release|Win32
		{C6B15D6F-F41E-3CEA-8F51-229CAD73D49E}.Release|Win32.Build.0 = Release|Win32
		{AEE86690-A671-3CD3-9308-842958BF068C}.Debug|Win32.ActiveCfg = Debug|Win32
		{AEE86690-A671-3CD3-9308-842958BF068C}.Debug|Win32.Build.0 = Debug|Win32
		{AEE86690-A671-3CD3-9308-842958BF068C}.Release|Win32.ActiveCfg = Release|Win32
		{AEE86690-A671-3CD3-9308-842958BF068C}.Release|Win32.Build.0 = Release|Win32
		{C6070D71-50D0-316F-85D5-58B74EE8D20A}.Debug|Win32.ActiveCfg = Debug|Win32
		{C6070D71-50D0-316F-85D5-58B74EE8D20A}.Debug|Win32.Build.0 = Debug|Win32
		{C6070D71-50D0-316F-85D5-58B74EE8D20A}.Release|Win32.ActiveCfg = Release|Win32
		{C6070D71-50D0-316F-85D5-58B74EE8D20A}.Release|Win32.Build.0 = Release|Win32
		{3391E9AE-8B7A-3B12-B313-CDE359888C3D}.Debug|Win32.ActiveCfg = Debug|Win32
		{3391E9AE-8B7A-3B12-B313-CDE359888C3D}.Debug|Win32.Build.0 = Debug|Win32
		{3391E9AE-8B7A-3B12-B313-CDE359888C3D}.Release|Win32.ActiveCfg = Release|Win32
		{3391E9AE-8B7A-3B12-B313-CDE359888C3D}.Release|Win32.Build.0 = Release|Win32
		{C2B034F6-3E66-3632-8CBF-452C2E6C9BA9}.Debug|Win32.ActiveCfg = Debug|Win32
		{C2B034F6-3E66-3632-8CBF-452C2E6C9BA9}.Debug|Win32.Build.0 = Debug|Win32
		{C2B034F6-3E66-3632-8CBF-452C2E6C9BA9}.Release|Win32.ActiveCfg = Release|Win32
		{C2B034F6-3E66-3632-8CBF-452C2E6C9BA9}.Release|Win32.Build.0 = Release|Win32
		{C0E73CD1-8D74-3DD4-A766-9DBC8B6B206C}.Debug|Win32.ActiveCfg = Debug|Win32
		{C0E73CD1-8D74-3DD4-A766-9DBC8B6B206C}.Debug|Win32.Build.0 = Debug|Win32
		{C0E73CD1-8D74-3DD4-A766-9DBC8B6B206C}.Release|Win32.ActiveCfg = Release|Win32
		{C0E73CD1-8D74-3DD4-A766-9DBC8B6B206C}.Release|Win32.Build.0 = Release|Win32
		{E7B5140C-2BFA-320F-A981-BC98D0F5B2C0}.Debug|Win32.ActiveCfg = Debug|Win32
		{E7B5140C-2BFA-320F-A981-BC98D0F5B2C0}.Debug|Win32.Build.0 = Debug|Win32
		{E7B5140C-2BFA-320F-A981-BC98D0F5B2C0}.Release|Win32.ActiveCfg = Release|Win32
		{E7B5140C-2BFA-320F-A981-BC98D0F5B2C0}.Release|Win32.Build.0 = Release|Win32
		{C5B4C352-744B-326E-84E7-9E6EFFBD1DCA}.Debug|Win32.ActiveCfg = Debug|Win32
		{C5B4C352-744B-326E-84E7-9E6EFFBD1DCA}.Debug|Win32.Build.0 = Debug|Win32
		{C5B4C352-744B-326E-84E7-9E6EFFBD1DCA}.Release|Win32.ActiveCfg = Release|Win32
		{C5B4C352-744B-326E-84E7-9E6EFFBD1DCA}.Release|Win32.Build.0 = Release|Win32
		{E9EA7D7D-8D5A-3F2C-85B9-056200C58EB6}.Debug|Win32.ActiveCfg = Debug|Win32
		{E9EA7D7D-8D5A-3F2C-85B9-056200C58EB6}.Debug|Win32.Build.0 = Debug|Win32
		{E9EA7D7D-8D5A-3F2C-85B9-056200C58EB6}.Release|Win32.ActiveCfg = Release|Win32
		{E9EA7D7D-8D5A-3F2C-85B9-056200C58EB6}.Release|Win32.Build.0 = Release|Win32
		{C26A8689-8880-3EDA-B493-E87AC1EA82BA}.Debug|Win32.ActiveCfg = Debug|Win32
		{C26A8689-8880-3EDA-B493-E87AC1EA82BA}.Debug|Win32.Build.0 = Debug|Win32
		{C26A8689-8880-3EDA-B493-E87AC1EA82BA}.Release|Win32.ActiveCfg = Release|Win32
		{C26A8689-8880-3EDA-B493-E87AC1EA82BA}.Release|Win32.Build.0 = Release|Win32
		{011C35B5-1944-3E4F-8E34-5E17EA3BC205}.Debug|Win32.ActiveCfg = Debug|Win32
		{011C35B5-1944-3E4F-8E34-5E17EA3BC205}.Debug|Win32.Build.0 = Debug|Win32
		{011C35B5-1944-3E4F-8E34-5E17EA3BC205}.Release|Win32.ActiveCfg = Release|Win32
		{011C35B5-1944-3E4F-8E34-5E17EA3BC205}.Release|Win32.Build.0 = Release|Win32
		{E52A3642-02A7-38FA-964D-9D4321F7BEA9}.Debug|Win32.ActiveCfg = Debug|Win32
		{E52A3642-02A7-38FA-964D-9D4321F7BEA9}.Debug|Win32.Build.0 = Debug|Win32
		{E52A3642-02A7-38FA-964D-9D4321F7BEA9}.Release|Win32.ActiveCfg = Release|Win32
		{E52A3642-02A7-38FA-964D-9D4321F7BEA9}.Release|Win32.Build.0 = Release|Win32
		{658DA7C6-8EFF-322C-8E00-ECF6EEF7B4E4}.Debug|Win32.ActiveCfg = Debug|Win32
		{658DA7C6-8EFF-322C-8E00-ECF6EEF7B4E4}.Debug|Win32.Build.0 = Debug|Win32
		{658DA7C6-8EFF-322C-8E00-ECF6EEF7B4E4}.Release|Win32.ActiveCfg = Release|Win32
		{658DA7C6-8EFF-322C-8E00-ECF6EEF7B4E4}.Release|Win32.Build.0 = Release|Win32
		{CA87CA7E-F08D-3537-87A2-5E88B450DF36}.Debug|Win32.ActiveCfg = Debug|Win32
		{CA87CA7E-F08D-3537-87A2-5E88B450DF36}.Debug|Win32.Build.0 = Debug|Win32
		{CA87CA7E-F08D-3537-87A2-5E88B450DF36}.Release|Win32.ActiveCfg = Release|Win32
		{CA87CA7E-F08D-3537-87A2-5E88B450DF36}.Release|Win32.Build.0 = Release|Win32
		{FA0369D5-46C3-38E7-AA69-475091BC7A70}.Debug|Win32.ActiveCfg = Debug|Win32
		{FA0369D5-46C3-38E7-AA69-475091BC7A70}.Debug|Win32.Build.0 = Debug|Win32
		{FA0369D5-46C3-38E7-AA69-475091BC7A70}.Release|Win32.ActiveCfg = Release|Win32
		{FA0369D5-46C3-38E7-AA69-475091BC7A70}.Release|Win32.Build.0 = Release|Win32
		{0A4EA31C-364C-3E31-A40B-331C3CAD5E69}.Debug|Win32.ActiveCfg = Debug|Win32
		{0A4EA31C-364C-3E31-A40B-331C3CAD5E69}.Debug|Win32.Build.0 = Debug|Win32
		{0A4EA31C-364C-3E31-A40B-331C3CAD5E69}.Release|Win32.ActiveCfg = Release|Win32
		{0A4EA31C-364C-3E31-A40B-331C3CAD5E69}.Release|Win32.Build.0 = Release|Win32
		{3365DBCE-679B-34FE-A347-E1E69217BBF0}.Debug|Win32.ActiveCfg = Debug|Win32
		{3365DBCE-679B-34FE-A347-E1E69217BBF0}.Debug|Win32.Build.0 = Debug|Win32
		{3365DBCE-679B-34FE-A347-E1E69217BBF0}.Release|Win32.ActiveCfg = Release|Win32
		{3365DBCE-679B-34FE-A347-E1E69217BBF0}.Release|Win32.Build.0 = Release|Win32
		{39E1FC7D-BC6C-3773-9777-8BEE43A315CC}.Debug|Win32.ActiveCfg = Debug|Win32
		{39E1FC7D-BC6C-3773-9777-8BEE43A315CC}.Debug|Win32.Build.0 = Debug|Win32
		{39E1FC7D-BC6C-3773-9777-8BEE43A315CC}.Release|Win32.ActiveCfg = Release|Win32
		{39E1FC7D-BC6C-3773-9777-8BEE43A315CC}.Release|Win32.Build.0 = Release|Win32
		{B490FC2C-E4AB-3A6A-BC74-2BCC0F7FF597}.Debug|Win32.ActiveCfg = Debug|Win32
		{B490FC2C-E4AB-3A6A-BC74-2BCC0F7FF597}.Debug|Win32.Build.0 = Debug|Win32
		{B490FC2C-E4AB-3A6A-BC74-2BCC0F7FF597}.Release|Win32.ActiveCfg = Release|Win32
		{B490FC2C-E4AB-3A6A-BC74-2BCC0F7FF597}.Release|Win32.Build.0 = Release|Win32
		{A7A6D7DF-611F-3E0D-A107-DE085846A359}.Debug|Win32.ActiveCfg = Debug|Win32
		{A7A6D7DF-611F-3E0D-A107-DE085846A359}.Debug|Win32.Build.0 = Debug|Win32
		{A7A6D7DF-611F-3E0D-A107-DE085846A359}.Release|Win32.ActiveCfg = Release|Win32
		{A7A6D7DF-611F-3E0D-A107-DE085846A359}.Release|Win32.Build.0 = Release|Win32
		{0E681915-8352-3BC1-8DA6-5C8C13BCBFEE}.Debug|Win32.ActiveCfg = Debug|Win32
		{0E681915-8352-3BC1-8DA6-5C8C13BCBFEE}.Debug|Win32.Build.0 = Debug|Win32
		{0E681915-8352-3BC1-8DA6-5C8C13BCBFEE}.Release|Win32.ActiveCfg = Release|Win32
		{0E681915-8352-3BC1-8DA6-5C8C13BCBFEE}.Release|Win32.Build.0 = Release|Win32
		{6F334336-41E9-3EAC-AC40-DA4D4FFBE29D}.Debug|Win32.ActiveCfg = Debug|Win32
		{6F334336-41E9-3EAC-AC40-DA4D4FFBE29D}.Debug|Win32.Build.0 = Debug|Win32
		{6F334336-41E9-3EAC-AC40-DA4D4FFBE29D}.Release|Win32.ActiveCfg = Release|Win32
		{6F334336-41E9-3EAC-AC40-DA4D4FFBE29D}.Release|Win32.Build.0 = Release|Win32
		{E4722044-9277-3B74-B18E-0AB7230349A4}.Debug|Win32.ActiveCfg = Debug|Win32
		{E4722044-9277-3B74-B18E-0AB7230349A4}.Debug|Win32.Build.0 = Debug|Win32
		{E4722044-9277-3B74-B18E-0AB7230349A4}.Release|Win32.ActiveCfg = Release|Win32
		{E4722044-9277-3B74-B18E-0AB7230349A4}.Release|Win32.Build.0 = Release|Win32
		{98C95D6F-AA62-339B-97EE-4E50C49A3A4C}.Debug|Win32.ActiveCfg = Debug|Win32
		{98C95D6F-AA62-339B-97EE-4E50C49A3A4C}.Debug|Win32.Build.0 = Debug|Win32
		{98C95D6F-AA62-339B-97EE-4E50C49A3A4C}.Release|Win32.ActiveCfg = Release|Win32
		{98C95D6F-AA62-339B-97EE-4E50C49A3A4C}.Release|Win32.Build.0 = Release|Win32
		{A46DB461-A695-3F8C-9861-46494EB25051}.Debug|Win32.ActiveCfg = Debug|Win32
		{A46DB461-A695-3F8C-9861-46494EB25051}.Debug|Win32.Build.0 = Debug|Win32
		{A46DB461-A695-3F8C-9861-46494EB25051}.Release|Win32.ActiveCfg = Release|Win32
		{A46DB461-A695-3F8C-9861-46494EB25051}.Release|Win32.Build.0 = Release|Win32
	EndGlobalSection
	GlobalSection(SolutionProperties) = preSolution
		HideSolutionNode = FALSE
	EndGlobalSection
	GlobalSection(NestedProjects) = preSolution
		{022D2356-8EF6-3EA3-A0D2-F1786190B6E1} = {DAD1DC0E-CD4D-4D50-944F-3345541043CC}
		{C6B15D6F-F41E-3CEA-8F51-229CAD73D49E} = {DAD1DC0E-CD4D-4D50-944F-3345541043CC}
		{AEE86690-A671-3CD3-9308-842958BF068C} = {DAD1DC0E-CD4D-4D50-944F-3345541043CC}
		{C6070D71-50D0-316F-85D5-58B74EE8D20A} = {DAD1DC0E-CD4D-4D50-944F-3345541043CC}
		{3391E9AE-8B7A-3B12-B313-CDE359888C3D} = {DAD1DC0E-CD4D-4D50-944F-3345541043CC}
		{56476EA3-21CB-3578-B986-9A2A160FEF06} = {DAD1DC0E-CD4D-4D50-944F-3345541043CC}
		{F1E33A5E-A347-40F8-A34A-5EB534D84C77} = {7E3A1493-014C-436A-8A0B-FD579ADA6531}
		{011C35B5-1944-3E4F-8E34-5E17EA3BC205} = {7E3A1493-014C-436A-8A0B-FD579ADA6531}
		{E52A3642-02A7-38FA-964D-9D4321F7BEA9} = {7E3A1493-014C-436A-8A0B-FD579ADA6531}
		{E22EC8FD-71BB-4904-B623-F9C9A7E805BD} = {7E3A1493-014C-436A-8A0B-FD579ADA6531}
		{0A4EA31C-364C-3E31-A40B-331C3CAD5E69} = {7E3A1493-014C-436A-8A0B-FD579ADA6531}
		{3365DBCE-679B-34FE-A347-E1E69217BBF0} = {7E3A1493-014C-436A-8A0B-FD579ADA6531}
		{C26A8689-8880-3EDA-B493-E87AC1EA82BA} = {F1E33A5E-A347-40F8-A34A-5EB534D84C77}
		{E9EA7D7D-8D5A-3F2C-85B9-056200C58EB6} = {F1E33A5E-A347-40F8-A34A-5EB534D84C77}
		{CA87CA7E-F08D-3537-87A2-5E88B450DF36} = {E22EC8FD-71BB-4904-B623-F9C9A7E805BD}
		{FA0369D5-46C3-38E7-AA69-475091BC7A70} = {E22EC8FD-71BB-4904-B623-F9C9A7E805BD}
		{C5B4C352-744B-326E-84E7-9E6EFFBD1DCA} = {E22EC8FD-71BB-4904-B623-F9C9A7E805BD}
		{658DA7C6-8EFF-322C-8E00-ECF6EEF7B4E4} = {E22EC8FD-71BB-4904-B623-F9C9A7E805BD}
		{B490FC2C-E4AB-3A6A-BC74-2BCC0F7FF597} = {BF356269-06FC-400F-A653-FA6F9404A5DE}
		{A7A6D7DF-611F-3E0D-A107-DE085846A359} = {BF356269-06FC-400F-A653-FA6F9404A5DE}
		{0E681915-8352-3BC1-8DA6-5C8C13BCBFEE} = {BF356269-06FC-400F-A653-FA6F9404A5DE}
		{6F334336-41E9-3EAC-AC40-DA4D4FFBE29D} = {BF356269-06FC-400F-A653-FA6F9404A5DE}
		{E4722044-9277-3B74-B18E-0AB7230349A4} = {BF356269-06FC-400F-A653-FA6F9404A5DE}
		{98C95D6F-AA62-339B-97EE-4E50C49A3A4C} = {BF356269-06FC-400F-A653-FA6F9404A5DE}
		{A46DB461-A695-3F8C-9861-46494EB25051} = {BF356269-06FC-400F-A653-FA6F9404A5DE}
		{39E1FC7D-BC6C-3773-9777-8BEE43A315CC} = {BF356269-06FC-400F-A653-FA6F9404A5DE}
	EndGlobalSection
EndGlobal
