
Microsoft Visual Studio Solution File, Format Version 10.00
# Visual Studio 2008
Project("{8BC9CEB8-8B4A-11D0-8D11-00A0C91BC942}") = "UiEditor", "UiEditor.vcproj", "{37B704F8-1912-484C-AF2B-796FE06E678D}"
EndProject
Project("{8BC9CEB8-8B4A-11D0-8D11-00A0C91BC942}") = "soui", "..\..\SOUI\soui.vcproj", "{E7B5140C-2BFA-320F-A981-BC98D0F5B2C0}"
EndProject
Global
	GlobalSection(SolutionConfigurationPlatforms) = preSolution
		Debug|Win32 = Debug|Win32
		Release|Win32 = Release|Win32
	EndGlobalSection
	GlobalSection(ProjectConfigurationPlatforms) = postSolution
		{37B704F8-1912-484C-AF2B-796FE06E678D}.Debug|Win32.ActiveCfg = Debug|Win32
		{37B704F8-1912-484C-AF2B-796FE06E678D}.Debug|Win32.Build.0 = Debug|Win32
		{37B704F8-1912-484C-AF2B-796FE06E678D}.Release|Win32.ActiveCfg = Release|Win32
		{37B704F8-1912-484C-AF2B-796FE06E678D}.Release|Win32.Build.0 = Release|Win32
		{E7B5140C-2BFA-320F-A981-BC98D0F5B2C0}.Debug|Win32.ActiveCfg = Debug|Win32
		{E7B5140C-2BFA-320F-A981-BC98D0F5B2C0}.Debug|Win32.Build.0 = Debug|Win32
		{E7B5140C-2BFA-320F-A981-BC98D0F5B2C0}.Release|Win32.ActiveCfg = Release|Win32
		{E7B5140C-2BFA-320F-A981-BC98D0F5B2C0}.Release|Win32.Build.0 = Release|Win32
	EndGlobalSection
	GlobalSection(SolutionProperties) = preSolution
		HideSolutionNode = FALSE
	EndGlobalSection
EndGlobal
