<?xml version="1.0" encoding="utf-8"?>
<Project ToolsVersion="4.0" xmlns="http://schemas.microsoft.com/developer/msbuild/2003">
  <ItemGroup>
    <Filter Include="Source Files">
      <UniqueIdentifier>{65599c8c-7758-4884-94a6-a4736e857265}</UniqueIdentifier>
      <Extensions>cpp;c;cxx;def;odl;idl;hpj;bat;asm</Extensions>
    </Filter>
    <Filter Include="Header Files">
      <UniqueIdentifier>{e2f4cb61-2486-49bc-b0a6-f1fdbaea7fd1}</UniqueIdentifier>
      <Extensions>h;hpp;hxx;hm;inl;inc</Extensions>
    </Filter>
    <Filter Include="Resource Files">
      <UniqueIdentifier>{b3c27138-58da-44dc-bf8b-40d37601428d}</UniqueIdentifier>
      <Extensions>rc;ico;cur;bmp;dlg;rc2;rct;bin;rgs;jpg;jpeg;jpe;manifest</Extensions>
    </Filter>
    <Filter Include="SoUI Resouece">
      <UniqueIdentifier>{1b81601a-41d6-4652-8f97-688270af7197}</UniqueIdentifier>
      <Extensions>idx;xml;png;gif;jpg;ico;lua;bmp</Extensions>
    </Filter>
    <Filter Include="propertyGrid">
      <UniqueIdentifier>{31f4595c-d0d6-4162-bb05-85fe204e0483}</UniqueIdentifier>
    </Filter>
    <Filter Include="colorpicker">
      <UniqueIdentifier>{d361a16f-5df2-433d-b08e-35db89b05eaa}</UniqueIdentifier>
    </Filter>
    <Filter Include="ExtendCtrl">
      <UniqueIdentifier>{340d750c-04cd-41b5-bb41-2cf317280fb0}</UniqueIdentifier>
    </Filter>
    <Filter Include="ExtendCtrl\gif">
      <UniqueIdentifier>{2d33b7a3-e97d-459b-9a1c-fc8727330b9e}</UniqueIdentifier>
    </Filter>
    <Filter Include="Dialog">
      <UniqueIdentifier>{b67dd78f-ea6b-4e56-b42a-0f53eb8bc17d}</UniqueIdentifier>
    </Filter>
  </ItemGroup>
  <ItemGroup>
    <Text Include="license.txt" />
    <Text Include="readme.txt" />
  </ItemGroup>
  <ItemGroup>
    <ClCompile Include="SouiEditor.cpp">
      <Filter>Source Files</Filter>
    </ClCompile>
    <ClCompile Include="MainDlg.cpp">
      <Filter>Source Files</Filter>
    </ClCompile>
    <ClCompile Include="stdafx.cpp">
      <Filter>Source Files</Filter>
    </ClCompile>
    <ClCompile Include="SImageBtnEx.cpp">
      <Filter>Source Files</Filter>
    </ClCompile>
    <ClCompile Include="SouiRealWndHandler.cpp">
      <Filter>Source Files</Filter>
    </ClCompile>
    <ClCompile Include="ScintillaWnd.cpp">
      <Filter>Source Files</Filter>
    </ClCompile>
    <ClCompile Include="DesignerView.cpp">
      <Filter>Source Files</Filter>
    </ClCompile>
    <ClCompile Include="SDesignerRoot.cpp">
      <Filter>Source Files</Filter>
    </ClCompile>
    <ClCompile Include="SMoveWnd.cpp">
      <Filter>Source Files</Filter>
    </ClCompile>
    <ClCompile Include="propgrid\SPropertyGrid.cpp">
      <Filter>propertyGrid</Filter>
    </ClCompile>
    <ClCompile Include="propgrid\SPropertyItemBase.cpp">
      <Filter>propertyGrid</Filter>
    </ClCompile>
    <ClCompile Include="propgrid\propitem\SPropertyItem-Color.cpp">
      <Filter>propertyGrid</Filter>
    </ClCompile>
    <ClCompile Include="propgrid\propitem\SPropertyItem-Option.cpp">
      <Filter>propertyGrid</Filter>
    </ClCompile>
    <ClCompile Include="propgrid\propitem\SPropertyItem-Size.cpp">
      <Filter>propertyGrid</Filter>
    </ClCompile>
    <ClCompile Include="propgrid\propitem\SPropertyItem-Text.cpp">
      <Filter>propertyGrid</Filter>
    </ClCompile>
    <ClCompile Include="colorpicker\ColourPopup.cpp">
      <Filter>colorpicker</Filter>
    </ClCompile>
    <ClCompile Include="colorpicker\SColorPicker.cpp">
      <Filter>colorpicker</Filter>
    </ClCompile>
    <ClCompile Include="SImageSwitcher.cpp">
      <Filter>Source Files</Filter>
    </ClCompile>
    <ClCompile Include="SImgCanvas.cpp">
      <Filter>Source Files</Filter>
    </ClCompile>
    <ClCompile Include="SSwitch.cpp">
      <Filter>Source Files</Filter>
    </ClCompile>
    <ClCompile Include="helpapi.cpp">
      <Filter>Source Files</Filter>
    </ClCompile>
    <ClCompile Include="SImageEx.cpp">
      <Filter>Source Files</Filter>
    </ClCompile>
    <ClCompile Include="Dialog\DlgNewSkin.cpp">
      <Filter>Dialog</Filter>
    </ClCompile>
    <ClCompile Include="Dialog\DlgSkinSelect.cpp">
      <Filter>Dialog</Filter>
    </ClCompile>
    <ClCompile Include="Dialog\DlgStyleManage.cpp">
      <Filter>Dialog</Filter>
    </ClCompile>
    <ClCompile Include="Dialog\DlgAbout.cpp">
      <Filter>Dialog</Filter>
    </ClCompile>
    <ClCompile Include="Dialog\DlgCreatePro.cpp">
      <Filter>Dialog</Filter>
    </ClCompile>
    <ClCompile Include="Dialog\DlgFontSelect.cpp">
      <Filter>Dialog</Filter>
    </ClCompile>
    <ClCompile Include="Dialog\DlgInput.cpp">
      <Filter>Dialog</Filter>
    </ClCompile>
    <ClCompile Include="Dialog\DlgNewLayout.cpp">
      <Filter>Dialog</Filter>
    </ClCompile>
    <ClCompile Include="ResManger.cpp">
      <Filter>Source Files</Filter>
    </ClCompile>
    <ClCompile Include="..\..\controls.extend\gif\SSkinGif.cpp">
      <Filter>ExtendCtrl\gif</Filter>
    </ClCompile>
    <ClCompile Include="..\..\controls.extend\gif\SGifPlayer.cpp">
      <Filter>ExtendCtrl\gif</Filter>
    </ClCompile>
    <ClCompile Include="..\..\controls.extend\gif\SSkinAPNG.cpp">
      <Filter>ExtendCtrl\gif</Filter>
    </ClCompile>
    <ClCompile Include="..\..\controls.extend\SButtonEx.cpp">
      <Filter>ExtendCtrl</Filter>
    </ClCompile>
    <ClCompile Include="..\..\controls.extend\ExtendCtrls.cpp">
      <Filter>ExtendCtrl</Filter>
    </ClCompile>
    <ClCompile Include="..\..\controls.extend\ExtendSkins.cpp">
      <Filter>ExtendCtrl</Filter>
    </ClCompile>
    <ClCompile Include="..\..\controls.extend\SImageMaskWnd.cpp">
      <Filter>ExtendCtrl</Filter>
    </ClCompile>
    <ClCompile Include="..\..\controls.extend\SChromeTabCtrl.cpp">
      <Filter>ExtendCtrl</Filter>
    </ClCompile>
    <ClCompile Include="..\..\controls.extend\STabCtrl2.cpp">
      <Filter>ExtendCtrl</Filter>
    </ClCompile>
    <ClCompile Include="..\..\controls.extend\SSkinMutiFrameImg.cpp">
      <Filter>ExtendCtrl</Filter>
    </ClCompile>
    <ClCompile Include="..\..\controls.extend\SScrollText.cpp">
      <Filter>ExtendCtrl</Filter>
    </ClCompile>
    <ClCompile Include="..\..\controls.extend\SIPAddressCtrl.cpp">
      <Filter>ExtendCtrl</Filter>
    </ClCompile>
  </ItemGroup>
  <ItemGroup>
    <ResourceCompile Include="SouiEditor.rc">
      <Filter>Resource Files</Filter>
    </ResourceCompile>
  </ItemGroup>
  <ItemGroup>
    <ClInclude Include="MainDlg.h">
      <Filter>Header Files</Filter>
    </ClInclude>
    <ClInclude Include="resource.h">
      <Filter>Header Files</Filter>
    </ClInclude>
    <ClInclude Include="stdafx.h">
      <Filter>Header Files</Filter>
    </ClInclude>
    <ClInclude Include="SImageBtnEx.h">
      <Filter>Header Files</Filter>
    </ClInclude>
    <ClInclude Include="SouiRealWndHandler.h">
      <Filter>Header Files</Filter>
    </ClInclude>
    <ClInclude Include="ScintillaWnd.h">
      <Filter>Header Files</Filter>
    </ClInclude>
    <ClInclude Include="SciLexer.h">
      <Filter>Header Files</Filter>
    </ClInclude>
    <ClInclude Include="Scintilla.h">
      <Filter>Header Files</Filter>
    </ClInclude>
    <ClInclude Include="DesignerView.h">
      <Filter>Header Files</Filter>
    </ClInclude>
    <ClInclude Include="CDebug.h">
      <Filter>Header Files</Filter>
    </ClInclude>
    <ClInclude Include="FileHelper.h">
      <Filter>Header Files</Filter>
    </ClInclude>
    <ClInclude Include="SDesignerRoot.h">
      <Filter>Header Files</Filter>
    </ClInclude>
    <ClInclude Include="SMoveWnd.h">
      <Filter>Header Files</Filter>
    </ClInclude>
    <ClInclude Include="propgrid\SPropertyEmbedWndHelper.hpp">
      <Filter>propertyGrid</Filter>
    </ClInclude>
    <ClInclude Include="propgrid\SPropertyGrid.h">
      <Filter>propertyGrid</Filter>
    </ClInclude>
    <ClInclude Include="propgrid\SPropertyItemBase.h">
      <Filter>propertyGrid</Filter>
    </ClInclude>
    <ClInclude Include="propgrid\propitem\SPropertyItem-Color.h">
      <Filter>propertyGrid</Filter>
    </ClInclude>
    <ClInclude Include="propgrid\SPropertyItem-i.h">
      <Filter>propertyGrid</Filter>
    </ClInclude>
    <ClInclude Include="propgrid\propitem\SPropertyItem-Option.h">
      <Filter>propertyGrid</Filter>
    </ClInclude>
    <ClInclude Include="propgrid\propitem\SPropertyItem-Size.h">
      <Filter>propertyGrid</Filter>
    </ClInclude>
    <ClInclude Include="propgrid\propitem\SPropertyItem-Text.h">
      <Filter>propertyGrid</Filter>
    </ClInclude>
    <ClInclude Include="colorpicker\Tooltipctrl.h">
      <Filter>colorpicker</Filter>
    </ClInclude>
    <ClInclude Include="colorpicker\ColourPopup.h">
      <Filter>colorpicker</Filter>
    </ClInclude>
    <ClInclude Include="colorpicker\SColorPicker.h">
      <Filter>colorpicker</Filter>
    </ClInclude>
    <ClInclude Include="SImageSwitcher.h">
      <Filter>Header Files</Filter>
    </ClInclude>
    <ClInclude Include="SImgCanvas.h">
      <Filter>Header Files</Filter>
    </ClInclude>
    <ClInclude Include="SRotateWindow.h">
      <Filter>Header Files</Filter>
    </ClInclude>
    <ClInclude Include="SSwitch.h">
      <Filter>Header Files</Filter>
    </ClInclude>
    <ClInclude Include="Adapter.h">
      <Filter>Header Files</Filter>
    </ClInclude>
    <ClInclude Include="helpapi.h">
      <Filter>Header Files</Filter>
    </ClInclude>
    <ClInclude Include="SImageEx.h">
      <Filter>Header Files</Filter>
    </ClInclude>
    <ClInclude Include="SListBoxDrop.h">
      <Filter>Header Files</Filter>
    </ClInclude>
    <ClInclude Include="xpm_icons.h">
      <Filter>Header Files</Filter>
    </ClInclude>
    <ClInclude Include="Dialog\DlgNewSkin.h">
      <Filter>Dialog</Filter>
    </ClInclude>
    <ClInclude Include="Dialog\DlgSkinSelect.h">
      <Filter>Dialog</Filter>
    </ClInclude>
    <ClInclude Include="Dialog\DlgStyleManage.h">
      <Filter>Dialog</Filter>
    </ClInclude>
    <ClInclude Include="Dialog\DlgAbout.h">
      <Filter>Dialog</Filter>
    </ClInclude>
    <ClInclude Include="Dialog\DlgCreatePro.h">
      <Filter>Dialog</Filter>
    </ClInclude>
    <ClInclude Include="Dialog\DlgFontSelect.h">
      <Filter>Dialog</Filter>
    </ClInclude>
    <ClInclude Include="Dialog\DlgInput.h">
      <Filter>Dialog</Filter>
    </ClInclude>
    <ClInclude Include="Dialog\DlgNewLayout.h">
      <Filter>Dialog</Filter>
    </ClInclude>
    <ClInclude Include="ResManger.h">
      <Filter>Header Files</Filter>
    </ClInclude>
    <ClInclude Include="..\..\controls.extend\gif\SSkinGif.h">
      <Filter>ExtendCtrl\gif</Filter>
    </ClInclude>
    <ClInclude Include="..\..\controls.extend\gif\SAniImgFrame.h">
      <Filter>ExtendCtrl\gif</Filter>
    </ClInclude>
    <ClInclude Include="..\..\controls.extend\gif\SGifPlayer.h">
      <Filter>ExtendCtrl\gif</Filter>
    </ClInclude>
    <ClInclude Include="..\..\controls.extend\gif\SSkinAPNG.h">
      <Filter>ExtendCtrl\gif</Filter>
    </ClInclude>
    <ClInclude Include="..\..\controls.extend\SButtonEx.h">
      <Filter>ExtendCtrl</Filter>
    </ClInclude>
    <ClInclude Include="..\..\controls.extend\ExtendCtrls.h">
      <Filter>ExtendCtrl</Filter>
    </ClInclude>
    <ClInclude Include="..\..\controls.extend\ExtendSkins.h">
      <Filter>ExtendCtrl</Filter>
    </ClInclude>
    <ClInclude Include="..\..\controls.extend\SImageMaskWnd.h">
      <Filter>ExtendCtrl</Filter>
    </ClInclude>
    <ClInclude Include="..\..\controls.extend\SChromeTabCtrl.h">
      <Filter>ExtendCtrl</Filter>
    </ClInclude>
    <ClInclude Include="..\..\controls.extend\STabCtrl2.h">
      <Filter>ExtendCtrl</Filter>
    </ClInclude>
    <ClInclude Include="..\..\controls.extend\SVscrollbar.h">
      <Filter>ExtendCtrl</Filter>
    </ClInclude>
    <ClInclude Include="..\..\controls.extend\SSkinMutiFrameImg.h">
      <Filter>ExtendCtrl</Filter>
    </ClInclude>
    <ClInclude Include="..\..\controls.extend\SSkinNewScrollBar.h">
      <Filter>ExtendCtrl</Filter>
    </ClInclude>
    <ClInclude Include="..\..\controls.extend\SScrollText.h">
      <Filter>ExtendCtrl</Filter>
    </ClInclude>
    <ClInclude Include="..\..\controls.extend\SIPAddressCtrl.h">
      <Filter>ExtendCtrl</Filter>
    </ClInclude>
  </ItemGroup>
  <ItemGroup>
    <None Include="res\soui_res.rc2">
      <Filter>Resource Files</Filter>
    </None>
  </ItemGroup>
  <ItemGroup>
    <Xml Include="uires\uidef\init.xml">
      <Filter>SoUI Resouece</Filter>
    </Xml>
    <Xml Include="uires\values\color.xml">
      <Filter>SoUI Resouece</Filter>
    </Xml>
    <Xml Include="uires\values\skin.xml">
      <Filter>SoUI Resouece</Filter>
    </Xml>
    <Xml Include="uires\values\string.xml">
      <Filter>SoUI Resouece</Filter>
    </Xml>
    <Xml Include="uires\xml\dlg_main.xml">
      <Filter>SoUI Resouece</Filter>
    </Xml>
    <Xml Include="uires\Translator\lang_cn.xml">
      <Filter>SoUI Resouece</Filter>
    </Xml>
    <Xml Include="uires\Translator\lang_jp.xml">
      <Filter>SoUI Resouece</Filter>
    </Xml>
  </ItemGroup>
  <ItemGroup>
    <Image Include="uires\image\soui.ico">
      <Filter>SoUI Resouece</Filter>
    </Image>
  </ItemGroup>
  <ItemGroup>
    <CustomBuild Include="uires\uires.idx">
      <Filter>SoUI Resouece</Filter>
    </CustomBuild>
  </ItemGroup>
</Project>